// !$*UTF8*$!
{
	archiveVersion = 1;
	classes = {
	};
	objectVersion = 42;
	objects = {

/* Begin PBXBuildFile section */
		510D9F6D0EC4FE9900D3BEFB /* abstract_preferences.rb in Resources */ = {isa = PBXBuildFile; fileRef = 510D9F6C0EC4FE9900D3BEFB /* abstract_preferences.rb */; };
		51C39169103A18A9009DEFBF /* cocoa_gist.rb in Resources */ = {isa = PBXBuildFile; fileRef = 51C39168103A18A9009DEFBF /* cocoa_gist.rb */; };
		78208C1A0C9D97CD004472E9 /* cocoasheet.rb in Resources */ = {isa = PBXBuildFile; fileRef = 78208C190C9D97CD004472E9 /* cocoasheet.rb */; };
		7821DBE40C2C875700B3EF42 /* pastesheet.rb in Resources */ = {isa = PBXBuildFile; fileRef = 7821DBE30C2C875700B3EF42 /* pastesheet.rb */; };
		78229BC70C288188001DD4C3 /* tcpclient.rb in Resources */ = {isa = PBXBuildFile; fileRef = 78229B950C288188001DD4C3 /* tcpclient.rb */; };
		78229BC80C288188001DD4C3 /* tcpserver.rb in Resources */ = {isa = PBXBuildFile; fileRef = 78229B960C288188001DD4C3 /* tcpserver.rb */; };
		78229BCB0C288188001DD4C3 /* menucontroller.rb in Resources */ = {isa = PBXBuildFile; fileRef = 78229B9A0C288188001DD4C3 /* menucontroller.rb */; };
		78229BCC0C288188001DD4C3 /* preferences.rb in Resources */ = {isa = PBXBuildFile; fileRef = 78229B9B0C288188001DD4C3 /* preferences.rb */; };
		78229BCD0C288188001DD4C3 /* dccmanager.rb in Resources */ = {isa = PBXBuildFile; fileRef = 78229B9D0C288188001DD4C3 /* dccmanager.rb */; };
		78229BCE0C288188001DD4C3 /* dccreceiver.rb in Resources */ = {isa = PBXBuildFile; fileRef = 78229B9E0C288188001DD4C3 /* dccreceiver.rb */; };
		78229BCF0C288188001DD4C3 /* dccsender.rb in Resources */ = {isa = PBXBuildFile; fileRef = 78229B9F0C288188001DD4C3 /* dccsender.rb */; };
		78229BD00C288188001DD4C3 /* channeldialog.rb in Resources */ = {isa = PBXBuildFile; fileRef = 78229BA10C288188001DD4C3 /* channeldialog.rb */; };
		78229BD10C288188001DD4C3 /* commentsheet.rb in Resources */ = {isa = PBXBuildFile; fileRef = 78229BA20C288188001DD4C3 /* commentsheet.rb */; };
		78229BD20C288188001DD4C3 /* modesheet.rb in Resources */ = {isa = PBXBuildFile; fileRef = 78229BA30C288188001DD4C3 /* modesheet.rb */; };
		78229BD30C288188001DD4C3 /* nicksheet.rb in Resources */ = {isa = PBXBuildFile; fileRef = 78229BA40C288188001DD4C3 /* nicksheet.rb */; };
		78229BD40C288188001DD4C3 /* serverdialog.rb in Resources */ = {isa = PBXBuildFile; fileRef = 78229BA50C288188001DD4C3 /* serverdialog.rb */; };
		78229BD50C288188001DD4C3 /* whoisdialog.rb in Resources */ = {isa = PBXBuildFile; fileRef = 78229BA60C288188001DD4C3 /* whoisdialog.rb */; };
		78229BD60C288188001DD4C3 /* dialoghelper.rb in Resources */ = {isa = PBXBuildFile; fileRef = 78229BA80C288188001DD4C3 /* dialoghelper.rb */; };
		78229BD70C288188001DD4C3 /* numberformat.rb in Resources */ = {isa = PBXBuildFile; fileRef = 78229BA90C288188001DD4C3 /* numberformat.rb */; };
		78229BD80C288188001DD4C3 /* persistencehelper.rb in Resources */ = {isa = PBXBuildFile; fileRef = 78229BAA0C288188001DD4C3 /* persistencehelper.rb */; };
		78229BDA0C288188001DD4C3 /* urlopener.rb in Resources */ = {isa = PBXBuildFile; fileRef = 78229BAC0C288188001DD4C3 /* urlopener.rb */; };
		78229BDB0C288188001DD4C3 /* userdefaultsaccess.rb in Resources */ = {isa = PBXBuildFile; fileRef = 78229BAD0C288188001DD4C3 /* userdefaultsaccess.rb */; };
		78229BDC0C288188001DD4C3 /* utility.rb in Resources */ = {isa = PBXBuildFile; fileRef = 78229BAE0C288188001DD4C3 /* utility.rb */; };
		78287EB70D742DBD008D5656 /* Themes in CopyFiles */ = {isa = PBXBuildFile; fileRef = 78287EA90D742DAA008D5656 /* Themes */; };
		782B99C9116C91AB00304B3C /* ViewTheme.m in Sources */ = {isa = PBXBuildFile; fileRef = 782B99C8116C91AB00304B3C /* ViewTheme.m */; };
		782B9C3B116CAD1300304B3C /* LogTheme.m in Sources */ = {isa = PBXBuildFile; fileRef = 782B9C3A116CAD1300304B3C /* LogTheme.m */; };
		782B9CCF116CB1DD00304B3C /* OtherTheme.m in Sources */ = {isa = PBXBuildFile; fileRef = 782B9CCE116CB1DD00304B3C /* OtherTheme.m */; };
		78347ED31158D4B00073E2F0 /* AutoOpDialog.xib in Resources */ = {isa = PBXBuildFile; fileRef = 78347EB91158D4B00073E2F0 /* AutoOpDialog.xib */; };
		78347ED41158D4B00073E2F0 /* ChannelDialog.xib in Resources */ = {isa = PBXBuildFile; fileRef = 78347EBB1158D4B00073E2F0 /* ChannelDialog.xib */; };
		78347ED51158D4B00073E2F0 /* CommentSheet.xib in Resources */ = {isa = PBXBuildFile; fileRef = 78347EBD1158D4B00073E2F0 /* CommentSheet.xib */; };
		78347ED61158D4B00073E2F0 /* DccDialog.xib in Resources */ = {isa = PBXBuildFile; fileRef = 78347EBF1158D4B00073E2F0 /* DccDialog.xib */; };
		78347ED71158D4B00073E2F0 /* ListDialog.xib in Resources */ = {isa = PBXBuildFile; fileRef = 78347EC11158D4B00073E2F0 /* ListDialog.xib */; };
		78347ED81158D4B00073E2F0 /* MainMenu.xib in Resources */ = {isa = PBXBuildFile; fileRef = 78347EC31158D4B00073E2F0 /* MainMenu.xib */; };
		78347ED91158D4B00073E2F0 /* ModeSheet.xib in Resources */ = {isa = PBXBuildFile; fileRef = 78347EC51158D4B00073E2F0 /* ModeSheet.xib */; };
		78347EDA1158D4B00073E2F0 /* NickSheet.xib in Resources */ = {isa = PBXBuildFile; fileRef = 78347EC71158D4B00073E2F0 /* NickSheet.xib */; };
		78347EDB1158D4B00073E2F0 /* PasteSheet.xib in Resources */ = {isa = PBXBuildFile; fileRef = 78347EC91158D4B00073E2F0 /* PasteSheet.xib */; };
		78347EDC1158D4B00073E2F0 /* Preferences.xib in Resources */ = {isa = PBXBuildFile; fileRef = 78347ECB1158D4B00073E2F0 /* Preferences.xib */; };
		78347EDD1158D4B00073E2F0 /* ServerDialog.xib in Resources */ = {isa = PBXBuildFile; fileRef = 78347ECD1158D4B00073E2F0 /* ServerDialog.xib */; };
		78347EDE1158D4B00073E2F0 /* WelcomeDialog.xib in Resources */ = {isa = PBXBuildFile; fileRef = 78347ECF1158D4B00073E2F0 /* WelcomeDialog.xib */; };
		78347EDF1158D4B00073E2F0 /* WhoisDialog.xib in Resources */ = {isa = PBXBuildFile; fileRef = 78347ED11158D4B00073E2F0 /* WhoisDialog.xib */; };
		7834E1930C69B5AD003C5D65 /* wildcard.rb in Resources */ = {isa = PBXBuildFile; fileRef = 7834E1920C69B5AD003C5D65 /* wildcard.rb */; };
		78364B2D116597D00096F3A9 /* AsyncSocket.m in Sources */ = {isa = PBXBuildFile; fileRef = 78364B18116597D00096F3A9 /* AsyncSocket.m */; };
		78364B2E116597D00096F3A9 /* HostResolver.m in Sources */ = {isa = PBXBuildFile; fileRef = 78364B1A116597D00096F3A9 /* HostResolver.m */; };
		78364B2F116597D00096F3A9 /* HotKeyManager.m in Sources */ = {isa = PBXBuildFile; fileRef = 78364B1C116597D00096F3A9 /* HotKeyManager.m */; };
		78364B31116597D00096F3A9 /* LimeChatApplication.m in Sources */ = {isa = PBXBuildFile; fileRef = 78364B22116597D00096F3A9 /* LimeChatApplication.m */; };
		78364B32116597D00096F3A9 /* main.m in Sources */ = {isa = PBXBuildFile; fileRef = 78364B23116597D00096F3A9 /* main.m */; };
		78364B33116597D00096F3A9 /* rb_main.rb in Resources */ = {isa = PBXBuildFile; fileRef = 78364B24116597D00096F3A9 /* rb_main.rb */; };
		78364B34116597D00096F3A9 /* KeyCodeTranslator.m in Sources */ = {isa = PBXBuildFile; fileRef = 78364B28116597D00096F3A9 /* KeyCodeTranslator.m */; };
		78364B35116597D00096F3A9 /* KeyRecorder.m in Sources */ = {isa = PBXBuildFile; fileRef = 78364B2A116597D00096F3A9 /* KeyRecorder.m */; };
		78364B36116597D00096F3A9 /* KeyRecorderCell.m in Sources */ = {isa = PBXBuildFile; fileRef = 78364B2C116597D00096F3A9 /* KeyRecorderCell.m */; };
		78364C0A11659CD60096F3A9 /* ThinSplitView.m in Sources */ = {isa = PBXBuildFile; fileRef = 78364C0911659CD60096F3A9 /* ThinSplitView.m */; };
		78364DD01165B8790096F3A9 /* MarkedScroller.m in Sources */ = {isa = PBXBuildFile; fileRef = 78364DCF1165B8790096F3A9 /* MarkedScroller.m */; };
		78364E3E1165BE460096F3A9 /* InputTextField.m in Sources */ = {isa = PBXBuildFile; fileRef = 78364E3D1165BE460096F3A9 /* InputTextField.m */; };
		78364E431165BE640096F3A9 /* TextField.m in Sources */ = {isa = PBXBuildFile; fileRef = 78364E421165BE640096F3A9 /* TextField.m */; };
		78364E5A1165BFA10096F3A9 /* TreeView.m in Sources */ = {isa = PBXBuildFile; fileRef = 78364E591165BFA10096F3A9 /* TreeView.m */; };
		783D0B2B0CF45C38002CC2FB /* listdialog.rb in Resources */ = {isa = PBXBuildFile; fileRef = 783D0B2A0CF45C38002CC2FB /* listdialog.rb */; };
		783E6C85116995A500DF6820 /* LogController.m in Sources */ = {isa = PBXBuildFile; fileRef = 783E6C7A116995A500DF6820 /* LogController.m */; };
		783E6C86116995A500DF6820 /* LogLine.m in Sources */ = {isa = PBXBuildFile; fileRef = 783E6C7C116995A500DF6820 /* LogLine.m */; };
		783E6C87116995A500DF6820 /* LogPolicy.m in Sources */ = {isa = PBXBuildFile; fileRef = 783E6C7E116995A500DF6820 /* LogPolicy.m */; };
		783E6C88116995A500DF6820 /* LogRenderer.m in Sources */ = {isa = PBXBuildFile; fileRef = 783E6C80116995A500DF6820 /* LogRenderer.m */; };
		783E6C89116995A500DF6820 /* LogScriptEventSink.m in Sources */ = {isa = PBXBuildFile; fileRef = 783E6C82116995A500DF6820 /* LogScriptEventSink.m */; };
		783E6C8A116995A500DF6820 /* LogView.m in Sources */ = {isa = PBXBuildFile; fileRef = 783E6C84116995A500DF6820 /* LogView.m */; };
		783E6C90116995C100DF6820 /* MemberListView.m in Sources */ = {isa = PBXBuildFile; fileRef = 783E6C8D116995C100DF6820 /* MemberListView.m */; };
		783E6C91116995C100DF6820 /* MemberListViewCell.m in Sources */ = {isa = PBXBuildFile; fileRef = 783E6C8F116995C100DF6820 /* MemberListViewCell.m */; };
		783E6C9D1169976A00DF6820 /* IRCISupportInfo.m in Sources */ = {isa = PBXBuildFile; fileRef = 783E6C9C1169976A00DF6820 /* IRCISupportInfo.m */; };
		783E6CD211699BEE00DF6820 /* IRCUser.m in Sources */ = {isa = PBXBuildFile; fileRef = 783E6CD111699BEE00DF6820 /* IRCUser.m */; };
		78496EFD0C2890200084A836 /* preferencedialog.rb in Resources */ = {isa = PBXBuildFile; fileRef = 78496EFC0C2890200084A836 /* preferencedialog.rb */; };
		784BBE941085BC950080898B /* bluestar.tiff in Resources */ = {isa = PBXBuildFile; fileRef = 784BBE901085BC950080898B /* bluestar.tiff */; };
		784BBE951085BC950080898B /* keyrecorder_erase.png in Resources */ = {isa = PBXBuildFile; fileRef = 784BBE911085BC950080898B /* keyrecorder_erase.png */; };
		784BBE961085BC950080898B /* keyrecorder_erase_pushed.png in Resources */ = {isa = PBXBuildFile; fileRef = 784BBE921085BC950080898B /* keyrecorder_erase_pushed.png */; };
		784BBE971085BC950080898B /* redstar.tiff in Resources */ = {isa = PBXBuildFile; fileRef = 784BBE931085BC950080898B /* redstar.tiff */; };
		7851AEF71168A91A00AC449F /* libicucore.dylib in Frameworks */ = {isa = PBXBuildFile; fileRef = 7851AEF61168A91A00AC449F /* libicucore.dylib */; };
		787BE9DD116B45E9003AE47D /* MenuController.m in Sources */ = {isa = PBXBuildFile; fileRef = 787BE9DC116B45E9003AE47D /* MenuController.m */; };
		78835406109FEA7F00CD2FFF /* SystemConfiguration.framework in Frameworks */ = {isa = PBXBuildFile; fileRef = 78835405109FEA7F00CD2FFF /* SystemConfiguration.framework */; };
		7884E54E0CDA91F500AF3678 /* SACrashReporter in Resources */ = {isa = PBXBuildFile; fileRef = 7884E5450CDA91F500AF3678 /* SACrashReporter */; };
		7889CABF0D647494003D808E /* welcomedialog.rb in Resources */ = {isa = PBXBuildFile; fileRef = 7889CABE0D647494003D808E /* welcomedialog.rb */; };
		788AC86B1165C59500523E80 /* ServerTreeView.m in Sources */ = {isa = PBXBuildFile; fileRef = 788AC86A1165C59500523E80 /* ServerTreeView.m */; };
		788AC8B61165CB5000523E80 /* SingleLineFormatter.m in Sources */ = {isa = PBXBuildFile; fileRef = 788AC8B51165CB5000523E80 /* SingleLineFormatter.m */; };
		788AC8CB1165CDA300523E80 /* TextFieldWithDisabledState.m in Sources */ = {isa = PBXBuildFile; fileRef = 788AC8CA1165CDA300523E80 /* TextFieldWithDisabledState.m */; };
		788AC8F91165CEB400523E80 /* TableProgressIndicator.m in Sources */ = {isa = PBXBuildFile; fileRef = 788AC8F81165CEB400523E80 /* TableProgressIndicator.m */; };
		788AC9021165CF3E00523E80 /* ChatBox.m in Sources */ = {isa = PBXBuildFile; fileRef = 788AC9011165CF3E00523E80 /* ChatBox.m */; };
		788AC9311165D27400523E80 /* DialogWindow.m in Sources */ = {isa = PBXBuildFile; fileRef = 788AC9301165D27400523E80 /* DialogWindow.m */; };
		788AC96E1165D49A00523E80 /* ListView.m in Sources */ = {isa = PBXBuildFile; fileRef = 788AC96D1165D49A00523E80 /* ListView.m */; };
		788C5E660C5F4F5A0034C46E /* growlcontroller.rb in Resources */ = {isa = PBXBuildFile; fileRef = 788C5E650C5F4F5A0034C46E /* growlcontroller.rb */; };
		7890B4E90C659E4700DF983F /* autoopdialog.rb in Resources */ = {isa = PBXBuildFile; fileRef = 7890B4E80C659E4700DF983F /* autoopdialog.rb */; };
		7896BFE50D0C5E850069453A /* viewtheme.rb in Resources */ = {isa = PBXBuildFile; fileRef = 7896BFE40D0C5E850069453A /* viewtheme.rb */; };
		789AF78A10859FEE006848B3 /* RubyCocoa.framework in Frameworks */ = {isa = PBXBuildFile; fileRef = 789AF78910859FEE006848B3 /* RubyCocoa.framework */; };
		789AF7A51085A043006848B3 /* RubyCocoa.framework in CopyFiles */ = {isa = PBXBuildFile; fileRef = 789AF78910859FEE006848B3 /* RubyCocoa.framework */; };
		78AD78E40C61B8F8001E77F4 /* Localizable.strings in Resources */ = {isa = PBXBuildFile; fileRef = 78AD78E20C61B8F8001E77F4 /* Localizable.strings */; };
		78AFBCF50C33E314008A8FCD /* kanasupport.rb in Resources */ = {isa = PBXBuildFile; fileRef = 78AFBCF40C33E314008A8FCD /* kanasupport.rb */; };
		78AFC92811687C5400C64197 /* NSDataHelper.m in Sources */ = {isa = PBXBuildFile; fileRef = 78AFC92711687C5400C64197 /* NSDataHelper.m */; };
		78AFC9CA1168895200C64197 /* GTMNSString+HTML.m in Sources */ = {isa = PBXBuildFile; fileRef = 78AFC9C71168895200C64197 /* GTMNSString+HTML.m */; };
		78AFC9CB1168895200C64197 /* GTMNSString+URLArguments.m in Sources */ = {isa = PBXBuildFile; fileRef = 78AFC9C91168895200C64197 /* GTMNSString+URLArguments.m */; };
		78B2DF210D0417160092EBDA /* application.icns in Resources */ = {isa = PBXBuildFile; fileRef = 78B2DF1F0D0417160092EBDA /* application.icns */; };
		78B960FA11660A8800831780 /* TCPClient.m in Sources */ = {isa = PBXBuildFile; fileRef = 78B960F911660A8800831780 /* TCPClient.m */; };
		78B961FA1166182600831780 /* Timer.m in Sources */ = {isa = PBXBuildFile; fileRef = 78B961F91166182600831780 /* Timer.m */; };
		78B964EA1166489000831780 /* NSDictionaryHelper.m in Sources */ = {isa = PBXBuildFile; fileRef = 78B964E51166489000831780 /* NSDictionaryHelper.m */; };
		78B964EB1166489000831780 /* NSStringHelper.m in Sources */ = {isa = PBXBuildFile; fileRef = 78B964E71166489000831780 /* NSStringHelper.m */; };
		78B964EC1166489000831780 /* UnicodeHelper.m in Sources */ = {isa = PBXBuildFile; fileRef = 78B964E91166489000831780 /* UnicodeHelper.m */; };
		78B9651B11664B2600831780 /* InputHistory.m in Sources */ = {isa = PBXBuildFile; fileRef = 78B9651A11664B2600831780 /* InputHistory.m */; };
		78BC096F1168BF6A00A984AA /* Regex.m in Sources */ = {isa = PBXBuildFile; fileRef = 78BC096E1168BF6A00A984AA /* Regex.m */; };
		78BC0C5C1168E5D900A984AA /* IRCConnection.m in Sources */ = {isa = PBXBuildFile; fileRef = 78BC0C551168E5D900A984AA /* IRCConnection.m */; };
		78BC0C5D1168E5D900A984AA /* IRCMessage.m in Sources */ = {isa = PBXBuildFile; fileRef = 78BC0C571168E5D900A984AA /* IRCMessage.m */; };
		78BC0C5E1168E5D900A984AA /* IRCPrefix.m in Sources */ = {isa = PBXBuildFile; fileRef = 78BC0C591168E5D900A984AA /* IRCPrefix.m */; };
		78BC0C5F1168E5D900A984AA /* IRCSendingMessage.m in Sources */ = {isa = PBXBuildFile; fileRef = 78BC0C5B1168E5D900A984AA /* IRCSendingMessage.m */; };
		78BC0CD81168E7B000A984AA /* IconController.m in Sources */ = {isa = PBXBuildFile; fileRef = 78BC0CD71168E7B000A984AA /* IconController.m */; };
		78BC0D1D1168EBA600A984AA /* TinyGrowlClient.m in Sources */ = {isa = PBXBuildFile; fileRef = 78BC0D1C1168EBA600A984AA /* TinyGrowlClient.m */; };
		78BC0D5B1168F06E00A984AA /* FileLogger.m in Sources */ = {isa = PBXBuildFile; fileRef = 78BC0D5A1168F06E00A984AA /* FileLogger.m */; };
		78BF64AC0C2885E2004451B2 /* channelmode.rb in Resources */ = {isa = PBXBuildFile; fileRef = 78BF64A40C2885E2004451B2 /* channelmode.rb */; };
		78BF64AD0C2885E2004451B2 /* config.rb in Resources */ = {isa = PBXBuildFile; fileRef = 78BF64A50C2885E2004451B2 /* config.rb */; };
		78BF64AE0C2885E2004451B2 /* ircmessage.rb in Resources */ = {isa = PBXBuildFile; fileRef = 78BF64A60C2885E2004451B2 /* ircmessage.rb */; };
		78BF64B10C2885E2004451B2 /* usermode.rb in Resources */ = {isa = PBXBuildFile; fileRef = 78BF64A90C2885E2004451B2 /* usermode.rb */; };
		78C1E7771168559400AC305B /* NSArrayHelper.m in Sources */ = {isa = PBXBuildFile; fileRef = 78C1E7761168559400AC305B /* NSArrayHelper.m */; };
		78C1E8711168635500AC305B /* SoundPlayer.m in Sources */ = {isa = PBXBuildFile; fileRef = 78C1E8701168635500AC305B /* SoundPlayer.m */; };
		78C1E8801168652000AC305B /* KeyEventHandler.m in Sources */ = {isa = PBXBuildFile; fileRef = 78C1E87F1168652000AC305B /* KeyEventHandler.m */; };
		78C1E96E116876AC00AC305B /* MainWindow.m in Sources */ = {isa = PBXBuildFile; fileRef = 78C1E96D116876AC00AC305B /* MainWindow.m */; };
		78C1E98F1168787000AC305B /* FieldEditorTextView.m in Sources */ = {isa = PBXBuildFile; fileRef = 78C1E98E1168787000AC305B /* FieldEditorTextView.m */; };
		78C2D609115A428C00705817 /* dsa_pub.pem in Resources */ = {isa = PBXBuildFile; fileRef = 78C2D608115A428C00705817 /* dsa_pub.pem */; };
		78CFA5631169C84100B7AC6B /* IRCChannel.m in Sources */ = {isa = PBXBuildFile; fileRef = 78CFA5621169C84100B7AC6B /* IRCChannel.m */; };
		78CFA57F116A078D00B7AC6B /* IRCWorld.m in Sources */ = {isa = PBXBuildFile; fileRef = 78CFA57E116A078D00B7AC6B /* IRCWorld.m */; };
		78CFA582116A079500B7AC6B /* IRCClient.m in Sources */ = {isa = PBXBuildFile; fileRef = 78CFA581116A079500B7AC6B /* IRCClient.m */; };
		78CFA71D116A1BDD00B7AC6B /* IRCChannelConfig.m in Sources */ = {isa = PBXBuildFile; fileRef = 78CFA718116A1BDD00B7AC6B /* IRCChannelConfig.m */; };
		78CFA71E116A1BDD00B7AC6B /* IRCClientConfig.m in Sources */ = {isa = PBXBuildFile; fileRef = 78CFA71A116A1BDD00B7AC6B /* IRCClientConfig.m */; };
		78CFA71F116A1BDD00B7AC6B /* IRCWorldConfig.m in Sources */ = {isa = PBXBuildFile; fileRef = 78CFA71C116A1BDD00B7AC6B /* IRCWorldConfig.m */; };
		78E345C6116C6A9A00990CCB /* Preferences.m in Sources */ = {isa = PBXBuildFile; fileRef = 78E345C1116C6A9A00990CCB /* Preferences.m */; };
		78E345D2116C6ACD00990CCB /* PreferencesController.m in Sources */ = {isa = PBXBuildFile; fileRef = 78E345CF116C6ACD00990CCB /* PreferencesController.m */; };
		78E345D3116C6ACD00990CCB /* SoundWrapper.m in Sources */ = {isa = PBXBuildFile; fileRef = 78E345D1116C6ACD00990CCB /* SoundWrapper.m */; };
		78E572390C1C30BA00BDF7EC /* Cocoa.framework in Frameworks */ = {isa = PBXBuildFile; fileRef = 1058C7A1FEA54F0111CA2CBB /* Cocoa.framework */; };
		78E5723B0C1C30BA00BDF7EC /* WebKit.framework in Frameworks */ = {isa = PBXBuildFile; fileRef = 788D56F00BB6872B00DDBF69 /* WebKit.framework */; };
		78E5723C0C1C30BA00BDF7EC /* Carbon.framework in Frameworks */ = {isa = PBXBuildFile; fileRef = 787FD46C0BFE960100F2F22D /* Carbon.framework */; };
		78E5723D0C1C30BA00BDF7EC /* CoreServices.framework in Frameworks */ = {isa = PBXBuildFile; fileRef = 780253C20C09525900C170D4 /* CoreServices.framework */; };
		78EF6EDF116ADA5400731FDF /* AppController.m in Sources */ = {isa = PBXBuildFile; fileRef = 78EF6EDE116ADA5400731FDF /* AppController.m */; };
		78FA9F651085AA1400001F13 /* Sparkle.framework in Frameworks */ = {isa = PBXBuildFile; fileRef = 78FA9F641085AA1400001F13 /* Sparkle.framework */; };
		78FA9F6E1085AA1A00001F13 /* Sparkle.framework in CopyFiles */ = {isa = PBXBuildFile; fileRef = 78FA9F641085AA1400001F13 /* Sparkle.framework */; };
/* End PBXBuildFile section */

/* Begin PBXCopyFilesBuildPhase section */
		7835DF2C0D0414020064916A /* CopyFiles */ = {
			isa = PBXCopyFilesBuildPhase;
			buildActionMask = 2147483647;
			dstPath = ..;
			dstSubfolderSpec = 7;
			files = (
				78287EB70D742DBD008D5656 /* Themes in CopyFiles */,
			);
			runOnlyForDeploymentPostprocessing = 0;
		};
		789AF7B41085A047006848B3 /* CopyFiles */ = {
			isa = PBXCopyFilesBuildPhase;
			buildActionMask = 2147483647;
			dstPath = "";
			dstSubfolderSpec = 10;
			files = (
				789AF7A51085A043006848B3 /* RubyCocoa.framework in CopyFiles */,
				78FA9F6E1085AA1A00001F13 /* Sparkle.framework in CopyFiles */,
			);
			runOnlyForDeploymentPostprocessing = 0;
		};
/* End PBXCopyFilesBuildPhase section */

/* Begin PBXFileReference section */
		1058C7A1FEA54F0111CA2CBB /* Cocoa.framework */ = {isa = PBXFileReference; lastKnownFileType = wrapper.framework; name = Cocoa.framework; path = /System/Library/Frameworks/Cocoa.framework; sourceTree = "<absolute>"; };
		29B97324FDCFA39411CA2CEA /* AppKit.framework */ = {isa = PBXFileReference; lastKnownFileType = wrapper.framework; name = AppKit.framework; path = /System/Library/Frameworks/AppKit.framework; sourceTree = "<absolute>"; };
		29B97325FDCFA39411CA2CEA /* Foundation.framework */ = {isa = PBXFileReference; lastKnownFileType = wrapper.framework; name = Foundation.framework; path = /System/Library/Frameworks/Foundation.framework; sourceTree = "<absolute>"; };
		510D9F6C0EC4FE9900D3BEFB /* abstract_preferences.rb */ = {isa = PBXFileReference; fileEncoding = 4; lastKnownFileType = text.script.ruby; name = abstract_preferences.rb; path = "../vendor/rubycocoa-prefs/lib/abstract_preferences.rb"; sourceTree = "<group>"; };
		51C39168103A18A9009DEFBF /* cocoa_gist.rb */ = {isa = PBXFileReference; fileEncoding = 4; lastKnownFileType = text.script.ruby; name = cocoa_gist.rb; path = vendor/cocoa_gist/lib/cocoa_gist.rb; sourceTree = SOURCE_ROOT; };
		780253C20C09525900C170D4 /* CoreServices.framework */ = {isa = PBXFileReference; lastKnownFileType = wrapper.framework; name = CoreServices.framework; path = /System/Library/Frameworks/CoreServices.framework; sourceTree = "<absolute>"; };
		78208C190C9D97CD004472E9 /* cocoasheet.rb */ = {isa = PBXFileReference; fileEncoding = 0; lastKnownFileType = text.script.ruby; path = cocoasheet.rb; sourceTree = "<group>"; };
		7821DBE30C2C875700B3EF42 /* pastesheet.rb */ = {isa = PBXFileReference; fileEncoding = 0; lastKnownFileType = text.script.ruby; path = pastesheet.rb; sourceTree = "<group>"; };
		78229B950C288188001DD4C3 /* tcpclient.rb */ = {isa = PBXFileReference; fileEncoding = 0; lastKnownFileType = text.script.ruby; path = tcpclient.rb; sourceTree = "<group>"; };
		78229B960C288188001DD4C3 /* tcpserver.rb */ = {isa = PBXFileReference; fileEncoding = 0; lastKnownFileType = text.script.ruby; path = tcpserver.rb; sourceTree = "<group>"; };
		78229B9A0C288188001DD4C3 /* menucontroller.rb */ = {isa = PBXFileReference; fileEncoding = 0; lastKnownFileType = text.script.ruby; path = menucontroller.rb; sourceTree = "<group>"; };
		78229B9B0C288188001DD4C3 /* preferences.rb */ = {isa = PBXFileReference; fileEncoding = 0; lastKnownFileType = text.script.ruby; name = preferences.rb; path = ../model/preferences.rb; sourceTree = "<group>"; };
		78229B9D0C288188001DD4C3 /* dccmanager.rb */ = {isa = PBXFileReference; fileEncoding = 0; lastKnownFileType = text.script.ruby; path = dccmanager.rb; sourceTree = "<group>"; };
		78229B9E0C288188001DD4C3 /* dccreceiver.rb */ = {isa = PBXFileReference; fileEncoding = 0; lastKnownFileType = text.script.ruby; path = dccreceiver.rb; sourceTree = "<group>"; };
		78229B9F0C288188001DD4C3 /* dccsender.rb */ = {isa = PBXFileReference; fileEncoding = 0; lastKnownFileType = text.script.ruby; path = dccsender.rb; sourceTree = "<group>"; };
		78229BA10C288188001DD4C3 /* channeldialog.rb */ = {isa = PBXFileReference; fileEncoding = 0; lastKnownFileType = text.script.ruby; path = channeldialog.rb; sourceTree = "<group>"; };
		78229BA20C288188001DD4C3 /* commentsheet.rb */ = {isa = PBXFileReference; fileEncoding = 0; lastKnownFileType = text.script.ruby; path = commentsheet.rb; sourceTree = "<group>"; };
		78229BA30C288188001DD4C3 /* modesheet.rb */ = {isa = PBXFileReference; fileEncoding = 0; lastKnownFileType = text.script.ruby; path = modesheet.rb; sourceTree = "<group>"; };
		78229BA40C288188001DD4C3 /* nicksheet.rb */ = {isa = PBXFileReference; fileEncoding = 0; lastKnownFileType = text.script.ruby; path = nicksheet.rb; sourceTree = "<group>"; };
		78229BA50C288188001DD4C3 /* serverdialog.rb */ = {isa = PBXFileReference; fileEncoding = 0; lastKnownFileType = text.script.ruby; path = serverdialog.rb; sourceTree = "<group>"; };
		78229BA60C288188001DD4C3 /* whoisdialog.rb */ = {isa = PBXFileReference; fileEncoding = 0; lastKnownFileType = text.script.ruby; path = whoisdialog.rb; sourceTree = "<group>"; };
		78229BA80C288188001DD4C3 /* dialoghelper.rb */ = {isa = PBXFileReference; fileEncoding = 0; lastKnownFileType = text.script.ruby; path = dialoghelper.rb; sourceTree = "<group>"; };
		78229BA90C288188001DD4C3 /* numberformat.rb */ = {isa = PBXFileReference; fileEncoding = 0; lastKnownFileType = text.script.ruby; path = numberformat.rb; sourceTree = "<group>"; };
		78229BAA0C288188001DD4C3 /* persistencehelper.rb */ = {isa = PBXFileReference; fileEncoding = 0; lastKnownFileType = text.script.ruby; path = persistencehelper.rb; sourceTree = "<group>"; };
		78229BAC0C288188001DD4C3 /* urlopener.rb */ = {isa = PBXFileReference; fileEncoding = 0; lastKnownFileType = text.script.ruby; path = urlopener.rb; sourceTree = "<group>"; };
		78229BAD0C288188001DD4C3 /* userdefaultsaccess.rb */ = {isa = PBXFileReference; fileEncoding = 0; lastKnownFileType = text.script.ruby; path = userdefaultsaccess.rb; sourceTree = "<group>"; };
		78229BAE0C288188001DD4C3 /* utility.rb */ = {isa = PBXFileReference; fileEncoding = 0; lastKnownFileType = text.script.ruby; path = utility.rb; sourceTree = "<group>"; };
		78287EA90D742DAA008D5656 /* Themes */ = {isa = PBXFileReference; lastKnownFileType = folder; name = Themes; path = resource/Themes; sourceTree = "<group>"; };
		782B99C7116C91AB00304B3C /* ViewTheme.h */ = {isa = PBXFileReference; fileEncoding = 4; lastKnownFileType = sourcecode.c.h; path = ViewTheme.h; sourceTree = "<group>"; };
		782B99C8116C91AB00304B3C /* ViewTheme.m */ = {isa = PBXFileReference; fileEncoding = 4; lastKnownFileType = sourcecode.c.objc; path = ViewTheme.m; sourceTree = "<group>"; };
		782B9C39116CAD1300304B3C /* LogTheme.h */ = {isa = PBXFileReference; fileEncoding = 4; lastKnownFileType = sourcecode.c.h; path = LogTheme.h; sourceTree = "<group>"; };
		782B9C3A116CAD1300304B3C /* LogTheme.m */ = {isa = PBXFileReference; fileEncoding = 4; lastKnownFileType = sourcecode.c.objc; path = LogTheme.m; sourceTree = "<group>"; };
		782B9CCD116CB1DD00304B3C /* OtherTheme.h */ = {isa = PBXFileReference; fileEncoding = 4; lastKnownFileType = sourcecode.c.h; path = OtherTheme.h; sourceTree = "<group>"; };
		782B9CCE116CB1DD00304B3C /* OtherTheme.m */ = {isa = PBXFileReference; fileEncoding = 4; lastKnownFileType = sourcecode.c.objc; path = OtherTheme.m; sourceTree = "<group>"; };
		78347EBA1158D4B00073E2F0 /* English */ = {isa = PBXFileReference; lastKnownFileType = file.xib; name = English; path = English.lproj/AutoOpDialog.xib; sourceTree = "<group>"; };
		78347EBC1158D4B00073E2F0 /* English */ = {isa = PBXFileReference; lastKnownFileType = file.xib; name = English; path = English.lproj/ChannelDialog.xib; sourceTree = "<group>"; };
		78347EBE1158D4B00073E2F0 /* English */ = {isa = PBXFileReference; lastKnownFileType = file.xib; name = English; path = English.lproj/CommentSheet.xib; sourceTree = "<group>"; };
		78347EC01158D4B00073E2F0 /* English */ = {isa = PBXFileReference; lastKnownFileType = file.xib; name = English; path = English.lproj/DccDialog.xib; sourceTree = "<group>"; };
		78347EC21158D4B00073E2F0 /* English */ = {isa = PBXFileReference; lastKnownFileType = file.xib; name = English; path = English.lproj/ListDialog.xib; sourceTree = "<group>"; };
		78347EC41158D4B00073E2F0 /* English */ = {isa = PBXFileReference; lastKnownFileType = file.xib; name = English; path = English.lproj/MainMenu.xib; sourceTree = "<group>"; };
		78347EC61158D4B00073E2F0 /* English */ = {isa = PBXFileReference; lastKnownFileType = file.xib; name = English; path = English.lproj/ModeSheet.xib; sourceTree = "<group>"; };
		78347EC81158D4B00073E2F0 /* English */ = {isa = PBXFileReference; lastKnownFileType = file.xib; name = English; path = English.lproj/NickSheet.xib; sourceTree = "<group>"; };
		78347ECA1158D4B00073E2F0 /* English */ = {isa = PBXFileReference; lastKnownFileType = file.xib; name = English; path = English.lproj/PasteSheet.xib; sourceTree = "<group>"; };
		78347ECC1158D4B00073E2F0 /* English */ = {isa = PBXFileReference; lastKnownFileType = file.xib; name = English; path = English.lproj/Preferences.xib; sourceTree = "<group>"; };
		78347ECE1158D4B00073E2F0 /* English */ = {isa = PBXFileReference; lastKnownFileType = file.xib; name = English; path = English.lproj/ServerDialog.xib; sourceTree = "<group>"; };
		78347ED01158D4B00073E2F0 /* English */ = {isa = PBXFileReference; lastKnownFileType = file.xib; name = English; path = English.lproj/WelcomeDialog.xib; sourceTree = "<group>"; };
		78347ED21158D4B00073E2F0 /* English */ = {isa = PBXFileReference; lastKnownFileType = file.xib; name = English; path = English.lproj/WhoisDialog.xib; sourceTree = "<group>"; };
		7834E1920C69B5AD003C5D65 /* wildcard.rb */ = {isa = PBXFileReference; fileEncoding = 0; lastKnownFileType = text.script.ruby; path = wildcard.rb; sourceTree = "<group>"; };
		78364B17116597D00096F3A9 /* AsyncSocket.h */ = {isa = PBXFileReference; fileEncoding = 4; lastKnownFileType = sourcecode.c.h; path = AsyncSocket.h; sourceTree = "<group>"; };
		78364B18116597D00096F3A9 /* AsyncSocket.m */ = {isa = PBXFileReference; fileEncoding = 4; lastKnownFileType = sourcecode.c.objc; path = AsyncSocket.m; sourceTree = "<group>"; };
		78364B19116597D00096F3A9 /* HostResolver.h */ = {isa = PBXFileReference; fileEncoding = 4; lastKnownFileType = sourcecode.c.h; path = HostResolver.h; sourceTree = "<group>"; };
		78364B1A116597D00096F3A9 /* HostResolver.m */ = {isa = PBXFileReference; fileEncoding = 4; lastKnownFileType = sourcecode.c.objc; path = HostResolver.m; sourceTree = "<group>"; };
		78364B1B116597D00096F3A9 /* HotKeyManager.h */ = {isa = PBXFileReference; fileEncoding = 4; lastKnownFileType = sourcecode.c.h; path = HotKeyManager.h; sourceTree = "<group>"; };
		78364B1C116597D00096F3A9 /* HotKeyManager.m */ = {isa = PBXFileReference; fileEncoding = 4; lastKnownFileType = sourcecode.c.objc; path = HotKeyManager.m; sourceTree = "<group>"; };
		78364B21116597D00096F3A9 /* LimeChatApplication.h */ = {isa = PBXFileReference; fileEncoding = 4; lastKnownFileType = sourcecode.c.h; path = LimeChatApplication.h; sourceTree = "<group>"; };
		78364B22116597D00096F3A9 /* LimeChatApplication.m */ = {isa = PBXFileReference; fileEncoding = 4; lastKnownFileType = sourcecode.c.objc; path = LimeChatApplication.m; sourceTree = "<group>"; };
		78364B23116597D00096F3A9 /* main.m */ = {isa = PBXFileReference; fileEncoding = 4; lastKnownFileType = sourcecode.c.objc; path = main.m; sourceTree = "<group>"; };
		78364B24116597D00096F3A9 /* rb_main.rb */ = {isa = PBXFileReference; fileEncoding = 4; lastKnownFileType = text.script.ruby; path = rb_main.rb; sourceTree = "<group>"; };
		78364B27116597D00096F3A9 /* KeyCodeTranslator.h */ = {isa = PBXFileReference; fileEncoding = 4; lastKnownFileType = sourcecode.c.h; path = KeyCodeTranslator.h; sourceTree = "<group>"; };
		78364B28116597D00096F3A9 /* KeyCodeTranslator.m */ = {isa = PBXFileReference; fileEncoding = 4; lastKnownFileType = sourcecode.c.objc; path = KeyCodeTranslator.m; sourceTree = "<group>"; };
		78364B29116597D00096F3A9 /* KeyRecorder.h */ = {isa = PBXFileReference; fileEncoding = 4; lastKnownFileType = sourcecode.c.h; path = KeyRecorder.h; sourceTree = "<group>"; };
		78364B2A116597D00096F3A9 /* KeyRecorder.m */ = {isa = PBXFileReference; fileEncoding = 4; lastKnownFileType = sourcecode.c.objc; path = KeyRecorder.m; sourceTree = "<group>"; };
		78364B2B116597D00096F3A9 /* KeyRecorderCell.h */ = {isa = PBXFileReference; fileEncoding = 4; lastKnownFileType = sourcecode.c.h; path = KeyRecorderCell.h; sourceTree = "<group>"; };
		78364B2C116597D00096F3A9 /* KeyRecorderCell.m */ = {isa = PBXFileReference; fileEncoding = 4; lastKnownFileType = sourcecode.c.objc; path = KeyRecorderCell.m; sourceTree = "<group>"; };
		78364B391165982C0096F3A9 /* LimeChat_Prefix.pch */ = {isa = PBXFileReference; fileEncoding = 4; lastKnownFileType = sourcecode.c.h; path = LimeChat_Prefix.pch; sourceTree = "<group>"; };
		78364C0811659CD60096F3A9 /* ThinSplitView.h */ = {isa = PBXFileReference; fileEncoding = 4; lastKnownFileType = sourcecode.c.h; path = ThinSplitView.h; sourceTree = "<group>"; };
		78364C0911659CD60096F3A9 /* ThinSplitView.m */ = {isa = PBXFileReference; fileEncoding = 4; lastKnownFileType = sourcecode.c.objc; path = ThinSplitView.m; sourceTree = "<group>"; };
		78364DCE1165B8790096F3A9 /* MarkedScroller.h */ = {isa = PBXFileReference; fileEncoding = 4; lastKnownFileType = sourcecode.c.h; path = MarkedScroller.h; sourceTree = "<group>"; };
		78364DCF1165B8790096F3A9 /* MarkedScroller.m */ = {isa = PBXFileReference; fileEncoding = 4; lastKnownFileType = sourcecode.c.objc; path = MarkedScroller.m; sourceTree = "<group>"; };
		78364E3C1165BE460096F3A9 /* InputTextField.h */ = {isa = PBXFileReference; fileEncoding = 4; lastKnownFileType = sourcecode.c.h; path = InputTextField.h; sourceTree = "<group>"; };
		78364E3D1165BE460096F3A9 /* InputTextField.m */ = {isa = PBXFileReference; fileEncoding = 4; lastKnownFileType = sourcecode.c.objc; path = InputTextField.m; sourceTree = "<group>"; };
		78364E411165BE640096F3A9 /* TextField.h */ = {isa = PBXFileReference; fileEncoding = 4; lastKnownFileType = sourcecode.c.h; path = TextField.h; sourceTree = "<group>"; };
		78364E421165BE640096F3A9 /* TextField.m */ = {isa = PBXFileReference; fileEncoding = 4; lastKnownFileType = sourcecode.c.objc; path = TextField.m; sourceTree = "<group>"; };
		78364E581165BFA10096F3A9 /* TreeView.h */ = {isa = PBXFileReference; fileEncoding = 4; lastKnownFileType = sourcecode.c.h; path = TreeView.h; sourceTree = "<group>"; };
		78364E591165BFA10096F3A9 /* TreeView.m */ = {isa = PBXFileReference; fileEncoding = 4; lastKnownFileType = sourcecode.c.objc; path = TreeView.m; sourceTree = "<group>"; };
		783D0B2A0CF45C38002CC2FB /* listdialog.rb */ = {isa = PBXFileReference; fileEncoding = 4; lastKnownFileType = text.script.ruby; path = listdialog.rb; sourceTree = "<group>"; };
		783E6C79116995A500DF6820 /* LogController.h */ = {isa = PBXFileReference; fileEncoding = 4; lastKnownFileType = sourcecode.c.h; path = LogController.h; sourceTree = "<group>"; };
		783E6C7A116995A500DF6820 /* LogController.m */ = {isa = PBXFileReference; fileEncoding = 4; lastKnownFileType = sourcecode.c.objc; path = LogController.m; sourceTree = "<group>"; };
		783E6C7B116995A500DF6820 /* LogLine.h */ = {isa = PBXFileReference; fileEncoding = 4; lastKnownFileType = sourcecode.c.h; path = LogLine.h; sourceTree = "<group>"; };
		783E6C7C116995A500DF6820 /* LogLine.m */ = {isa = PBXFileReference; fileEncoding = 4; lastKnownFileType = sourcecode.c.objc; path = LogLine.m; sourceTree = "<group>"; };
		783E6C7D116995A500DF6820 /* LogPolicy.h */ = {isa = PBXFileReference; fileEncoding = 4; lastKnownFileType = sourcecode.c.h; path = LogPolicy.h; sourceTree = "<group>"; };
		783E6C7E116995A500DF6820 /* LogPolicy.m */ = {isa = PBXFileReference; fileEncoding = 4; lastKnownFileType = sourcecode.c.objc; path = LogPolicy.m; sourceTree = "<group>"; };
		783E6C7F116995A500DF6820 /* LogRenderer.h */ = {isa = PBXFileReference; fileEncoding = 4; lastKnownFileType = sourcecode.c.h; path = LogRenderer.h; sourceTree = "<group>"; };
		783E6C80116995A500DF6820 /* LogRenderer.m */ = {isa = PBXFileReference; fileEncoding = 4; lastKnownFileType = sourcecode.c.objc; path = LogRenderer.m; sourceTree = "<group>"; };
		783E6C81116995A500DF6820 /* LogScriptEventSink.h */ = {isa = PBXFileReference; fileEncoding = 4; lastKnownFileType = sourcecode.c.h; path = LogScriptEventSink.h; sourceTree = "<group>"; };
		783E6C82116995A500DF6820 /* LogScriptEventSink.m */ = {isa = PBXFileReference; fileEncoding = 4; lastKnownFileType = sourcecode.c.objc; path = LogScriptEventSink.m; sourceTree = "<group>"; };
		783E6C83116995A500DF6820 /* LogView.h */ = {isa = PBXFileReference; fileEncoding = 4; lastKnownFileType = sourcecode.c.h; path = LogView.h; sourceTree = "<group>"; };
		783E6C84116995A500DF6820 /* LogView.m */ = {isa = PBXFileReference; fileEncoding = 4; lastKnownFileType = sourcecode.c.objc; path = LogView.m; sourceTree = "<group>"; };
		783E6C8C116995C100DF6820 /* MemberListView.h */ = {isa = PBXFileReference; fileEncoding = 4; lastKnownFileType = sourcecode.c.h; path = MemberListView.h; sourceTree = "<group>"; };
		783E6C8D116995C100DF6820 /* MemberListView.m */ = {isa = PBXFileReference; fileEncoding = 4; lastKnownFileType = sourcecode.c.objc; path = MemberListView.m; sourceTree = "<group>"; };
		783E6C8E116995C100DF6820 /* MemberListViewCell.h */ = {isa = PBXFileReference; fileEncoding = 4; lastKnownFileType = sourcecode.c.h; path = MemberListViewCell.h; sourceTree = "<group>"; };
		783E6C8F116995C100DF6820 /* MemberListViewCell.m */ = {isa = PBXFileReference; fileEncoding = 4; lastKnownFileType = sourcecode.c.objc; path = MemberListViewCell.m; sourceTree = "<group>"; };
		783E6C9B1169976A00DF6820 /* IRCISupportInfo.h */ = {isa = PBXFileReference; fileEncoding = 4; lastKnownFileType = sourcecode.c.h; path = IRCISupportInfo.h; sourceTree = "<group>"; };
		783E6C9C1169976A00DF6820 /* IRCISupportInfo.m */ = {isa = PBXFileReference; fileEncoding = 4; lastKnownFileType = sourcecode.c.objc; path = IRCISupportInfo.m; sourceTree = "<group>"; };
		783E6CD011699BEE00DF6820 /* IRCUser.h */ = {isa = PBXFileReference; fileEncoding = 4; lastKnownFileType = sourcecode.c.h; path = IRCUser.h; sourceTree = "<group>"; };
		783E6CD111699BEE00DF6820 /* IRCUser.m */ = {isa = PBXFileReference; fileEncoding = 4; lastKnownFileType = sourcecode.c.objc; path = IRCUser.m; sourceTree = "<group>"; };
		78496EFC0C2890200084A836 /* preferencedialog.rb */ = {isa = PBXFileReference; fileEncoding = 0; lastKnownFileType = text.script.ruby; path = preferencedialog.rb; sourceTree = "<group>"; };
		784BBE901085BC950080898B /* bluestar.tiff */ = {isa = PBXFileReference; lastKnownFileType = image.tiff; path = bluestar.tiff; sourceTree = "<group>"; };
		784BBE911085BC950080898B /* keyrecorder_erase.png */ = {isa = PBXFileReference; lastKnownFileType = image.png; path = keyrecorder_erase.png; sourceTree = "<group>"; };
		784BBE921085BC950080898B /* keyrecorder_erase_pushed.png */ = {isa = PBXFileReference; lastKnownFileType = image.png; path = keyrecorder_erase_pushed.png; sourceTree = "<group>"; };
		784BBE931085BC950080898B /* redstar.tiff */ = {isa = PBXFileReference; lastKnownFileType = image.tiff; path = redstar.tiff; sourceTree = "<group>"; };
		7851AEF61168A91A00AC449F /* libicucore.dylib */ = {isa = PBXFileReference; lastKnownFileType = "compiled.mach-o.dylib"; name = libicucore.dylib; path = /usr/lib/libicucore.dylib; sourceTree = "<absolute>"; };
		787BE9DB116B45E9003AE47D /* MenuController.h */ = {isa = PBXFileReference; fileEncoding = 4; lastKnownFileType = sourcecode.c.h; path = MenuController.h; sourceTree = "<group>"; };
		787BE9DC116B45E9003AE47D /* MenuController.m */ = {isa = PBXFileReference; fileEncoding = 4; lastKnownFileType = sourcecode.c.objc; path = MenuController.m; sourceTree = "<group>"; };
		787FD46C0BFE960100F2F22D /* Carbon.framework */ = {isa = PBXFileReference; lastKnownFileType = wrapper.framework; name = Carbon.framework; path = /System/Library/Frameworks/Carbon.framework; sourceTree = "<absolute>"; };
		78835405109FEA7F00CD2FFF /* SystemConfiguration.framework */ = {isa = PBXFileReference; lastKnownFileType = wrapper.framework; name = SystemConfiguration.framework; path = /System/Library/Frameworks/SystemConfiguration.framework; sourceTree = "<absolute>"; };
		7884E5450CDA91F500AF3678 /* SACrashReporter */ = {isa = PBXFileReference; lastKnownFileType = folder; name = SACrashReporter; path = vendor/SACrashReporter; sourceTree = "<group>"; };
		7889CABE0D647494003D808E /* welcomedialog.rb */ = {isa = PBXFileReference; fileEncoding = 4; lastKnownFileType = text.script.ruby; path = welcomedialog.rb; sourceTree = "<group>"; };
		788AC8691165C59500523E80 /* ServerTreeView.h */ = {isa = PBXFileReference; fileEncoding = 4; lastKnownFileType = sourcecode.c.h; path = ServerTreeView.h; sourceTree = "<group>"; };
		788AC86A1165C59500523E80 /* ServerTreeView.m */ = {isa = PBXFileReference; fileEncoding = 4; lastKnownFileType = sourcecode.c.objc; path = ServerTreeView.m; sourceTree = "<group>"; };
		788AC8B41165CB5000523E80 /* SingleLineFormatter.h */ = {isa = PBXFileReference; fileEncoding = 4; lastKnownFileType = sourcecode.c.h; path = SingleLineFormatter.h; sourceTree = "<group>"; };
		788AC8B51165CB5000523E80 /* SingleLineFormatter.m */ = {isa = PBXFileReference; fileEncoding = 4; lastKnownFileType = sourcecode.c.objc; path = SingleLineFormatter.m; sourceTree = "<group>"; };
		788AC8C91165CDA300523E80 /* TextFieldWithDisabledState.h */ = {isa = PBXFileReference; fileEncoding = 4; lastKnownFileType = sourcecode.c.h; path = TextFieldWithDisabledState.h; sourceTree = "<group>"; };
		788AC8CA1165CDA300523E80 /* TextFieldWithDisabledState.m */ = {isa = PBXFileReference; fileEncoding = 4; lastKnownFileType = sourcecode.c.objc; path = TextFieldWithDisabledState.m; sourceTree = "<group>"; };
		788AC8F71165CEB400523E80 /* TableProgressIndicator.h */ = {isa = PBXFileReference; fileEncoding = 4; lastKnownFileType = sourcecode.c.h; path = TableProgressIndicator.h; sourceTree = "<group>"; };
		788AC8F81165CEB400523E80 /* TableProgressIndicator.m */ = {isa = PBXFileReference; fileEncoding = 4; lastKnownFileType = sourcecode.c.objc; path = TableProgressIndicator.m; sourceTree = "<group>"; };
		788AC9001165CF3E00523E80 /* ChatBox.h */ = {isa = PBXFileReference; fileEncoding = 4; lastKnownFileType = sourcecode.c.h; path = ChatBox.h; sourceTree = "<group>"; };
		788AC9011165CF3E00523E80 /* ChatBox.m */ = {isa = PBXFileReference; fileEncoding = 4; lastKnownFileType = sourcecode.c.objc; path = ChatBox.m; sourceTree = "<group>"; };
		788AC92F1165D27400523E80 /* DialogWindow.h */ = {isa = PBXFileReference; fileEncoding = 4; lastKnownFileType = sourcecode.c.h; path = DialogWindow.h; sourceTree = "<group>"; };
		788AC9301165D27400523E80 /* DialogWindow.m */ = {isa = PBXFileReference; fileEncoding = 4; lastKnownFileType = sourcecode.c.objc; path = DialogWindow.m; sourceTree = "<group>"; };
		788AC96C1165D49A00523E80 /* ListView.h */ = {isa = PBXFileReference; fileEncoding = 4; lastKnownFileType = sourcecode.c.h; path = ListView.h; sourceTree = "<group>"; };
		788AC96D1165D49A00523E80 /* ListView.m */ = {isa = PBXFileReference; fileEncoding = 4; lastKnownFileType = sourcecode.c.objc; path = ListView.m; sourceTree = "<group>"; };
		788C5E650C5F4F5A0034C46E /* growlcontroller.rb */ = {isa = PBXFileReference; fileEncoding = 0; lastKnownFileType = text.script.ruby; path = growlcontroller.rb; sourceTree = "<group>"; };
		788D56F00BB6872B00DDBF69 /* WebKit.framework */ = {isa = PBXFileReference; lastKnownFileType = wrapper.framework; name = WebKit.framework; path = /System/Library/Frameworks/WebKit.framework; sourceTree = "<absolute>"; };
		7890B4E80C659E4700DF983F /* autoopdialog.rb */ = {isa = PBXFileReference; fileEncoding = 0; lastKnownFileType = text.script.ruby; path = autoopdialog.rb; sourceTree = "<group>"; };
		7896BFE40D0C5E850069453A /* viewtheme.rb */ = {isa = PBXFileReference; fileEncoding = 4; lastKnownFileType = text.script.ruby; path = viewtheme.rb; sourceTree = "<group>"; };
		789AF78910859FEE006848B3 /* RubyCocoa.framework */ = {isa = PBXFileReference; lastKnownFileType = wrapper.framework; name = RubyCocoa.framework; path = Frameworks/RubyCocoa.framework; sourceTree = "<group>"; };
		78AD78E30C61B8F8001E77F4 /* English */ = {isa = PBXFileReference; fileEncoding = 4; lastKnownFileType = text.plist.strings; name = English; path = English.lproj/Localizable.strings; sourceTree = "<group>"; };
		78AFBCF40C33E314008A8FCD /* kanasupport.rb */ = {isa = PBXFileReference; fileEncoding = 0; lastKnownFileType = text.script.ruby; path = kanasupport.rb; sourceTree = "<group>"; };
		78AFC92611687C5400C64197 /* NSDataHelper.h */ = {isa = PBXFileReference; fileEncoding = 4; lastKnownFileType = sourcecode.c.h; path = NSDataHelper.h; sourceTree = "<group>"; };
		78AFC92711687C5400C64197 /* NSDataHelper.m */ = {isa = PBXFileReference; fileEncoding = 4; lastKnownFileType = sourcecode.c.objc; path = NSDataHelper.m; sourceTree = "<group>"; };
		78AFC9C41168895200C64197 /* GTMDefines.h */ = {isa = PBXFileReference; fileEncoding = 4; lastKnownFileType = sourcecode.c.h; path = GTMDefines.h; sourceTree = "<group>"; };
		78AFC9C51168895200C64197 /* GTMGarbageCollection.h */ = {isa = PBXFileReference; fileEncoding = 4; lastKnownFileType = sourcecode.c.h; path = GTMGarbageCollection.h; sourceTree = "<group>"; };
		78AFC9C61168895200C64197 /* GTMNSString+HTML.h */ = {isa = PBXFileReference; fileEncoding = 4; lastKnownFileType = sourcecode.c.h; path = "GTMNSString+HTML.h"; sourceTree = "<group>"; };
		78AFC9C71168895200C64197 /* GTMNSString+HTML.m */ = {isa = PBXFileReference; fileEncoding = 4; lastKnownFileType = sourcecode.c.objc; path = "GTMNSString+HTML.m"; sourceTree = "<group>"; };
		78AFC9C81168895200C64197 /* GTMNSString+URLArguments.h */ = {isa = PBXFileReference; fileEncoding = 4; lastKnownFileType = sourcecode.c.h; path = "GTMNSString+URLArguments.h"; sourceTree = "<group>"; };
		78AFC9C91168895200C64197 /* GTMNSString+URLArguments.m */ = {isa = PBXFileReference; fileEncoding = 4; lastKnownFileType = sourcecode.c.objc; path = "GTMNSString+URLArguments.m"; sourceTree = "<group>"; };
		78B2DF1F0D0417160092EBDA /* application.icns */ = {isa = PBXFileReference; lastKnownFileType = image.icns; name = application.icns; path = ../icon/application.icns; sourceTree = "<group>"; };
		78B960F811660A8800831780 /* TCPClient.h */ = {isa = PBXFileReference; fileEncoding = 4; lastKnownFileType = sourcecode.c.h; path = TCPClient.h; sourceTree = "<group>"; };
		78B960F911660A8800831780 /* TCPClient.m */ = {isa = PBXFileReference; fileEncoding = 4; lastKnownFileType = sourcecode.c.objc; path = TCPClient.m; sourceTree = "<group>"; };
		78B961F81166182600831780 /* Timer.h */ = {isa = PBXFileReference; fileEncoding = 4; lastKnownFileType = sourcecode.c.h; path = Timer.h; sourceTree = "<group>"; };
		78B961F91166182600831780 /* Timer.m */ = {isa = PBXFileReference; fileEncoding = 4; lastKnownFileType = sourcecode.c.objc; path = Timer.m; sourceTree = "<group>"; };
		78B964E41166489000831780 /* NSDictionaryHelper.h */ = {isa = PBXFileReference; fileEncoding = 4; lastKnownFileType = sourcecode.c.h; path = NSDictionaryHelper.h; sourceTree = "<group>"; };
		78B964E51166489000831780 /* NSDictionaryHelper.m */ = {isa = PBXFileReference; fileEncoding = 4; lastKnownFileType = sourcecode.c.objc; path = NSDictionaryHelper.m; sourceTree = "<group>"; };
		78B964E61166489000831780 /* NSStringHelper.h */ = {isa = PBXFileReference; fileEncoding = 4; lastKnownFileType = sourcecode.c.h; path = NSStringHelper.h; sourceTree = "<group>"; };
		78B964E71166489000831780 /* NSStringHelper.m */ = {isa = PBXFileReference; fileEncoding = 4; lastKnownFileType = sourcecode.c.objc; path = NSStringHelper.m; sourceTree = "<group>"; };
		78B964E81166489000831780 /* UnicodeHelper.h */ = {isa = PBXFileReference; fileEncoding = 4; lastKnownFileType = sourcecode.c.h; path = UnicodeHelper.h; sourceTree = "<group>"; };
		78B964E91166489000831780 /* UnicodeHelper.m */ = {isa = PBXFileReference; fileEncoding = 4; lastKnownFileType = sourcecode.c.objc; path = UnicodeHelper.m; sourceTree = "<group>"; };
		78B9651911664B2600831780 /* InputHistory.h */ = {isa = PBXFileReference; fileEncoding = 4; lastKnownFileType = sourcecode.c.h; path = InputHistory.h; sourceTree = "<group>"; };
		78B9651A11664B2600831780 /* InputHistory.m */ = {isa = PBXFileReference; fileEncoding = 4; lastKnownFileType = sourcecode.c.objc; path = InputHistory.m; sourceTree = "<group>"; };
		78BC096D1168BF6A00A984AA /* Regex.h */ = {isa = PBXFileReference; fileEncoding = 4; lastKnownFileType = sourcecode.c.h; path = Regex.h; sourceTree = "<group>"; };
		78BC096E1168BF6A00A984AA /* Regex.m */ = {isa = PBXFileReference; fileEncoding = 4; lastKnownFileType = sourcecode.c.objc; path = Regex.m; sourceTree = "<group>"; };
		78BC0C531168E5D900A984AA /* IRC.h */ = {isa = PBXFileReference; fileEncoding = 4; lastKnownFileType = sourcecode.c.h; path = IRC.h; sourceTree = "<group>"; };
		78BC0C541168E5D900A984AA /* IRCConnection.h */ = {isa = PBXFileReference; fileEncoding = 4; lastKnownFileType = sourcecode.c.h; path = IRCConnection.h; sourceTree = "<group>"; };
		78BC0C551168E5D900A984AA /* IRCConnection.m */ = {isa = PBXFileReference; fileEncoding = 4; lastKnownFileType = sourcecode.c.objc; path = IRCConnection.m; sourceTree = "<group>"; };
		78BC0C561168E5D900A984AA /* IRCMessage.h */ = {isa = PBXFileReference; fileEncoding = 4; lastKnownFileType = sourcecode.c.h; path = IRCMessage.h; sourceTree = "<group>"; };
		78BC0C571168E5D900A984AA /* IRCMessage.m */ = {isa = PBXFileReference; fileEncoding = 4; lastKnownFileType = sourcecode.c.objc; path = IRCMessage.m; sourceTree = "<group>"; };
		78BC0C581168E5D900A984AA /* IRCPrefix.h */ = {isa = PBXFileReference; fileEncoding = 4; lastKnownFileType = sourcecode.c.h; path = IRCPrefix.h; sourceTree = "<group>"; };
		78BC0C591168E5D900A984AA /* IRCPrefix.m */ = {isa = PBXFileReference; fileEncoding = 4; lastKnownFileType = sourcecode.c.objc; path = IRCPrefix.m; sourceTree = "<group>"; };
		78BC0C5A1168E5D900A984AA /* IRCSendingMessage.h */ = {isa = PBXFileReference; fileEncoding = 4; lastKnownFileType = sourcecode.c.h; path = IRCSendingMessage.h; sourceTree = "<group>"; };
		78BC0C5B1168E5D900A984AA /* IRCSendingMessage.m */ = {isa = PBXFileReference; fileEncoding = 4; lastKnownFileType = sourcecode.c.objc; path = IRCSendingMessage.m; sourceTree = "<group>"; };
		78BC0CD61168E7B000A984AA /* IconController.h */ = {isa = PBXFileReference; fileEncoding = 4; lastKnownFileType = sourcecode.c.h; path = IconController.h; sourceTree = "<group>"; };
		78BC0CD71168E7B000A984AA /* IconController.m */ = {isa = PBXFileReference; fileEncoding = 4; lastKnownFileType = sourcecode.c.objc; path = IconController.m; sourceTree = "<group>"; };
		78BC0D1B1168EBA600A984AA /* TinyGrowlClient.h */ = {isa = PBXFileReference; fileEncoding = 4; lastKnownFileType = sourcecode.c.h; path = TinyGrowlClient.h; sourceTree = "<group>"; };
		78BC0D1C1168EBA600A984AA /* TinyGrowlClient.m */ = {isa = PBXFileReference; fileEncoding = 4; lastKnownFileType = sourcecode.c.objc; path = TinyGrowlClient.m; sourceTree = "<group>"; };
		78BC0D591168F06E00A984AA /* FileLogger.h */ = {isa = PBXFileReference; fileEncoding = 4; lastKnownFileType = sourcecode.c.h; path = FileLogger.h; sourceTree = "<group>"; };
		78BC0D5A1168F06E00A984AA /* FileLogger.m */ = {isa = PBXFileReference; fileEncoding = 4; lastKnownFileType = sourcecode.c.objc; path = FileLogger.m; sourceTree = "<group>"; };
		78BF64A40C2885E2004451B2 /* channelmode.rb */ = {isa = PBXFileReference; fileEncoding = 0; lastKnownFileType = text.script.ruby; path = channelmode.rb; sourceTree = "<group>"; };
		78BF64A50C2885E2004451B2 /* config.rb */ = {isa = PBXFileReference; fileEncoding = 0; lastKnownFileType = text.script.ruby; path = config.rb; sourceTree = "<group>"; };
		78BF64A60C2885E2004451B2 /* ircmessage.rb */ = {isa = PBXFileReference; fileEncoding = 0; lastKnownFileType = text.script.ruby; path = ircmessage.rb; sourceTree = "<group>"; };
		78BF64A90C2885E2004451B2 /* usermode.rb */ = {isa = PBXFileReference; fileEncoding = 0; lastKnownFileType = text.script.ruby; path = usermode.rb; sourceTree = "<group>"; };
		78C1E7751168559400AC305B /* NSArrayHelper.h */ = {isa = PBXFileReference; fileEncoding = 4; lastKnownFileType = sourcecode.c.h; path = NSArrayHelper.h; sourceTree = "<group>"; };
		78C1E7761168559400AC305B /* NSArrayHelper.m */ = {isa = PBXFileReference; fileEncoding = 4; lastKnownFileType = sourcecode.c.objc; path = NSArrayHelper.m; sourceTree = "<group>"; };
		78C1E86F1168635500AC305B /* SoundPlayer.h */ = {isa = PBXFileReference; fileEncoding = 4; lastKnownFileType = sourcecode.c.h; path = SoundPlayer.h; sourceTree = "<group>"; };
		78C1E8701168635500AC305B /* SoundPlayer.m */ = {isa = PBXFileReference; fileEncoding = 4; lastKnownFileType = sourcecode.c.objc; path = SoundPlayer.m; sourceTree = "<group>"; };
		78C1E87E1168652000AC305B /* KeyEventHandler.h */ = {isa = PBXFileReference; fileEncoding = 4; lastKnownFileType = sourcecode.c.h; path = KeyEventHandler.h; sourceTree = "<group>"; };
		78C1E87F1168652000AC305B /* KeyEventHandler.m */ = {isa = PBXFileReference; fileEncoding = 4; lastKnownFileType = sourcecode.c.objc; path = KeyEventHandler.m; sourceTree = "<group>"; };
		78C1E96C116876AC00AC305B /* MainWindow.h */ = {isa = PBXFileReference; fileEncoding = 4; lastKnownFileType = sourcecode.c.h; path = MainWindow.h; sourceTree = "<group>"; };
		78C1E96D116876AC00AC305B /* MainWindow.m */ = {isa = PBXFileReference; fileEncoding = 4; lastKnownFileType = sourcecode.c.objc; path = MainWindow.m; sourceTree = "<group>"; };
		78C1E98D1168787000AC305B /* FieldEditorTextView.h */ = {isa = PBXFileReference; fileEncoding = 4; lastKnownFileType = sourcecode.c.h; path = FieldEditorTextView.h; sourceTree = "<group>"; };
		78C1E98E1168787000AC305B /* FieldEditorTextView.m */ = {isa = PBXFileReference; fileEncoding = 4; lastKnownFileType = sourcecode.c.objc; path = FieldEditorTextView.m; sourceTree = "<group>"; };
		78C2D608115A428C00705817 /* dsa_pub.pem */ = {isa = PBXFileReference; fileEncoding = 4; lastKnownFileType = text; name = dsa_pub.pem; path = etc/dsa_pub.pem; sourceTree = "<group>"; };
		78CFA5611169C84100B7AC6B /* IRCChannel.h */ = {isa = PBXFileReference; fileEncoding = 4; lastKnownFileType = sourcecode.c.h; path = IRCChannel.h; sourceTree = "<group>"; };
		78CFA5621169C84100B7AC6B /* IRCChannel.m */ = {isa = PBXFileReference; fileEncoding = 4; lastKnownFileType = sourcecode.c.objc; path = IRCChannel.m; sourceTree = "<group>"; };
		78CFA57D116A078D00B7AC6B /* IRCWorld.h */ = {isa = PBXFileReference; fileEncoding = 4; lastKnownFileType = sourcecode.c.h; path = IRCWorld.h; sourceTree = "<group>"; };
		78CFA57E116A078D00B7AC6B /* IRCWorld.m */ = {isa = PBXFileReference; fileEncoding = 4; lastKnownFileType = sourcecode.c.objc; path = IRCWorld.m; sourceTree = "<group>"; };
		78CFA580116A079500B7AC6B /* IRCClient.h */ = {isa = PBXFileReference; fileEncoding = 4; lastKnownFileType = sourcecode.c.h; path = IRCClient.h; sourceTree = "<group>"; };
		78CFA581116A079500B7AC6B /* IRCClient.m */ = {isa = PBXFileReference; fileEncoding = 4; lastKnownFileType = sourcecode.c.objc; path = IRCClient.m; sourceTree = "<group>"; };
		78CFA717116A1BDD00B7AC6B /* IRCChannelConfig.h */ = {isa = PBXFileReference; fileEncoding = 4; lastKnownFileType = sourcecode.c.h; path = IRCChannelConfig.h; sourceTree = "<group>"; };
		78CFA718116A1BDD00B7AC6B /* IRCChannelConfig.m */ = {isa = PBXFileReference; fileEncoding = 4; lastKnownFileType = sourcecode.c.objc; path = IRCChannelConfig.m; sourceTree = "<group>"; };
		78CFA719116A1BDD00B7AC6B /* IRCClientConfig.h */ = {isa = PBXFileReference; fileEncoding = 4; lastKnownFileType = sourcecode.c.h; path = IRCClientConfig.h; sourceTree = "<group>"; };
		78CFA71A116A1BDD00B7AC6B /* IRCClientConfig.m */ = {isa = PBXFileReference; fileEncoding = 4; lastKnownFileType = sourcecode.c.objc; path = IRCClientConfig.m; sourceTree = "<group>"; };
		78CFA71B116A1BDD00B7AC6B /* IRCWorldConfig.h */ = {isa = PBXFileReference; fileEncoding = 4; lastKnownFileType = sourcecode.c.h; path = IRCWorldConfig.h; sourceTree = "<group>"; };
		78CFA71C116A1BDD00B7AC6B /* IRCWorldConfig.m */ = {isa = PBXFileReference; fileEncoding = 4; lastKnownFileType = sourcecode.c.objc; path = IRCWorldConfig.m; sourceTree = "<group>"; };
		78CFA8BC116A2F1500B7AC6B /* IRCTreeItem.h */ = {isa = PBXFileReference; fileEncoding = 4; lastKnownFileType = sourcecode.c.h; path = IRCTreeItem.h; sourceTree = "<group>"; };
		78E345C0116C6A9A00990CCB /* Preferences.h */ = {isa = PBXFileReference; fileEncoding = 4; lastKnownFileType = sourcecode.c.h; path = Preferences.h; sourceTree = "<group>"; };
		78E345C1116C6A9A00990CCB /* Preferences.m */ = {isa = PBXFileReference; fileEncoding = 4; lastKnownFileType = sourcecode.c.objc; path = Preferences.m; sourceTree = "<group>"; };
		78E345CE116C6ACD00990CCB /* PreferencesController.h */ = {isa = PBXFileReference; fileEncoding = 4; lastKnownFileType = sourcecode.c.h; path = PreferencesController.h; sourceTree = "<group>"; };
		78E345CF116C6ACD00990CCB /* PreferencesController.m */ = {isa = PBXFileReference; fileEncoding = 4; lastKnownFileType = sourcecode.c.objc; path = PreferencesController.m; sourceTree = "<group>"; };
		78E345D0116C6ACD00990CCB /* SoundWrapper.h */ = {isa = PBXFileReference; fileEncoding = 4; lastKnownFileType = sourcecode.c.h; path = SoundWrapper.h; sourceTree = "<group>"; };
		78E345D1116C6ACD00990CCB /* SoundWrapper.m */ = {isa = PBXFileReference; fileEncoding = 4; lastKnownFileType = sourcecode.c.objc; path = SoundWrapper.m; sourceTree = "<group>"; };
		78E570D00C1C306500BDF7EC /* LimeChat.app */ = {isa = PBXFileReference; explicitFileType = wrapper.application; includeInIndex = 0; path = LimeChat.app; sourceTree = BUILT_PRODUCTS_DIR; };
		78EF6EDD116ADA5400731FDF /* AppController.h */ = {isa = PBXFileReference; fileEncoding = 4; lastKnownFileType = sourcecode.c.h; path = AppController.h; sourceTree = "<group>"; };
		78EF6EDE116ADA5400731FDF /* AppController.m */ = {isa = PBXFileReference; fileEncoding = 4; lastKnownFileType = sourcecode.c.objc; path = AppController.m; sourceTree = "<group>"; };
		78FA9F641085AA1400001F13 /* Sparkle.framework */ = {isa = PBXFileReference; lastKnownFileType = wrapper.framework; name = Sparkle.framework; path = Frameworks/Sparkle.framework; sourceTree = "<group>"; };
		8D1107310486CEB800E47090 /* Info.plist */ = {isa = PBXFileReference; fileEncoding = 4; lastKnownFileType = text.plist; path = Info.plist; sourceTree = "<group>"; };
/* End PBXFileReference section */

/* Begin PBXFrameworksBuildPhase section */
		78E570CE0C1C306500BDF7EC /* Frameworks */ = {
			isa = PBXFrameworksBuildPhase;
			buildActionMask = 2147483647;
			files = (
				78E572390C1C30BA00BDF7EC /* Cocoa.framework in Frameworks */,
				78E5723B0C1C30BA00BDF7EC /* WebKit.framework in Frameworks */,
				78E5723C0C1C30BA00BDF7EC /* Carbon.framework in Frameworks */,
				78E5723D0C1C30BA00BDF7EC /* CoreServices.framework in Frameworks */,
				789AF78A10859FEE006848B3 /* RubyCocoa.framework in Frameworks */,
				78FA9F651085AA1400001F13 /* Sparkle.framework in Frameworks */,
				78835406109FEA7F00CD2FFF /* SystemConfiguration.framework in Frameworks */,
				7851AEF71168A91A00AC449F /* libicucore.dylib in Frameworks */,
			);
			runOnlyForDeploymentPostprocessing = 0;
		};
/* End PBXFrameworksBuildPhase section */

/* Begin PBXGroup section */
		080E96DDFE201D6D7F000001 /* Classes */ = {
			isa = PBXGroup;
			children = (
				786927470BB6EE130081019B /* objc */,
				78A47CF40BF6DE6B001C5B15 /* ruby */,
			);
			name = Classes;
			sourceTree = "<group>";
		};
		19C28FACFE9D520D11CA2CBB /* Products */ = {
			isa = PBXGroup;
			children = (
				78E570D00C1C306500BDF7EC /* LimeChat.app */,
			);
			name = Products;
			sourceTree = "<group>";
		};
		29B97314FDCFA39411CA2CEA /* LimeChat */ = {
			isa = PBXGroup;
			children = (
				080E96DDFE201D6D7F000001 /* Classes */,
				29B97315FDCFA39411CA2CEA /* Other Sources */,
				29B97317FDCFA39411CA2CEA /* Resources */,
				29B97323FDCFA39411CA2CEA /* Frameworks */,
				19C28FACFE9D520D11CA2CBB /* Products */,
			);
			name = LimeChat;
			sourceTree = "<group>";
		};
		29B97315FDCFA39411CA2CEA /* Other Sources */ = {
			isa = PBXGroup;
			children = (
			);
			name = "Other Sources";
			sourceTree = "<group>";
		};
		29B97317FDCFA39411CA2CEA /* Resources */ = {
			isa = PBXGroup;
			children = (
				784BBE8F1085BC950080898B /* images */,
				8D1107310486CEB800E47090 /* Info.plist */,
				78AD78E20C61B8F8001E77F4 /* Localizable.strings */,
				78347EC31158D4B00073E2F0 /* MainMenu.xib */,
				78347ECB1158D4B00073E2F0 /* Preferences.xib */,
				78347ED11158D4B00073E2F0 /* WhoisDialog.xib */,
				78347ECD1158D4B00073E2F0 /* ServerDialog.xib */,
				78347EB91158D4B00073E2F0 /* AutoOpDialog.xib */,
				78347EBB1158D4B00073E2F0 /* ChannelDialog.xib */,
				78347EBD1158D4B00073E2F0 /* CommentSheet.xib */,
				78347EBF1158D4B00073E2F0 /* DccDialog.xib */,
				78347EC11158D4B00073E2F0 /* ListDialog.xib */,
				78347EC51158D4B00073E2F0 /* ModeSheet.xib */,
				78347EC71158D4B00073E2F0 /* NickSheet.xib */,
				78347EC91158D4B00073E2F0 /* PasteSheet.xib */,
				78347ECF1158D4B00073E2F0 /* WelcomeDialog.xib */,
				78287EA90D742DAA008D5656 /* Themes */,
				7884E5450CDA91F500AF3678 /* SACrashReporter */,
				78C2D608115A428C00705817 /* dsa_pub.pem */,
			);
			name = Resources;
			sourceTree = "<group>";
		};
		29B97323FDCFA39411CA2CEA /* Frameworks */ = {
			isa = PBXGroup;
			children = (
				1058C7A1FEA54F0111CA2CBB /* Cocoa.framework */,
				29B97325FDCFA39411CA2CEA /* Foundation.framework */,
				29B97324FDCFA39411CA2CEA /* AppKit.framework */,
				787FD46C0BFE960100F2F22D /* Carbon.framework */,
				780253C20C09525900C170D4 /* CoreServices.framework */,
				788D56F00BB6872B00DDBF69 /* WebKit.framework */,
				78835405109FEA7F00CD2FFF /* SystemConfiguration.framework */,
				789AF78910859FEE006848B3 /* RubyCocoa.framework */,
				78FA9F641085AA1400001F13 /* Sparkle.framework */,
				7851AEF61168A91A00AC449F /* libicucore.dylib */,
			);
			name = Frameworks;
			sourceTree = "<group>";
		};
		78229B8F0C288188001DD4C3 /* component */ = {
			isa = PBXGroup;
			children = (
				78229B950C288188001DD4C3 /* tcpclient.rb */,
				78229B960C288188001DD4C3 /* tcpserver.rb */,
			);
			path = component;
			sourceTree = "<group>";
		};
		78229B980C288188001DD4C3 /* controller */ = {
			isa = PBXGroup;
			children = (
				788C5E650C5F4F5A0034C46E /* growlcontroller.rb */,
				78229B9A0C288188001DD4C3 /* menucontroller.rb */,
				78229B9B0C288188001DD4C3 /* preferences.rb */,
			);
			path = controller;
			sourceTree = "<group>";
		};
		78229B9C0C288188001DD4C3 /* dcc */ = {
			isa = PBXGroup;
			children = (
				78229B9D0C288188001DD4C3 /* dccmanager.rb */,
				78229B9E0C288188001DD4C3 /* dccreceiver.rb */,
				78229B9F0C288188001DD4C3 /* dccsender.rb */,
			);
			path = dcc;
			sourceTree = "<group>";
		};
		78229BA00C288188001DD4C3 /* dialog */ = {
			isa = PBXGroup;
			children = (
				7889CABE0D647494003D808E /* welcomedialog.rb */,
				7890B4E80C659E4700DF983F /* autoopdialog.rb */,
				51C39168103A18A9009DEFBF /* cocoa_gist.rb */,
				7821DBE30C2C875700B3EF42 /* pastesheet.rb */,
				78496EFC0C2890200084A836 /* preferencedialog.rb */,
				78229BA10C288188001DD4C3 /* channeldialog.rb */,
				78229BA20C288188001DD4C3 /* commentsheet.rb */,
				78229BA30C288188001DD4C3 /* modesheet.rb */,
				78229BA40C288188001DD4C3 /* nicksheet.rb */,
				78229BA50C288188001DD4C3 /* serverdialog.rb */,
				78229BA60C288188001DD4C3 /* whoisdialog.rb */,
				783D0B2A0CF45C38002CC2FB /* listdialog.rb */,
			);
			path = dialog;
			sourceTree = "<group>";
		};
		78229BA70C288188001DD4C3 /* lib */ = {
			isa = PBXGroup;
			children = (
				78208C190C9D97CD004472E9 /* cocoasheet.rb */,
				7834E1920C69B5AD003C5D65 /* wildcard.rb */,
				78AFBCF40C33E314008A8FCD /* kanasupport.rb */,
				78229BA80C288188001DD4C3 /* dialoghelper.rb */,
				78229BA90C288188001DD4C3 /* numberformat.rb */,
				78229BAA0C288188001DD4C3 /* persistencehelper.rb */,
				78229BAC0C288188001DD4C3 /* urlopener.rb */,
				78229BAD0C288188001DD4C3 /* userdefaultsaccess.rb */,
				78229BAE0C288188001DD4C3 /* utility.rb */,
			);
			path = lib;
			sourceTree = "<group>";
		};
		78229BB80C288188001DD4C3 /* view */ = {
			isa = PBXGroup;
			children = (
				7896BFE40D0C5E850069453A /* viewtheme.rb */,
			);
			path = view;
			sourceTree = "<group>";
		};
		78364B14116597D00096F3A9 /* Controllers */ = {
			isa = PBXGroup;
			children = (
				78EF6EDD116ADA5400731FDF /* AppController.h */,
				78EF6EDE116ADA5400731FDF /* AppController.m */,
				787BE9DB116B45E9003AE47D /* MenuController.h */,
				787BE9DC116B45E9003AE47D /* MenuController.m */,
			);
			name = Controllers;
			path = objc/Controllers;
			sourceTree = "<group>";
		};
		78364B15116597D00096F3A9 /* Helpers */ = {
			isa = PBXGroup;
			children = (
				78B964E61166489000831780 /* NSStringHelper.h */,
				78B964E71166489000831780 /* NSStringHelper.m */,
				78B964E41166489000831780 /* NSDictionaryHelper.h */,
				78B964E51166489000831780 /* NSDictionaryHelper.m */,
				78C1E7751168559400AC305B /* NSArrayHelper.h */,
				78C1E7761168559400AC305B /* NSArrayHelper.m */,
				78AFC92611687C5400C64197 /* NSDataHelper.h */,
				78AFC92711687C5400C64197 /* NSDataHelper.m */,
				78B964E81166489000831780 /* UnicodeHelper.h */,
				78B964E91166489000831780 /* UnicodeHelper.m */,
				78C1E86F1168635500AC305B /* SoundPlayer.h */,
				78C1E8701168635500AC305B /* SoundPlayer.m */,
				78AFC9C41168895200C64197 /* GTMDefines.h */,
				78AFC9C51168895200C64197 /* GTMGarbageCollection.h */,
				78AFC9C61168895200C64197 /* GTMNSString+HTML.h */,
				78AFC9C71168895200C64197 /* GTMNSString+HTML.m */,
				78AFC9C81168895200C64197 /* GTMNSString+URLArguments.h */,
				78AFC9C91168895200C64197 /* GTMNSString+URLArguments.m */,
			);
			name = Helpers;
			path = objc/Helpers;
			sourceTree = "<group>";
		};
		78364B16116597D00096F3A9 /* Library */ = {
			isa = PBXGroup;
			children = (
				78364B17116597D00096F3A9 /* AsyncSocket.h */,
				78364B18116597D00096F3A9 /* AsyncSocket.m */,
				78B960F811660A8800831780 /* TCPClient.h */,
				78B960F911660A8800831780 /* TCPClient.m */,
				78364B19116597D00096F3A9 /* HostResolver.h */,
				78364B1A116597D00096F3A9 /* HostResolver.m */,
				78364B1B116597D00096F3A9 /* HotKeyManager.h */,
				78364B1C116597D00096F3A9 /* HotKeyManager.m */,
				78B961F81166182600831780 /* Timer.h */,
				78B961F91166182600831780 /* Timer.m */,
				78B9651911664B2600831780 /* InputHistory.h */,
				78B9651A11664B2600831780 /* InputHistory.m */,
				78BC096D1168BF6A00A984AA /* Regex.h */,
				78BC096E1168BF6A00A984AA /* Regex.m */,
				78C1E87E1168652000AC305B /* KeyEventHandler.h */,
				78C1E87F1168652000AC305B /* KeyEventHandler.m */,
				78BC0CD61168E7B000A984AA /* IconController.h */,
				78BC0CD71168E7B000A984AA /* IconController.m */,
				78BC0D1B1168EBA600A984AA /* TinyGrowlClient.h */,
				78BC0D1C1168EBA600A984AA /* TinyGrowlClient.m */,
				78BC0D591168F06E00A984AA /* FileLogger.h */,
				78BC0D5A1168F06E00A984AA /* FileLogger.m */,
			);
			name = Library;
			path = objc/Library;
			sourceTree = "<group>";
		};
		78364B20116597D00096F3A9 /* Others */ = {
			isa = PBXGroup;
			children = (
				78364B21116597D00096F3A9 /* LimeChatApplication.h */,
				78364B22116597D00096F3A9 /* LimeChatApplication.m */,
				78364B391165982C0096F3A9 /* LimeChat_Prefix.pch */,
				78364B23116597D00096F3A9 /* main.m */,
				78364B24116597D00096F3A9 /* rb_main.rb */,
			);
			name = Others;
			path = objc/Others;
			sourceTree = "<group>";
		};
		78364B25116597D00096F3A9 /* Views */ = {
			isa = PBXGroup;
			children = (
				783E6C78116995A500DF6820 /* Log */,
				783E6C8B116995C100DF6820 /* MemberList */,
				78364B26116597D00096F3A9 /* KeyRecorder */,
				78364C0811659CD60096F3A9 /* ThinSplitView.h */,
				78364C0911659CD60096F3A9 /* ThinSplitView.m */,
				78364DCE1165B8790096F3A9 /* MarkedScroller.h */,
				78364DCF1165B8790096F3A9 /* MarkedScroller.m */,
				78364E3C1165BE460096F3A9 /* InputTextField.h */,
				78364E3D1165BE460096F3A9 /* InputTextField.m */,
				78364E411165BE640096F3A9 /* TextField.h */,
				78364E421165BE640096F3A9 /* TextField.m */,
				788AC8691165C59500523E80 /* ServerTreeView.h */,
				788AC86A1165C59500523E80 /* ServerTreeView.m */,
				78364E581165BFA10096F3A9 /* TreeView.h */,
				78364E591165BFA10096F3A9 /* TreeView.m */,
				788AC96C1165D49A00523E80 /* ListView.h */,
				788AC96D1165D49A00523E80 /* ListView.m */,
				78C1E96C116876AC00AC305B /* MainWindow.h */,
				78C1E96D116876AC00AC305B /* MainWindow.m */,
				788AC92F1165D27400523E80 /* DialogWindow.h */,
				788AC9301165D27400523E80 /* DialogWindow.m */,
				78C1E98D1168787000AC305B /* FieldEditorTextView.h */,
				78C1E98E1168787000AC305B /* FieldEditorTextView.m */,
				788AC8B41165CB5000523E80 /* SingleLineFormatter.h */,
				788AC8B51165CB5000523E80 /* SingleLineFormatter.m */,
				788AC8F71165CEB400523E80 /* TableProgressIndicator.h */,
				788AC8F81165CEB400523E80 /* TableProgressIndicator.m */,
				788AC8C91165CDA300523E80 /* TextFieldWithDisabledState.h */,
				788AC8CA1165CDA300523E80 /* TextFieldWithDisabledState.m */,
				788AC9001165CF3E00523E80 /* ChatBox.h */,
				788AC9011165CF3E00523E80 /* ChatBox.m */,
			);
			name = Views;
			path = objc/Views;
			sourceTree = "<group>";
		};
		78364B26116597D00096F3A9 /* KeyRecorder */ = {
			isa = PBXGroup;
			children = (
				78364B29116597D00096F3A9 /* KeyRecorder.h */,
				78364B2A116597D00096F3A9 /* KeyRecorder.m */,
				78364B2B116597D00096F3A9 /* KeyRecorderCell.h */,
				78364B2C116597D00096F3A9 /* KeyRecorderCell.m */,
				78364B27116597D00096F3A9 /* KeyCodeTranslator.h */,
				78364B28116597D00096F3A9 /* KeyCodeTranslator.m */,
			);
			path = KeyRecorder;
			sourceTree = "<group>";
		};
		783E6C78116995A500DF6820 /* Log */ = {
			isa = PBXGroup;
			children = (
				783E6C79116995A500DF6820 /* LogController.h */,
				783E6C7A116995A500DF6820 /* LogController.m */,
				783E6C7F116995A500DF6820 /* LogRenderer.h */,
				783E6C80116995A500DF6820 /* LogRenderer.m */,
				783E6C7B116995A500DF6820 /* LogLine.h */,
				783E6C7C116995A500DF6820 /* LogLine.m */,
				783E6C7D116995A500DF6820 /* LogPolicy.h */,
				783E6C7E116995A500DF6820 /* LogPolicy.m */,
				783E6C81116995A500DF6820 /* LogScriptEventSink.h */,
				783E6C82116995A500DF6820 /* LogScriptEventSink.m */,
				783E6C83116995A500DF6820 /* LogView.h */,
				783E6C84116995A500DF6820 /* LogView.m */,
			);
			path = Log;
			sourceTree = "<group>";
		};
		783E6C8B116995C100DF6820 /* MemberList */ = {
			isa = PBXGroup;
			children = (
				783E6C8C116995C100DF6820 /* MemberListView.h */,
				783E6C8D116995C100DF6820 /* MemberListView.m */,
				783E6C8E116995C100DF6820 /* MemberListViewCell.h */,
				783E6C8F116995C100DF6820 /* MemberListViewCell.m */,
			);
			path = MemberList;
			sourceTree = "<group>";
		};
		784BBE8F1085BC950080898B /* images */ = {
			isa = PBXGroup;
			children = (
				78B2DF1F0D0417160092EBDA /* application.icns */,
				784BBE901085BC950080898B /* bluestar.tiff */,
				784BBE931085BC950080898B /* redstar.tiff */,
				784BBE911085BC950080898B /* keyrecorder_erase.png */,
				784BBE921085BC950080898B /* keyrecorder_erase_pushed.png */,
			);
			name = images;
			path = resource/images;
			sourceTree = "<group>";
		};
		786927470BB6EE130081019B /* objc */ = {
			isa = PBXGroup;
			children = (
				78364B14116597D00096F3A9 /* Controllers */,
				78BC0C521168E5D800A984AA /* IRC */,
				78E345BF116C6A9A00990CCB /* Preferences */,
				787BEB4A116B5E9B003AE47D /* Dialogs */,
				78364B25116597D00096F3A9 /* Views */,
				78364B16116597D00096F3A9 /* Library */,
				78364B15116597D00096F3A9 /* Helpers */,
				78364B20116597D00096F3A9 /* Others */,
			);
			name = objc;
			sourceTree = "<group>";
		};
		787BEB4A116B5E9B003AE47D /* Dialogs */ = {
			isa = PBXGroup;
			children = (
				78E345CD116C6ACD00990CCB /* Preferences */,
			);
			name = Dialogs;
			path = objc/Dialogs;
			sourceTree = "<group>";
		};
		78A47CF40BF6DE6B001C5B15 /* ruby */ = {
			isa = PBXGroup;
			children = (
				78BF64A20C2885E2004451B2 /* irc */,
				78229B8F0C288188001DD4C3 /* component */,
				78229B980C288188001DD4C3 /* controller */,
				78229B9C0C288188001DD4C3 /* dcc */,
				78229BA00C288188001DD4C3 /* dialog */,
				78229BA70C288188001DD4C3 /* lib */,
				78229BB80C288188001DD4C3 /* view */,
				78FE23F60EFB3391008898D8 /* vendor */,
			);
			path = ruby;
			sourceTree = "<group>";
		};
		78BC0C521168E5D800A984AA /* IRC */ = {
			isa = PBXGroup;
			children = (
				78CFA8BC116A2F1500B7AC6B /* IRCTreeItem.h */,
				78CFA57D116A078D00B7AC6B /* IRCWorld.h */,
				78CFA57E116A078D00B7AC6B /* IRCWorld.m */,
				78CFA580116A079500B7AC6B /* IRCClient.h */,
				78CFA581116A079500B7AC6B /* IRCClient.m */,
				78CFA5611169C84100B7AC6B /* IRCChannel.h */,
				78CFA5621169C84100B7AC6B /* IRCChannel.m */,
				78CFA71B116A1BDD00B7AC6B /* IRCWorldConfig.h */,
				78CFA71C116A1BDD00B7AC6B /* IRCWorldConfig.m */,
				78CFA719116A1BDD00B7AC6B /* IRCClientConfig.h */,
				78CFA71A116A1BDD00B7AC6B /* IRCClientConfig.m */,
				78CFA717116A1BDD00B7AC6B /* IRCChannelConfig.h */,
				78CFA718116A1BDD00B7AC6B /* IRCChannelConfig.m */,
				783E6CD011699BEE00DF6820 /* IRCUser.h */,
				783E6CD111699BEE00DF6820 /* IRCUser.m */,
				78BC0C541168E5D900A984AA /* IRCConnection.h */,
				78BC0C551168E5D900A984AA /* IRCConnection.m */,
				78BC0C561168E5D900A984AA /* IRCMessage.h */,
				78BC0C571168E5D900A984AA /* IRCMessage.m */,
				78BC0C581168E5D900A984AA /* IRCPrefix.h */,
				78BC0C591168E5D900A984AA /* IRCPrefix.m */,
				78BC0C5A1168E5D900A984AA /* IRCSendingMessage.h */,
				78BC0C5B1168E5D900A984AA /* IRCSendingMessage.m */,
				783E6C9B1169976A00DF6820 /* IRCISupportInfo.h */,
				783E6C9C1169976A00DF6820 /* IRCISupportInfo.m */,
				78BC0C531168E5D900A984AA /* IRC.h */,
			);
			name = IRC;
			path = objc/IRC;
			sourceTree = "<group>";
		};
		78BF64A20C2885E2004451B2 /* irc */ = {
			isa = PBXGroup;
			children = (
				78BF64A40C2885E2004451B2 /* channelmode.rb */,
				78BF64A50C2885E2004451B2 /* config.rb */,
				78BF64A60C2885E2004451B2 /* ircmessage.rb */,
				78BF64A90C2885E2004451B2 /* usermode.rb */,
			);
			path = irc;
			sourceTree = "<group>";
		};
		78E345BF116C6A9A00990CCB /* Preferences */ = {
			isa = PBXGroup;
			children = (
				78E345C0116C6A9A00990CCB /* Preferences.h */,
				78E345C1116C6A9A00990CCB /* Preferences.m */,
				782B99C7116C91AB00304B3C /* ViewTheme.h */,
				782B99C8116C91AB00304B3C /* ViewTheme.m */,
				782B9C39116CAD1300304B3C /* LogTheme.h */,
				782B9C3A116CAD1300304B3C /* LogTheme.m */,
				782B9CCD116CB1DD00304B3C /* OtherTheme.h */,
				782B9CCE116CB1DD00304B3C /* OtherTheme.m */,
			);
			name = Preferences;
			path = objc/Preferences;
			sourceTree = "<group>";
		};
		78E345CD116C6ACD00990CCB /* Preferences */ = {
			isa = PBXGroup;
			children = (
				78E345CE116C6ACD00990CCB /* PreferencesController.h */,
				78E345CF116C6ACD00990CCB /* PreferencesController.m */,
				78E345D0116C6ACD00990CCB /* SoundWrapper.h */,
				78E345D1116C6ACD00990CCB /* SoundWrapper.m */,
			);
			path = Preferences;
			sourceTree = "<group>";
		};
		78FE23F60EFB3391008898D8 /* vendor */ = {
			isa = PBXGroup;
			children = (
				510D9F6C0EC4FE9900D3BEFB /* abstract_preferences.rb */,
			);
			name = vendor;
			sourceTree = "<group>";
		};
/* End PBXGroup section */

/* Begin PBXNativeTarget section */
		78E570CF0C1C306500BDF7EC /* LimeChat */ = {
			isa = PBXNativeTarget;
			buildConfigurationList = 78E570D30C1C306500BDF7EC /* Build configuration list for PBXNativeTarget "LimeChat" */;
			buildPhases = (
				78E570CC0C1C306500BDF7EC /* Resources */,
				78E570CD0C1C306500BDF7EC /* Sources */,
				78E570CE0C1C306500BDF7EC /* Frameworks */,
				7835DF2C0D0414020064916A /* CopyFiles */,
				789AF7B41085A047006848B3 /* CopyFiles */,
			);
			buildRules = (
			);
			dependencies = (
			);
			name = LimeChat;
			productName = LimeChat;
			productReference = 78E570D00C1C306500BDF7EC /* LimeChat.app */;
			productType = "com.apple.product-type.application";
		};
/* End PBXNativeTarget section */

/* Begin PBXProject section */
		29B97313FDCFA39411CA2CEA /* Project object */ = {
			isa = PBXProject;
			buildConfigurationList = C01FCF4E08A954540054247B /* Build configuration list for PBXProject "LimeChat" */;
			compatibilityVersion = "Xcode 2.4";
			hasScannedForEncodings = 1;
			mainGroup = 29B97314FDCFA39411CA2CEA /* LimeChat */;
			projectDirPath = "";
			projectRoot = "";
			targets = (
				78E570CF0C1C306500BDF7EC /* LimeChat */,
			);
		};
/* End PBXProject section */

/* Begin PBXResourcesBuildPhase section */
		78E570CC0C1C306500BDF7EC /* Resources */ = {
			isa = PBXResourcesBuildPhase;
			buildActionMask = 2147483647;
			files = (
				78229BC70C288188001DD4C3 /* tcpclient.rb in Resources */,
				78229BC80C288188001DD4C3 /* tcpserver.rb in Resources */,
				78229BCB0C288188001DD4C3 /* menucontroller.rb in Resources */,
				78229BCC0C288188001DD4C3 /* preferences.rb in Resources */,
				78229BCD0C288188001DD4C3 /* dccmanager.rb in Resources */,
				78229BCE0C288188001DD4C3 /* dccreceiver.rb in Resources */,
				78229BCF0C288188001DD4C3 /* dccsender.rb in Resources */,
				78229BD00C288188001DD4C3 /* channeldialog.rb in Resources */,
				78229BD10C288188001DD4C3 /* commentsheet.rb in Resources */,
				78229BD20C288188001DD4C3 /* modesheet.rb in Resources */,
				78229BD30C288188001DD4C3 /* nicksheet.rb in Resources */,
				78229BD40C288188001DD4C3 /* serverdialog.rb in Resources */,
				78229BD50C288188001DD4C3 /* whoisdialog.rb in Resources */,
				78229BD60C288188001DD4C3 /* dialoghelper.rb in Resources */,
				78229BD70C288188001DD4C3 /* numberformat.rb in Resources */,
				78229BD80C288188001DD4C3 /* persistencehelper.rb in Resources */,
				78229BDA0C288188001DD4C3 /* urlopener.rb in Resources */,
				78229BDB0C288188001DD4C3 /* userdefaultsaccess.rb in Resources */,
				78229BDC0C288188001DD4C3 /* utility.rb in Resources */,
				78BF64AC0C2885E2004451B2 /* channelmode.rb in Resources */,
				78BF64AD0C2885E2004451B2 /* config.rb in Resources */,
				78BF64AE0C2885E2004451B2 /* ircmessage.rb in Resources */,
				78BF64B10C2885E2004451B2 /* usermode.rb in Resources */,
				78496EFD0C2890200084A836 /* preferencedialog.rb in Resources */,
				7821DBE40C2C875700B3EF42 /* pastesheet.rb in Resources */,
				78AFBCF50C33E314008A8FCD /* kanasupport.rb in Resources */,
				788C5E660C5F4F5A0034C46E /* growlcontroller.rb in Resources */,
				78AD78E40C61B8F8001E77F4 /* Localizable.strings in Resources */,
				7890B4E90C659E4700DF983F /* autoopdialog.rb in Resources */,
				7834E1930C69B5AD003C5D65 /* wildcard.rb in Resources */,
				78208C1A0C9D97CD004472E9 /* cocoasheet.rb in Resources */,
				7884E54E0CDA91F500AF3678 /* SACrashReporter in Resources */,
				783D0B2B0CF45C38002CC2FB /* listdialog.rb in Resources */,
				78B2DF210D0417160092EBDA /* application.icns in Resources */,
				7896BFE50D0C5E850069453A /* viewtheme.rb in Resources */,
				7889CABF0D647494003D808E /* welcomedialog.rb in Resources */,
				510D9F6D0EC4FE9900D3BEFB /* abstract_preferences.rb in Resources */,
				51C39169103A18A9009DEFBF /* cocoa_gist.rb in Resources */,
				784BBE941085BC950080898B /* bluestar.tiff in Resources */,
				784BBE951085BC950080898B /* keyrecorder_erase.png in Resources */,
				784BBE961085BC950080898B /* keyrecorder_erase_pushed.png in Resources */,
				784BBE971085BC950080898B /* redstar.tiff in Resources */,
				78347ED31158D4B00073E2F0 /* AutoOpDialog.xib in Resources */,
				78347ED41158D4B00073E2F0 /* ChannelDialog.xib in Resources */,
				78347ED51158D4B00073E2F0 /* CommentSheet.xib in Resources */,
				78347ED61158D4B00073E2F0 /* DccDialog.xib in Resources */,
				78347ED71158D4B00073E2F0 /* ListDialog.xib in Resources */,
				78347ED81158D4B00073E2F0 /* MainMenu.xib in Resources */,
				78347ED91158D4B00073E2F0 /* ModeSheet.xib in Resources */,
				78347EDA1158D4B00073E2F0 /* NickSheet.xib in Resources */,
				78347EDB1158D4B00073E2F0 /* PasteSheet.xib in Resources */,
				78347EDC1158D4B00073E2F0 /* Preferences.xib in Resources */,
				78347EDD1158D4B00073E2F0 /* ServerDialog.xib in Resources */,
				78347EDE1158D4B00073E2F0 /* WelcomeDialog.xib in Resources */,
				78347EDF1158D4B00073E2F0 /* WhoisDialog.xib in Resources */,
				78C2D609115A428C00705817 /* dsa_pub.pem in Resources */,
				78364B33116597D00096F3A9 /* rb_main.rb in Resources */,
			);
			runOnlyForDeploymentPostprocessing = 0;
		};
/* End PBXResourcesBuildPhase section */

/* Begin PBXSourcesBuildPhase section */
		78E570CD0C1C306500BDF7EC /* Sources */ = {
			isa = PBXSourcesBuildPhase;
			buildActionMask = 2147483647;
			files = (
				78364B2D116597D00096F3A9 /* AsyncSocket.m in Sources */,
				78364B2E116597D00096F3A9 /* HostResolver.m in Sources */,
				78364B2F116597D00096F3A9 /* HotKeyManager.m in Sources */,
				78364B31116597D00096F3A9 /* LimeChatApplication.m in Sources */,
				78364B32116597D00096F3A9 /* main.m in Sources */,
				78364B34116597D00096F3A9 /* KeyCodeTranslator.m in Sources */,
				78364B35116597D00096F3A9 /* KeyRecorder.m in Sources */,
				78364B36116597D00096F3A9 /* KeyRecorderCell.m in Sources */,
				78364C0A11659CD60096F3A9 /* ThinSplitView.m in Sources */,
				78364DD01165B8790096F3A9 /* MarkedScroller.m in Sources */,
				78364E3E1165BE460096F3A9 /* InputTextField.m in Sources */,
				78364E431165BE640096F3A9 /* TextField.m in Sources */,
				78364E5A1165BFA10096F3A9 /* TreeView.m in Sources */,
				788AC86B1165C59500523E80 /* ServerTreeView.m in Sources */,
				788AC8B61165CB5000523E80 /* SingleLineFormatter.m in Sources */,
				788AC8CB1165CDA300523E80 /* TextFieldWithDisabledState.m in Sources */,
				788AC8F91165CEB400523E80 /* TableProgressIndicator.m in Sources */,
				788AC9021165CF3E00523E80 /* ChatBox.m in Sources */,
				788AC9311165D27400523E80 /* DialogWindow.m in Sources */,
				788AC96E1165D49A00523E80 /* ListView.m in Sources */,
				78B960FA11660A8800831780 /* TCPClient.m in Sources */,
				78B961FA1166182600831780 /* Timer.m in Sources */,
				78B964EA1166489000831780 /* NSDictionaryHelper.m in Sources */,
				78B964EB1166489000831780 /* NSStringHelper.m in Sources */,
				78B964EC1166489000831780 /* UnicodeHelper.m in Sources */,
				78B9651B11664B2600831780 /* InputHistory.m in Sources */,
				78C1E7771168559400AC305B /* NSArrayHelper.m in Sources */,
				78C1E8711168635500AC305B /* SoundPlayer.m in Sources */,
				78C1E8801168652000AC305B /* KeyEventHandler.m in Sources */,
				78C1E96E116876AC00AC305B /* MainWindow.m in Sources */,
				78C1E98F1168787000AC305B /* FieldEditorTextView.m in Sources */,
				78AFC92811687C5400C64197 /* NSDataHelper.m in Sources */,
				78AFC9CA1168895200C64197 /* GTMNSString+HTML.m in Sources */,
				78AFC9CB1168895200C64197 /* GTMNSString+URLArguments.m in Sources */,
				78BC096F1168BF6A00A984AA /* Regex.m in Sources */,
				78BC0C5C1168E5D900A984AA /* IRCConnection.m in Sources */,
				78BC0C5D1168E5D900A984AA /* IRCMessage.m in Sources */,
				78BC0C5E1168E5D900A984AA /* IRCPrefix.m in Sources */,
				78BC0C5F1168E5D900A984AA /* IRCSendingMessage.m in Sources */,
				78BC0CD81168E7B000A984AA /* IconController.m in Sources */,
				78BC0D1D1168EBA600A984AA /* TinyGrowlClient.m in Sources */,
				78BC0D5B1168F06E00A984AA /* FileLogger.m in Sources */,
				783E6C85116995A500DF6820 /* LogController.m in Sources */,
				783E6C86116995A500DF6820 /* LogLine.m in Sources */,
				783E6C87116995A500DF6820 /* LogPolicy.m in Sources */,
				783E6C88116995A500DF6820 /* LogRenderer.m in Sources */,
				783E6C89116995A500DF6820 /* LogScriptEventSink.m in Sources */,
				783E6C8A116995A500DF6820 /* LogView.m in Sources */,
				783E6C90116995C100DF6820 /* MemberListView.m in Sources */,
				783E6C91116995C100DF6820 /* MemberListViewCell.m in Sources */,
				783E6C9D1169976A00DF6820 /* IRCISupportInfo.m in Sources */,
				783E6CD211699BEE00DF6820 /* IRCUser.m in Sources */,
				78CFA5631169C84100B7AC6B /* IRCChannel.m in Sources */,
				78CFA57F116A078D00B7AC6B /* IRCWorld.m in Sources */,
				78CFA582116A079500B7AC6B /* IRCClient.m in Sources */,
				78CFA71D116A1BDD00B7AC6B /* IRCChannelConfig.m in Sources */,
				78CFA71E116A1BDD00B7AC6B /* IRCClientConfig.m in Sources */,
				78CFA71F116A1BDD00B7AC6B /* IRCWorldConfig.m in Sources */,
				78EF6EDF116ADA5400731FDF /* AppController.m in Sources */,
				787BE9DD116B45E9003AE47D /* MenuController.m in Sources */,
				78E345C6116C6A9A00990CCB /* Preferences.m in Sources */,
				78E345D2116C6ACD00990CCB /* PreferencesController.m in Sources */,
				78E345D3116C6ACD00990CCB /* SoundWrapper.m in Sources */,
				782B99C9116C91AB00304B3C /* ViewTheme.m in Sources */,
				782B9C3B116CAD1300304B3C /* LogTheme.m in Sources */,
				782B9CCF116CB1DD00304B3C /* OtherTheme.m in Sources */,
			);
			runOnlyForDeploymentPostprocessing = 0;
		};
/* End PBXSourcesBuildPhase section */

/* Begin PBXVariantGroup section */
		78347EB91158D4B00073E2F0 /* AutoOpDialog.xib */ = {
			isa = PBXVariantGroup;
			children = (
				78347EBA1158D4B00073E2F0 /* English */,
			);
			name = AutoOpDialog.xib;
			sourceTree = "<group>";
		};
		78347EBB1158D4B00073E2F0 /* ChannelDialog.xib */ = {
			isa = PBXVariantGroup;
			children = (
				78347EBC1158D4B00073E2F0 /* English */,
			);
			name = ChannelDialog.xib;
			sourceTree = "<group>";
		};
		78347EBD1158D4B00073E2F0 /* CommentSheet.xib */ = {
			isa = PBXVariantGroup;
			children = (
				78347EBE1158D4B00073E2F0 /* English */,
			);
			name = CommentSheet.xib;
			sourceTree = "<group>";
		};
		78347EBF1158D4B00073E2F0 /* DccDialog.xib */ = {
			isa = PBXVariantGroup;
			children = (
				78347EC01158D4B00073E2F0 /* English */,
			);
			name = DccDialog.xib;
			sourceTree = "<group>";
		};
		78347EC11158D4B00073E2F0 /* ListDialog.xib */ = {
			isa = PBXVariantGroup;
			children = (
				78347EC21158D4B00073E2F0 /* English */,
			);
			name = ListDialog.xib;
			sourceTree = "<group>";
		};
		78347EC31158D4B00073E2F0 /* MainMenu.xib */ = {
			isa = PBXVariantGroup;
			children = (
				78347EC41158D4B00073E2F0 /* English */,
			);
			name = MainMenu.xib;
			sourceTree = "<group>";
		};
		78347EC51158D4B00073E2F0 /* ModeSheet.xib */ = {
			isa = PBXVariantGroup;
			children = (
				78347EC61158D4B00073E2F0 /* English */,
			);
			name = ModeSheet.xib;
			sourceTree = "<group>";
		};
		78347EC71158D4B00073E2F0 /* NickSheet.xib */ = {
			isa = PBXVariantGroup;
			children = (
				78347EC81158D4B00073E2F0 /* English */,
			);
			name = NickSheet.xib;
			sourceTree = "<group>";
		};
		78347EC91158D4B00073E2F0 /* PasteSheet.xib */ = {
			isa = PBXVariantGroup;
			children = (
				78347ECA1158D4B00073E2F0 /* English */,
			);
			name = PasteSheet.xib;
			sourceTree = "<group>";
		};
		78347ECB1158D4B00073E2F0 /* Preferences.xib */ = {
			isa = PBXVariantGroup;
			children = (
				78347ECC1158D4B00073E2F0 /* English */,
			);
			name = Preferences.xib;
			sourceTree = "<group>";
		};
		78347ECD1158D4B00073E2F0 /* ServerDialog.xib */ = {
			isa = PBXVariantGroup;
			children = (
				78347ECE1158D4B00073E2F0 /* English */,
			);
			name = ServerDialog.xib;
			sourceTree = "<group>";
		};
		78347ECF1158D4B00073E2F0 /* WelcomeDialog.xib */ = {
			isa = PBXVariantGroup;
			children = (
				78347ED01158D4B00073E2F0 /* English */,
			);
			name = WelcomeDialog.xib;
			sourceTree = "<group>";
		};
		78347ED11158D4B00073E2F0 /* WhoisDialog.xib */ = {
			isa = PBXVariantGroup;
			children = (
				78347ED21158D4B00073E2F0 /* English */,
			);
			name = WhoisDialog.xib;
			sourceTree = "<group>";
		};
		78AD78E20C61B8F8001E77F4 /* Localizable.strings */ = {
			isa = PBXVariantGroup;
			children = (
				78AD78E30C61B8F8001E77F4 /* English */,
			);
			name = Localizable.strings;
			sourceTree = "<group>";
		};
/* End PBXVariantGroup section */

/* Begin XCBuildConfiguration section */
		78E570D40C1C306500BDF7EC /* Debug */ = {
			isa = XCBuildConfiguration;
			buildSettings = {
				COPY_PHASE_STRIP = NO;
				FRAMEWORK_SEARCH_PATHS = (
					"$(inherited)",
					"$(FRAMEWORK_SEARCH_PATHS_QUOTED_FOR_TARGET_1)",
					"$(FRAMEWORK_SEARCH_PATHS_QUOTED_FOR_TARGET_2)",
				);
				FRAMEWORK_SEARCH_PATHS_QUOTED_FOR_TARGET_1 = "\"$(SRCROOT)/Frameworks\"";
				FRAMEWORK_SEARCH_PATHS_QUOTED_FOR_TARGET_2 = "\"$(SRCROOT)/Frameworks\"";
				GCC_DYNAMIC_NO_PIC = NO;
				GCC_ENABLE_FIX_AND_CONTINUE = YES;
				GCC_GENERATE_DEBUGGING_SYMBOLS = YES;
				GCC_MODEL_TUNING = G5;
				GCC_OPTIMIZATION_LEVEL = 0;
				GCC_PRECOMPILE_PREFIX_HEADER = YES;
				GCC_PREFIX_HEADER = objc/Others/LimeChat_Prefix.pch;
				INFOPLIST_FILE = Info.plist;
				INSTALL_PATH = /Applications;
				OTHER_LDFLAGS = (
					"-framework",
					Foundation,
					"-framework",
					AppKit,
				);
				PREBINDING = NO;
				PRODUCT_NAME = LimeChat;
				SDKROOT = "";
				WRAPPER_EXTENSION = app;
				ZERO_LINK = YES;
			};
			name = Debug;
		};
		78E570D50C1C306500BDF7EC /* Release */ = {
			isa = XCBuildConfiguration;
			buildSettings = {
				COPY_PHASE_STRIP = YES;
				FRAMEWORK_SEARCH_PATHS = (
					"$(inherited)",
					"$(FRAMEWORK_SEARCH_PATHS_QUOTED_FOR_TARGET_1)",
					"$(FRAMEWORK_SEARCH_PATHS_QUOTED_FOR_TARGET_2)",
				);
				FRAMEWORK_SEARCH_PATHS_QUOTED_FOR_TARGET_1 = "\"$(SRCROOT)/Frameworks\"";
				FRAMEWORK_SEARCH_PATHS_QUOTED_FOR_TARGET_2 = "\"$(SRCROOT)/Frameworks\"";
				GCC_ENABLE_FIX_AND_CONTINUE = NO;
				GCC_GENERATE_DEBUGGING_SYMBOLS = NO;
				GCC_MODEL_TUNING = G5;
				GCC_PRECOMPILE_PREFIX_HEADER = YES;
				GCC_PREFIX_HEADER = objc/Others/LimeChat_Prefix.pch;
				INFOPLIST_FILE = Info.plist;
				INSTALL_PATH = /Applications;
				OTHER_LDFLAGS = (
					"-framework",
					Foundation,
					"-framework",
					AppKit,
				);
				PREBINDING = NO;
				PRODUCT_NAME = LimeChat;
				SDKROOT = /Developer/SDKs/MacOSX10.5.sdk;
				WRAPPER_EXTENSION = app;
				ZERO_LINK = NO;
			};
			name = Release;
		};
		C01FCF4F08A954540054247B /* Debug */ = {
			isa = XCBuildConfiguration;
			buildSettings = {
				ARCHS = "$(ONLY_ACTIVE_ARCH_PRE_XCODE_3_1)";
				GCC_C_LANGUAGE_STANDARD = gnu99;
				GCC_ENABLE_OBJC_EXCEPTIONS = YES;
				GCC_PREPROCESSOR_DEFINITIONS = DEBUG;
				GCC_WARN_ABOUT_RETURN_TYPE = YES;
				GCC_WARN_UNUSED_VARIABLE = YES;
				ONLY_ACTIVE_ARCH_PRE_XCODE_3_1 = "$(NATIVE_ARCH)";
				PREBINDING = NO;
				SDKROOT = /Developer/SDKs/MacOSX10.5.sdk;
			};
			name = Debug;
		};
		C01FCF5008A954540054247B /* Release */ = {
			isa = XCBuildConfiguration;
			buildSettings = {
				ARCHS = "$(ARCHS_STANDARD_32_BIT_PRE_XCODE_3_1)";
				ARCHS_STANDARD_32_BIT_PRE_XCODE_3_1 = "ppc i386";
				GCC_C_LANGUAGE_STANDARD = gnu99;
				GCC_ENABLE_OBJC_EXCEPTIONS = YES;
				GCC_WARN_ABOUT_RETURN_TYPE = YES;
				GCC_WARN_UNUSED_VARIABLE = YES;
				INSTALL_PATH = /Applications;
				MACOSX_DEPLOYMENT_TARGET = 10.5;
				PREBINDING = NO;
				SDKROOT = /Developer/SDKs/MacOSX10.5.sdk;
			};
			name = Release;
		};
/* End XCBuildConfiguration section */

/* Begin XCConfigurationList section */
		78E570D30C1C306500BDF7EC /* Build configuration list for PBXNativeTarget "LimeChat" */ = {
			isa = XCConfigurationList;
			buildConfigurations = (
				78E570D40C1C306500BDF7EC /* Debug */,
				78E570D50C1C306500BDF7EC /* Release */,
			);
			defaultConfigurationIsVisible = 0;
			defaultConfigurationName = Release;
		};
		C01FCF4E08A954540054247B /* Build configuration list for PBXProject "LimeChat" */ = {
			isa = XCConfigurationList;
			buildConfigurations = (
				C01FCF4F08A954540054247B /* Debug */,
				C01FCF5008A954540054247B /* Release */,
			);
			defaultConfigurationIsVisible = 0;
			defaultConfigurationName = Release;
		};
/* End XCConfigurationList section */
	};
	rootObject = 29B97313FDCFA39411CA2CEA /* Project object */;
}
