// !$*UTF8*$!
{
	archiveVersion = 1;
	classes = {
	};
	objectVersion = 42;
	objects = {

/* Begin PBXAggregateTarget section */
		78DB8A8E0C1C3216000C27D9 /* dmg */ = {
			isa = PBXAggregateTarget;
			buildConfigurationList = 78DB8A8F0C1C3234000C27D9 /* Build configuration list for PBXAggregateTarget "dmg" */;
			buildPhases = (
				78DB8A8D0C1C3216000C27D9 /* ShellScript */,
			);
			dependencies = (
			);
			name = dmg;
			productName = dmg;
		};
/* End PBXAggregateTarget section */

/* Begin PBXBuildFile section */
		7821DBDE0C2C84EA00B3EF42 /* PasteSheet.nib in Resources */ = {isa = PBXBuildFile; fileRef = 7821DBDC0C2C84EA00B3EF42 /* PasteSheet.nib */; };
		7821DBE40C2C875700B3EF42 /* pastesheet.rb in Resources */ = {isa = PBXBuildFile; fileRef = 7821DBE30C2C875700B3EF42 /* pastesheet.rb */; };
		78229BC20C288188001DD4C3 /* asynctcpclient.rb in Resources */ = {isa = PBXBuildFile; fileRef = 78229B900C288188001DD4C3 /* asynctcpclient.rb */; };
		78229BC30C288188001DD4C3 /* asynctcpserver.rb in Resources */ = {isa = PBXBuildFile; fileRef = 78229B910C288188001DD4C3 /* asynctcpserver.rb */; };
		78229BC40C288188001DD4C3 /* ircsocket.rb in Resources */ = {isa = PBXBuildFile; fileRef = 78229B920C288188001DD4C3 /* ircsocket.rb */; };
		78229BC50C288188001DD4C3 /* oldtcpserver.rb in Resources */ = {isa = PBXBuildFile; fileRef = 78229B930C288188001DD4C3 /* oldtcpserver.rb */; };
		78229BC60C288188001DD4C3 /* resolver.rb in Resources */ = {isa = PBXBuildFile; fileRef = 78229B940C288188001DD4C3 /* resolver.rb */; };
		78229BC70C288188001DD4C3 /* tcpclient.rb in Resources */ = {isa = PBXBuildFile; fileRef = 78229B950C288188001DD4C3 /* tcpclient.rb */; };
		78229BC80C288188001DD4C3 /* tcpserver.rb in Resources */ = {isa = PBXBuildFile; fileRef = 78229B960C288188001DD4C3 /* tcpserver.rb */; };
		78229BC90C288188001DD4C3 /* timer.rb in Resources */ = {isa = PBXBuildFile; fileRef = 78229B970C288188001DD4C3 /* timer.rb */; };
		78229BCA0C288188001DD4C3 /* appcontroller.rb in Resources */ = {isa = PBXBuildFile; fileRef = 78229B990C288188001DD4C3 /* appcontroller.rb */; };
		78229BCB0C288188001DD4C3 /* menucontroller.rb in Resources */ = {isa = PBXBuildFile; fileRef = 78229B9A0C288188001DD4C3 /* menucontroller.rb */; };
		78229BCC0C288188001DD4C3 /* preferences.rb in Resources */ = {isa = PBXBuildFile; fileRef = 78229B9B0C288188001DD4C3 /* preferences.rb */; };
		78229BCD0C288188001DD4C3 /* dccmanager.rb in Resources */ = {isa = PBXBuildFile; fileRef = 78229B9D0C288188001DD4C3 /* dccmanager.rb */; };
		78229BCE0C288188001DD4C3 /* dccreceiver.rb in Resources */ = {isa = PBXBuildFile; fileRef = 78229B9E0C288188001DD4C3 /* dccreceiver.rb */; };
		78229BCF0C288188001DD4C3 /* dccsender.rb in Resources */ = {isa = PBXBuildFile; fileRef = 78229B9F0C288188001DD4C3 /* dccsender.rb */; };
		78229BD00C288188001DD4C3 /* channeldialog.rb in Resources */ = {isa = PBXBuildFile; fileRef = 78229BA10C288188001DD4C3 /* channeldialog.rb */; };
		78229BD10C288188001DD4C3 /* commentsheet.rb in Resources */ = {isa = PBXBuildFile; fileRef = 78229BA20C288188001DD4C3 /* commentsheet.rb */; };
		78229BD20C288188001DD4C3 /* modesheet.rb in Resources */ = {isa = PBXBuildFile; fileRef = 78229BA30C288188001DD4C3 /* modesheet.rb */; };
		78229BD30C288188001DD4C3 /* nicksheet.rb in Resources */ = {isa = PBXBuildFile; fileRef = 78229BA40C288188001DD4C3 /* nicksheet.rb */; };
		78229BD40C288188001DD4C3 /* serverdialog.rb in Resources */ = {isa = PBXBuildFile; fileRef = 78229BA50C288188001DD4C3 /* serverdialog.rb */; };
		78229BD50C288188001DD4C3 /* whoisdialog.rb in Resources */ = {isa = PBXBuildFile; fileRef = 78229BA60C288188001DD4C3 /* whoisdialog.rb */; };
		78229BD60C288188001DD4C3 /* dialoghelper.rb in Resources */ = {isa = PBXBuildFile; fileRef = 78229BA80C288188001DD4C3 /* dialoghelper.rb */; };
		78229BD70C288188001DD4C3 /* numberformat.rb in Resources */ = {isa = PBXBuildFile; fileRef = 78229BA90C288188001DD4C3 /* numberformat.rb */; };
		78229BD80C288188001DD4C3 /* persistencehelper.rb in Resources */ = {isa = PBXBuildFile; fileRef = 78229BAA0C288188001DD4C3 /* persistencehelper.rb */; };
		78229BD90C288188001DD4C3 /* stringvalidator.rb in Resources */ = {isa = PBXBuildFile; fileRef = 78229BAB0C288188001DD4C3 /* stringvalidator.rb */; };
		78229BDA0C288188001DD4C3 /* urlopener.rb in Resources */ = {isa = PBXBuildFile; fileRef = 78229BAC0C288188001DD4C3 /* urlopener.rb */; };
		78229BDB0C288188001DD4C3 /* userdefaultsaccess.rb in Resources */ = {isa = PBXBuildFile; fileRef = 78229BAD0C288188001DD4C3 /* userdefaultsaccess.rb */; };
		78229BDC0C288188001DD4C3 /* utility.rb in Resources */ = {isa = PBXBuildFile; fileRef = 78229BAE0C288188001DD4C3 /* utility.rb */; };
		78229BE50C288188001DD4C3 /* chatbox.rb in Resources */ = {isa = PBXBuildFile; fileRef = 78229BB90C288188001DD4C3 /* chatbox.rb */; };
		78229BE60C288188001DD4C3 /* dialogwindow.rb in Resources */ = {isa = PBXBuildFile; fileRef = 78229BBA0C288188001DD4C3 /* dialogwindow.rb */; };
		78229BE70C288188001DD4C3 /* listview.rb in Resources */ = {isa = PBXBuildFile; fileRef = 78229BBB0C288188001DD4C3 /* listview.rb */; };
		78229BE80C288188001DD4C3 /* log.rb in Resources */ = {isa = PBXBuildFile; fileRef = 78229BBC0C288188001DD4C3 /* log.rb */; };
		78229BE90C288188001DD4C3 /* logview.rb in Resources */ = {isa = PBXBuildFile; fileRef = 78229BBD0C288188001DD4C3 /* logview.rb */; };
		78229BEA0C288188001DD4C3 /* mainwindow.rb in Resources */ = {isa = PBXBuildFile; fileRef = 78229BBE0C288188001DD4C3 /* mainwindow.rb */; };
		78229BEB0C288188001DD4C3 /* tableprogressindicator.rb in Resources */ = {isa = PBXBuildFile; fileRef = 78229BBF0C288188001DD4C3 /* tableprogressindicator.rb */; };
		78229BEC0C288188001DD4C3 /* treeview.rb in Resources */ = {isa = PBXBuildFile; fileRef = 78229BC00C288188001DD4C3 /* treeview.rb */; };
		78229BED0C288188001DD4C3 /* unitnamecell.rb in Resources */ = {isa = PBXBuildFile; fileRef = 78229BC10C288188001DD4C3 /* unitnamecell.rb */; };
		78496EFA0C288B070084A836 /* PreferenceDialog.nib in Resources */ = {isa = PBXBuildFile; fileRef = 78496EF80C288B070084A836 /* PreferenceDialog.nib */; };
		78496EFD0C2890200084A836 /* preferencedialog.rb in Resources */ = {isa = PBXBuildFile; fileRef = 78496EFC0C2890200084A836 /* preferencedialog.rb */; };
		7867EA4B0C227AD40017B510 /* NickSheet.nib in Resources */ = {isa = PBXBuildFile; fileRef = 7867EA490C227AD40017B510 /* NickSheet.nib */; };
		78755D730C2AC0B30073FF42 /* logrenderer.rb in Resources */ = {isa = PBXBuildFile; fileRef = 78755D720C2AC0B30073FF42 /* logrenderer.rb */; };
		78AF96580C2C219A006D9E4D /* inputhistory.rb in Resources */ = {isa = PBXBuildFile; fileRef = 78AF96570C2C219A006D9E4D /* inputhistory.rb */; };
		78B063530C2BD19D00CDD242 /* singlelineformatter.rb in Resources */ = {isa = PBXBuildFile; fileRef = 78B063520C2BD19D00CDD242 /* singlelineformatter.rb */; };
		78BF64AB0C2885E2004451B2 /* channel.rb in Resources */ = {isa = PBXBuildFile; fileRef = 78BF64A30C2885E2004451B2 /* channel.rb */; };
		78BF64AC0C2885E2004451B2 /* channelmode.rb in Resources */ = {isa = PBXBuildFile; fileRef = 78BF64A40C2885E2004451B2 /* channelmode.rb */; };
		78BF64AD0C2885E2004451B2 /* config.rb in Resources */ = {isa = PBXBuildFile; fileRef = 78BF64A50C2885E2004451B2 /* config.rb */; };
		78BF64AE0C2885E2004451B2 /* ircmessage.rb in Resources */ = {isa = PBXBuildFile; fileRef = 78BF64A60C2885E2004451B2 /* ircmessage.rb */; };
		78BF64AF0C2885E2004451B2 /* unit.rb in Resources */ = {isa = PBXBuildFile; fileRef = 78BF64A70C2885E2004451B2 /* unit.rb */; };
		78BF64B00C2885E2004451B2 /* user.rb in Resources */ = {isa = PBXBuildFile; fileRef = 78BF64A80C2885E2004451B2 /* user.rb */; };
		78BF64B10C2885E2004451B2 /* usermode.rb in Resources */ = {isa = PBXBuildFile; fileRef = 78BF64A90C2885E2004451B2 /* usermode.rb */; };
		78BF64B20C2885E2004451B2 /* world.rb in Resources */ = {isa = PBXBuildFile; fileRef = 78BF64AA0C2885E2004451B2 /* world.rb */; };
		78E572390C1C30BA00BDF7EC /* Cocoa.framework in Frameworks */ = {isa = PBXBuildFile; fileRef = 1058C7A1FEA54F0111CA2CBB /* Cocoa.framework */; };
		78E5723A0C1C30BA00BDF7EC /* RubyCocoa.framework in Frameworks */ = {isa = PBXBuildFile; fileRef = A5D3C7BF0AEB9FEB00C17985 /* RubyCocoa.framework */; };
		78E5723B0C1C30BA00BDF7EC /* WebKit.framework in Frameworks */ = {isa = PBXBuildFile; fileRef = 788D56F00BB6872B00DDBF69 /* WebKit.framework */; };
		78E5723C0C1C30BA00BDF7EC /* Carbon.framework in Frameworks */ = {isa = PBXBuildFile; fileRef = 787FD46C0BFE960100F2F22D /* Carbon.framework */; };
		78E5723D0C1C30BA00BDF7EC /* CoreServices.framework in Frameworks */ = {isa = PBXBuildFile; fileRef = 780253C20C09525900C170D4 /* CoreServices.framework */; };
		78E5723E0C1C30C300BDF7EC /* AsyncSocket.m in Sources */ = {isa = PBXBuildFile; fileRef = 786926F30BB6EC1B0081019B /* AsyncSocket.m */; };
		78E5723F0C1C30C300BDF7EC /* main.m in Sources */ = {isa = PBXBuildFile; fileRef = 786926F40BB6EC1B0081019B /* main.m */; };
		78E572400C1C30C300BDF7EC /* LogEventSinkBase.m in Sources */ = {isa = PBXBuildFile; fileRef = 78189D1C0BB8D4A500AC17B2 /* LogEventSinkBase.m */; };
		78E572410C1C30C300BDF7EC /* Splitter.m in Sources */ = {isa = PBXBuildFile; fileRef = 783A3AA70BC8CB2000FD455A /* Splitter.m */; };
		78E572420C1C30C300BDF7EC /* GradientFill.m in Sources */ = {isa = PBXBuildFile; fileRef = 7804271D0BCA810600C14486 /* GradientFill.m */; };
		78E572430C1C30CE00BDF7EC /* MainMenu.nib in Resources */ = {isa = PBXBuildFile; fileRef = 29B97318FDCFA39411CA2CEA /* MainMenu.nib */; };
		78E572440C1C30CE00BDF7EC /* InfoPlist.strings in Resources */ = {isa = PBXBuildFile; fileRef = 089C165CFE840E0CC02AAC07 /* InfoPlist.strings */; };
		78E572450C1C30CE00BDF7EC /* rb_main.rb in Resources */ = {isa = PBXBuildFile; fileRef = 7869272D0BB6ED9E0081019B /* rb_main.rb */; };
		78E572460C1C30CE00BDF7EC /* CommentSheet.nib in Resources */ = {isa = PBXBuildFile; fileRef = 78C5BAD30BE7B95100C4497A /* CommentSheet.nib */; };
		78E572470C1C30CE00BDF7EC /* ModeSheet.nib in Resources */ = {isa = PBXBuildFile; fileRef = 781E254B0BE9E8E20040F56E /* ModeSheet.nib */; };
		78E572480C1C30CE00BDF7EC /* ServerDialog.nib in Resources */ = {isa = PBXBuildFile; fileRef = 78785B570BEDCF6800456645 /* ServerDialog.nib */; };
		78E572490C1C30CE00BDF7EC /* ChannelDialog.nib in Resources */ = {isa = PBXBuildFile; fileRef = 78B869B90BF2D613007315AA /* ChannelDialog.nib */; };
		78E572660C1C30CE00BDF7EC /* DccDialog.nib in Resources */ = {isa = PBXBuildFile; fileRef = 7817A0380BF6FFCD005C7737 /* DccDialog.nib */; };
		78E572690C1C30CE00BDF7EC /* WhoisDialog.nib in Resources */ = {isa = PBXBuildFile; fileRef = 78A86AD90BFFD87500E28592 /* WhoisDialog.nib */; };
/* End PBXBuildFile section */

/* Begin PBXFileReference section */
		089C165DFE840E0CC02AAC07 /* English */ = {isa = PBXFileReference; fileEncoding = 10; lastKnownFileType = text.plist.strings; name = English; path = English.lproj/InfoPlist.strings; sourceTree = "<group>"; };
		1058C7A1FEA54F0111CA2CBB /* Cocoa.framework */ = {isa = PBXFileReference; lastKnownFileType = wrapper.framework; name = Cocoa.framework; path = /System/Library/Frameworks/Cocoa.framework; sourceTree = "<absolute>"; };
		13E42FB307B3F0F600E4EEF1 /* CoreData.framework */ = {isa = PBXFileReference; lastKnownFileType = wrapper.framework; name = CoreData.framework; path = /System/Library/Frameworks/CoreData.framework; sourceTree = "<absolute>"; };
		29B97319FDCFA39411CA2CEA /* English */ = {isa = PBXFileReference; lastKnownFileType = wrapper.nib; name = English; path = English.lproj/MainMenu.nib; sourceTree = "<group>"; };
		29B97324FDCFA39411CA2CEA /* AppKit.framework */ = {isa = PBXFileReference; lastKnownFileType = wrapper.framework; name = AppKit.framework; path = /System/Library/Frameworks/AppKit.framework; sourceTree = "<absolute>"; };
		29B97325FDCFA39411CA2CEA /* Foundation.framework */ = {isa = PBXFileReference; lastKnownFileType = wrapper.framework; name = Foundation.framework; path = /System/Library/Frameworks/Foundation.framework; sourceTree = "<absolute>"; };
		780253C20C09525900C170D4 /* CoreServices.framework */ = {isa = PBXFileReference; lastKnownFileType = wrapper.framework; name = CoreServices.framework; path = /System/Library/Frameworks/CoreServices.framework; sourceTree = "<absolute>"; };
		7804271C0BCA810600C14486 /* GradientFill.h */ = {isa = PBXFileReference; fileEncoding = 4; lastKnownFileType = sourcecode.c.h; name = GradientFill.h; path = objc/GradientFill.h; sourceTree = "<group>"; };
		7804271D0BCA810600C14486 /* GradientFill.m */ = {isa = PBXFileReference; fileEncoding = 4; lastKnownFileType = sourcecode.c.objc; name = GradientFill.m; path = objc/GradientFill.m; sourceTree = "<group>"; };
		7817A0390BF6FFCD005C7737 /* English */ = {isa = PBXFileReference; lastKnownFileType = wrapper.nib; name = English; path = English.lproj/DccDialog.nib; sourceTree = "<group>"; };
		78189D1B0BB8D4A500AC17B2 /* LogEventSinkBase.h */ = {isa = PBXFileReference; fileEncoding = 0; lastKnownFileType = sourcecode.c.h; name = LogEventSinkBase.h; path = objc/LogEventSinkBase.h; sourceTree = "<group>"; };
		78189D1C0BB8D4A500AC17B2 /* LogEventSinkBase.m */ = {isa = PBXFileReference; fileEncoding = 0; lastKnownFileType = sourcecode.c.objc; name = LogEventSinkBase.m; path = objc/LogEventSinkBase.m; sourceTree = "<group>"; };
		781E254C0BE9E8E20040F56E /* English */ = {isa = PBXFileReference; lastKnownFileType = wrapper.nib; name = English; path = English.lproj/ModeSheet.nib; sourceTree = "<group>"; };
		7821DBDD0C2C84EA00B3EF42 /* English */ = {isa = PBXFileReference; lastKnownFileType = wrapper.nib; name = English; path = English.lproj/PasteSheet.nib; sourceTree = "<group>"; };
		7821DBE30C2C875700B3EF42 /* pastesheet.rb */ = {isa = PBXFileReference; fileEncoding = 0; lastKnownFileType = text.script.ruby; path = pastesheet.rb; sourceTree = "<group>"; };
		78229B900C288188001DD4C3 /* asynctcpclient.rb */ = {isa = PBXFileReference; fileEncoding = 0; lastKnownFileType = text.script.ruby; path = asynctcpclient.rb; sourceTree = "<group>"; };
		78229B910C288188001DD4C3 /* asynctcpserver.rb */ = {isa = PBXFileReference; fileEncoding = 0; lastKnownFileType = text.script.ruby; path = asynctcpserver.rb; sourceTree = "<group>"; };
		78229B920C288188001DD4C3 /* ircsocket.rb */ = {isa = PBXFileReference; fileEncoding = 0; lastKnownFileType = text.script.ruby; path = ircsocket.rb; sourceTree = "<group>"; };
		78229B930C288188001DD4C3 /* oldtcpserver.rb */ = {isa = PBXFileReference; fileEncoding = 0; lastKnownFileType = text.script.ruby; path = oldtcpserver.rb; sourceTree = "<group>"; };
		78229B940C288188001DD4C3 /* resolver.rb */ = {isa = PBXFileReference; fileEncoding = 0; lastKnownFileType = text.script.ruby; path = resolver.rb; sourceTree = "<group>"; };
		78229B950C288188001DD4C3 /* tcpclient.rb */ = {isa = PBXFileReference; fileEncoding = 0; lastKnownFileType = text.script.ruby; path = tcpclient.rb; sourceTree = "<group>"; };
		78229B960C288188001DD4C3 /* tcpserver.rb */ = {isa = PBXFileReference; fileEncoding = 0; lastKnownFileType = text.script.ruby; path = tcpserver.rb; sourceTree = "<group>"; };
		78229B970C288188001DD4C3 /* timer.rb */ = {isa = PBXFileReference; fileEncoding = 0; lastKnownFileType = text.script.ruby; path = timer.rb; sourceTree = "<group>"; };
		78229B990C288188001DD4C3 /* appcontroller.rb */ = {isa = PBXFileReference; fileEncoding = 0; lastKnownFileType = text.script.ruby; path = appcontroller.rb; sourceTree = "<group>"; };
		78229B9A0C288188001DD4C3 /* menucontroller.rb */ = {isa = PBXFileReference; fileEncoding = 0; lastKnownFileType = text.script.ruby; path = menucontroller.rb; sourceTree = "<group>"; };
		78229B9B0C288188001DD4C3 /* preferences.rb */ = {isa = PBXFileReference; fileEncoding = 0; lastKnownFileType = text.script.ruby; path = preferences.rb; sourceTree = "<group>"; };
		78229B9D0C288188001DD4C3 /* dccmanager.rb */ = {isa = PBXFileReference; fileEncoding = 0; lastKnownFileType = text.script.ruby; path = dccmanager.rb; sourceTree = "<group>"; };
		78229B9E0C288188001DD4C3 /* dccreceiver.rb */ = {isa = PBXFileReference; fileEncoding = 0; lastKnownFileType = text.script.ruby; path = dccreceiver.rb; sourceTree = "<group>"; };
		78229B9F0C288188001DD4C3 /* dccsender.rb */ = {isa = PBXFileReference; fileEncoding = 0; lastKnownFileType = text.script.ruby; path = dccsender.rb; sourceTree = "<group>"; };
		78229BA10C288188001DD4C3 /* channeldialog.rb */ = {isa = PBXFileReference; fileEncoding = 0; lastKnownFileType = text.script.ruby; path = channeldialog.rb; sourceTree = "<group>"; };
		78229BA20C288188001DD4C3 /* commentsheet.rb */ = {isa = PBXFileReference; fileEncoding = 0; lastKnownFileType = text.script.ruby; path = commentsheet.rb; sourceTree = "<group>"; };
		78229BA30C288188001DD4C3 /* modesheet.rb */ = {isa = PBXFileReference; fileEncoding = 0; lastKnownFileType = text.script.ruby; path = modesheet.rb; sourceTree = "<group>"; };
		78229BA40C288188001DD4C3 /* nicksheet.rb */ = {isa = PBXFileReference; fileEncoding = 0; lastKnownFileType = text.script.ruby; path = nicksheet.rb; sourceTree = "<group>"; };
		78229BA50C288188001DD4C3 /* serverdialog.rb */ = {isa = PBXFileReference; fileEncoding = 0; lastKnownFileType = text.script.ruby; path = serverdialog.rb; sourceTree = "<group>"; };
		78229BA60C288188001DD4C3 /* whoisdialog.rb */ = {isa = PBXFileReference; fileEncoding = 0; lastKnownFileType = text.script.ruby; path = whoisdialog.rb; sourceTree = "<group>"; };
		78229BA80C288188001DD4C3 /* dialoghelper.rb */ = {isa = PBXFileReference; fileEncoding = 0; lastKnownFileType = text.script.ruby; path = dialoghelper.rb; sourceTree = "<group>"; };
		78229BA90C288188001DD4C3 /* numberformat.rb */ = {isa = PBXFileReference; fileEncoding = 0; lastKnownFileType = text.script.ruby; path = numberformat.rb; sourceTree = "<group>"; };
		78229BAA0C288188001DD4C3 /* persistencehelper.rb */ = {isa = PBXFileReference; fileEncoding = 0; lastKnownFileType = text.script.ruby; path = persistencehelper.rb; sourceTree = "<group>"; };
		78229BAB0C288188001DD4C3 /* stringvalidator.rb */ = {isa = PBXFileReference; fileEncoding = 0; lastKnownFileType = text.script.ruby; path = stringvalidator.rb; sourceTree = "<group>"; };
		78229BAC0C288188001DD4C3 /* urlopener.rb */ = {isa = PBXFileReference; fileEncoding = 0; lastKnownFileType = text.script.ruby; path = urlopener.rb; sourceTree = "<group>"; };
		78229BAD0C288188001DD4C3 /* userdefaultsaccess.rb */ = {isa = PBXFileReference; fileEncoding = 0; lastKnownFileType = text.script.ruby; path = userdefaultsaccess.rb; sourceTree = "<group>"; };
		78229BAE0C288188001DD4C3 /* utility.rb */ = {isa = PBXFileReference; fileEncoding = 0; lastKnownFileType = text.script.ruby; path = utility.rb; sourceTree = "<group>"; };
		78229BB90C288188001DD4C3 /* chatbox.rb */ = {isa = PBXFileReference; fileEncoding = 0; lastKnownFileType = text.script.ruby; path = chatbox.rb; sourceTree = "<group>"; };
		78229BBA0C288188001DD4C3 /* dialogwindow.rb */ = {isa = PBXFileReference; fileEncoding = 0; lastKnownFileType = text.script.ruby; path = dialogwindow.rb; sourceTree = "<group>"; };
		78229BBB0C288188001DD4C3 /* listview.rb */ = {isa = PBXFileReference; fileEncoding = 0; lastKnownFileType = text.script.ruby; path = listview.rb; sourceTree = "<group>"; };
		78229BBC0C288188001DD4C3 /* log.rb */ = {isa = PBXFileReference; fileEncoding = 0; lastKnownFileType = text.script.ruby; path = log.rb; sourceTree = "<group>"; };
		78229BBD0C288188001DD4C3 /* logview.rb */ = {isa = PBXFileReference; fileEncoding = 0; lastKnownFileType = text.script.ruby; path = logview.rb; sourceTree = "<group>"; };
		78229BBE0C288188001DD4C3 /* mainwindow.rb */ = {isa = PBXFileReference; fileEncoding = 0; lastKnownFileType = text.script.ruby; path = mainwindow.rb; sourceTree = "<group>"; };
		78229BBF0C288188001DD4C3 /* tableprogressindicator.rb */ = {isa = PBXFileReference; fileEncoding = 0; lastKnownFileType = text.script.ruby; path = tableprogressindicator.rb; sourceTree = "<group>"; };
		78229BC00C288188001DD4C3 /* treeview.rb */ = {isa = PBXFileReference; fileEncoding = 0; lastKnownFileType = text.script.ruby; path = treeview.rb; sourceTree = "<group>"; };
		78229BC10C288188001DD4C3 /* unitnamecell.rb */ = {isa = PBXFileReference; fileEncoding = 0; lastKnownFileType = text.script.ruby; path = unitnamecell.rb; sourceTree = "<group>"; };
		783A3AA60BC8CB2000FD455A /* Splitter.h */ = {isa = PBXFileReference; fileEncoding = 0; lastKnownFileType = sourcecode.c.h; name = Splitter.h; path = objc/Splitter.h; sourceTree = "<group>"; };
		783A3AA70BC8CB2000FD455A /* Splitter.m */ = {isa = PBXFileReference; fileEncoding = 0; lastKnownFileType = sourcecode.c.objc; name = Splitter.m; path = objc/Splitter.m; sourceTree = "<group>"; };
		78496EF90C288B070084A836 /* English */ = {isa = PBXFileReference; lastKnownFileType = wrapper.nib; name = English; path = English.lproj/PreferenceDialog.nib; sourceTree = "<group>"; };
		78496EFC0C2890200084A836 /* preferencedialog.rb */ = {isa = PBXFileReference; fileEncoding = 0; lastKnownFileType = text.script.ruby; path = preferencedialog.rb; sourceTree = "<group>"; };
		7867EA4A0C227AD40017B510 /* English */ = {isa = PBXFileReference; lastKnownFileType = wrapper.nib; name = English; path = English.lproj/NickSheet.nib; sourceTree = "<group>"; };
		786926F20BB6EC1B0081019B /* AsyncSocket.h */ = {isa = PBXFileReference; fileEncoding = 0; lastKnownFileType = sourcecode.c.h; name = AsyncSocket.h; path = objc/AsyncSocket.h; sourceTree = "<group>"; };
		786926F30BB6EC1B0081019B /* AsyncSocket.m */ = {isa = PBXFileReference; fileEncoding = 0; lastKnownFileType = sourcecode.c.objc; name = AsyncSocket.m; path = objc/AsyncSocket.m; sourceTree = "<group>"; };
		786926F40BB6EC1B0081019B /* main.m */ = {isa = PBXFileReference; fileEncoding = 0; lastKnownFileType = sourcecode.c.objc; name = main.m; path = objc/main.m; sourceTree = "<group>"; };
		7869272D0BB6ED9E0081019B /* rb_main.rb */ = {isa = PBXFileReference; fileEncoding = 0; lastKnownFileType = text.script.ruby; name = rb_main.rb; path = objc/rb_main.rb; sourceTree = "<group>"; };
		78755D720C2AC0B30073FF42 /* logrenderer.rb */ = {isa = PBXFileReference; fileEncoding = 0; lastKnownFileType = text.script.ruby; path = logrenderer.rb; sourceTree = "<group>"; };
		78785B580BEDCF6800456645 /* English */ = {isa = PBXFileReference; lastKnownFileType = wrapper.nib; name = English; path = English.lproj/ServerDialog.nib; sourceTree = "<group>"; };
		787FD46C0BFE960100F2F22D /* Carbon.framework */ = {isa = PBXFileReference; lastKnownFileType = wrapper.framework; name = Carbon.framework; path = /System/Library/Frameworks/Carbon.framework; sourceTree = "<absolute>"; };
		788D56F00BB6872B00DDBF69 /* WebKit.framework */ = {isa = PBXFileReference; lastKnownFileType = wrapper.framework; name = WebKit.framework; path = /System/Library/Frameworks/WebKit.framework; sourceTree = "<absolute>"; };
		78A86ADA0BFFD87500E28592 /* English */ = {isa = PBXFileReference; lastKnownFileType = wrapper.nib; name = English; path = English.lproj/WhoisDialog.nib; sourceTree = "<group>"; };
		78AF96570C2C219A006D9E4D /* inputhistory.rb */ = {isa = PBXFileReference; fileEncoding = 0; lastKnownFileType = text.script.ruby; path = inputhistory.rb; sourceTree = "<group>"; };
		78B063520C2BD19D00CDD242 /* singlelineformatter.rb */ = {isa = PBXFileReference; fileEncoding = 0; lastKnownFileType = text.script.ruby; path = singlelineformatter.rb; sourceTree = "<group>"; };
		78B869BA0BF2D613007315AA /* English */ = {isa = PBXFileReference; lastKnownFileType = wrapper.nib; name = English; path = English.lproj/ChannelDialog.nib; sourceTree = "<group>"; };
		78BF64A30C2885E2004451B2 /* channel.rb */ = {isa = PBXFileReference; fileEncoding = 0; lastKnownFileType = text.script.ruby; path = channel.rb; sourceTree = "<group>"; };
		78BF64A40C2885E2004451B2 /* channelmode.rb */ = {isa = PBXFileReference; fileEncoding = 0; lastKnownFileType = text.script.ruby; path = channelmode.rb; sourceTree = "<group>"; };
		78BF64A50C2885E2004451B2 /* config.rb */ = {isa = PBXFileReference; fileEncoding = 0; lastKnownFileType = text.script.ruby; path = config.rb; sourceTree = "<group>"; };
		78BF64A60C2885E2004451B2 /* ircmessage.rb */ = {isa = PBXFileReference; fileEncoding = 0; lastKnownFileType = text.script.ruby; path = ircmessage.rb; sourceTree = "<group>"; };
		78BF64A70C2885E2004451B2 /* unit.rb */ = {isa = PBXFileReference; fileEncoding = 0; lastKnownFileType = text.script.ruby; path = unit.rb; sourceTree = "<group>"; };
		78BF64A80C2885E2004451B2 /* user.rb */ = {isa = PBXFileReference; fileEncoding = 0; lastKnownFileType = text.script.ruby; path = user.rb; sourceTree = "<group>"; };
		78BF64A90C2885E2004451B2 /* usermode.rb */ = {isa = PBXFileReference; fileEncoding = 0; lastKnownFileType = text.script.ruby; path = usermode.rb; sourceTree = "<group>"; };
		78BF64AA0C2885E2004451B2 /* world.rb */ = {isa = PBXFileReference; fileEncoding = 0; lastKnownFileType = text.script.ruby; path = world.rb; sourceTree = "<group>"; };
		78C5BAD40BE7B95100C4497A /* English */ = {isa = PBXFileReference; lastKnownFileType = wrapper.nib; name = English; path = English.lproj/CommentSheet.nib; sourceTree = "<group>"; };
		78E570D00C1C306500BDF7EC /* LimeChat.app */ = {isa = PBXFileReference; includeInIndex = 0; lastKnownFileType = wrapper.application; path = LimeChat.app; sourceTree = BUILT_PRODUCTS_DIR; };
		8D1107310486CEB800E47090 /* Info.plist */ = {isa = PBXFileReference; fileEncoding = 4; lastKnownFileType = text.plist; path = Info.plist; sourceTree = "<group>"; };
		A5D3C7BF0AEB9FEB00C17985 /* RubyCocoa.framework */ = {isa = PBXFileReference; lastKnownFileType = wrapper.framework; name = RubyCocoa.framework; path = /Library/Frameworks/RubyCocoa.framework; sourceTree = "<absolute>"; };
/* End PBXFileReference section */

/* Begin PBXFrameworksBuildPhase section */
		78E570CE0C1C306500BDF7EC /* Frameworks */ = {
			isa = PBXFrameworksBuildPhase;
			buildActionMask = 2147483647;
			files = (
				78E572390C1C30BA00BDF7EC /* Cocoa.framework in Frameworks */,
				78E5723A0C1C30BA00BDF7EC /* RubyCocoa.framework in Frameworks */,
				78E5723B0C1C30BA00BDF7EC /* WebKit.framework in Frameworks */,
				78E5723C0C1C30BA00BDF7EC /* Carbon.framework in Frameworks */,
				78E5723D0C1C30BA00BDF7EC /* CoreServices.framework in Frameworks */,
			);
			runOnlyForDeploymentPostprocessing = 0;
		};
/* End PBXFrameworksBuildPhase section */

/* Begin PBXGroup section */
		080E96DDFE201D6D7F000001 /* Classes */ = {
			isa = PBXGroup;
			children = (
				78A47CF40BF6DE6B001C5B15 /* ruby */,
			);
			name = Classes;
			sourceTree = "<group>";
		};
		1058C7A0FEA54F0111CA2CBB /* Linked Frameworks */ = {
			isa = PBXGroup;
			children = (
				787FD46C0BFE960100F2F22D /* Carbon.framework */,
				1058C7A1FEA54F0111CA2CBB /* Cocoa.framework */,
			);
			name = "Linked Frameworks";
			sourceTree = "<group>";
		};
		1058C7A2FEA54F0111CA2CBB /* Other Frameworks */ = {
			isa = PBXGroup;
			children = (
				780253C20C09525900C170D4 /* CoreServices.framework */,
				29B97324FDCFA39411CA2CEA /* AppKit.framework */,
				29B97325FDCFA39411CA2CEA /* Foundation.framework */,
				13E42FB307B3F0F600E4EEF1 /* CoreData.framework */,
				788D56F00BB6872B00DDBF69 /* WebKit.framework */,
				A5D3C7BF0AEB9FEB00C17985 /* RubyCocoa.framework */,
			);
			name = "Other Frameworks";
			sourceTree = "<group>";
		};
		19C28FACFE9D520D11CA2CBB /* Products */ = {
			isa = PBXGroup;
			children = (
				78E570D00C1C306500BDF7EC /* LimeChat.app */,
			);
			name = Products;
			sourceTree = "<group>";
		};
		29B97314FDCFA39411CA2CEA /* LimeChat */ = {
			isa = PBXGroup;
			children = (
				080E96DDFE201D6D7F000001 /* Classes */,
				29B97315FDCFA39411CA2CEA /* Other Sources */,
				29B97317FDCFA39411CA2CEA /* Resources */,
				29B97323FDCFA39411CA2CEA /* Frameworks */,
				19C28FACFE9D520D11CA2CBB /* Products */,
			);
			name = LimeChat;
			sourceTree = "<group>";
		};
		29B97315FDCFA39411CA2CEA /* Other Sources */ = {
			isa = PBXGroup;
			children = (
				786927470BB6EE130081019B /* objc */,
			);
			name = "Other Sources";
			sourceTree = "<group>";
		};
		29B97317FDCFA39411CA2CEA /* Resources */ = {
			isa = PBXGroup;
			children = (
				8D1107310486CEB800E47090 /* Info.plist */,
				089C165CFE840E0CC02AAC07 /* InfoPlist.strings */,
				29B97318FDCFA39411CA2CEA /* MainMenu.nib */,
				78C5BAD30BE7B95100C4497A /* CommentSheet.nib */,
				781E254B0BE9E8E20040F56E /* ModeSheet.nib */,
				78785B570BEDCF6800456645 /* ServerDialog.nib */,
				78B869B90BF2D613007315AA /* ChannelDialog.nib */,
				7817A0380BF6FFCD005C7737 /* DccDialog.nib */,
				78A86AD90BFFD87500E28592 /* WhoisDialog.nib */,
				7867EA490C227AD40017B510 /* NickSheet.nib */,
				78496EF80C288B070084A836 /* PreferenceDialog.nib */,
				7821DBDC0C2C84EA00B3EF42 /* PasteSheet.nib */,
			);
			name = Resources;
			sourceTree = "<group>";
		};
		29B97323FDCFA39411CA2CEA /* Frameworks */ = {
			isa = PBXGroup;
			children = (
				1058C7A0FEA54F0111CA2CBB /* Linked Frameworks */,
				1058C7A2FEA54F0111CA2CBB /* Other Frameworks */,
			);
			name = Frameworks;
			sourceTree = "<group>";
		};
		78229B8F0C288188001DD4C3 /* component */ = {
			isa = PBXGroup;
			children = (
				78AF96570C2C219A006D9E4D /* inputhistory.rb */,
				78229B900C288188001DD4C3 /* asynctcpclient.rb */,
				78229B910C288188001DD4C3 /* asynctcpserver.rb */,
				78229B920C288188001DD4C3 /* ircsocket.rb */,
				78229B930C288188001DD4C3 /* oldtcpserver.rb */,
				78229B940C288188001DD4C3 /* resolver.rb */,
				78229B950C288188001DD4C3 /* tcpclient.rb */,
				78229B960C288188001DD4C3 /* tcpserver.rb */,
				78229B970C288188001DD4C3 /* timer.rb */,
			);
			path = component;
			sourceTree = "<group>";
		};
		78229B980C288188001DD4C3 /* controller */ = {
			isa = PBXGroup;
			children = (
				78229B990C288188001DD4C3 /* appcontroller.rb */,
				78229B9A0C288188001DD4C3 /* menucontroller.rb */,
				78229B9B0C288188001DD4C3 /* preferences.rb */,
			);
			path = controller;
			sourceTree = "<group>";
		};
		78229B9C0C288188001DD4C3 /* dcc */ = {
			isa = PBXGroup;
			children = (
				78229B9D0C288188001DD4C3 /* dccmanager.rb */,
				78229B9E0C288188001DD4C3 /* dccreceiver.rb */,
				78229B9F0C288188001DD4C3 /* dccsender.rb */,
			);
			path = dcc;
			sourceTree = "<group>";
		};
		78229BA00C288188001DD4C3 /* dialog */ = {
			isa = PBXGroup;
			children = (
				7821DBE30C2C875700B3EF42 /* pastesheet.rb */,
				78496EFC0C2890200084A836 /* preferencedialog.rb */,
				78229BA10C288188001DD4C3 /* channeldialog.rb */,
				78229BA20C288188001DD4C3 /* commentsheet.rb */,
				78229BA30C288188001DD4C3 /* modesheet.rb */,
				78229BA40C288188001DD4C3 /* nicksheet.rb */,
				78229BA50C288188001DD4C3 /* serverdialog.rb */,
				78229BA60C288188001DD4C3 /* whoisdialog.rb */,
			);
			path = dialog;
			sourceTree = "<group>";
		};
		78229BA70C288188001DD4C3 /* lib */ = {
			isa = PBXGroup;
			children = (
				78229BA80C288188001DD4C3 /* dialoghelper.rb */,
				78229BA90C288188001DD4C3 /* numberformat.rb */,
				78229BAA0C288188001DD4C3 /* persistencehelper.rb */,
				78229BAB0C288188001DD4C3 /* stringvalidator.rb */,
				78229BAC0C288188001DD4C3 /* urlopener.rb */,
				78229BAD0C288188001DD4C3 /* userdefaultsaccess.rb */,
				78229BAE0C288188001DD4C3 /* utility.rb */,
			);
			path = lib;
			sourceTree = "<group>";
		};
		78229BB80C288188001DD4C3 /* view */ = {
			isa = PBXGroup;
			children = (
				78B063520C2BD19D00CDD242 /* singlelineformatter.rb */,
				78755D720C2AC0B30073FF42 /* logrenderer.rb */,
				78229BB90C288188001DD4C3 /* chatbox.rb */,
				78229BBA0C288188001DD4C3 /* dialogwindow.rb */,
				78229BBB0C288188001DD4C3 /* listview.rb */,
				78229BBC0C288188001DD4C3 /* log.rb */,
				78229BBD0C288188001DD4C3 /* logview.rb */,
				78229BBE0C288188001DD4C3 /* mainwindow.rb */,
				78229BBF0C288188001DD4C3 /* tableprogressindicator.rb */,
				78229BC00C288188001DD4C3 /* treeview.rb */,
				78229BC10C288188001DD4C3 /* unitnamecell.rb */,
			);
			path = view;
			sourceTree = "<group>";
		};
		786927470BB6EE130081019B /* objc */ = {
			isa = PBXGroup;
			children = (
				783A3AA60BC8CB2000FD455A /* Splitter.h */,
				783A3AA70BC8CB2000FD455A /* Splitter.m */,
				78189D1B0BB8D4A500AC17B2 /* LogEventSinkBase.h */,
				78189D1C0BB8D4A500AC17B2 /* LogEventSinkBase.m */,
				786926F20BB6EC1B0081019B /* AsyncSocket.h */,
				786926F30BB6EC1B0081019B /* AsyncSocket.m */,
				7869272D0BB6ED9E0081019B /* rb_main.rb */,
				786926F40BB6EC1B0081019B /* main.m */,
				7804271C0BCA810600C14486 /* GradientFill.h */,
				7804271D0BCA810600C14486 /* GradientFill.m */,
			);
			name = objc;
			sourceTree = "<group>";
		};
		78A47CF40BF6DE6B001C5B15 /* ruby */ = {
			isa = PBXGroup;
			children = (
				78BF64A20C2885E2004451B2 /* irc */,
				78229B8F0C288188001DD4C3 /* component */,
				78229B980C288188001DD4C3 /* controller */,
				78229B9C0C288188001DD4C3 /* dcc */,
				78229BA00C288188001DD4C3 /* dialog */,
				78229BA70C288188001DD4C3 /* lib */,
				78229BB80C288188001DD4C3 /* view */,
			);
			path = ruby;
			sourceTree = "<group>";
		};
		78BF64A20C2885E2004451B2 /* irc */ = {
			isa = PBXGroup;
			children = (
				78BF64A30C2885E2004451B2 /* channel.rb */,
				78BF64A40C2885E2004451B2 /* channelmode.rb */,
				78BF64A50C2885E2004451B2 /* config.rb */,
				78BF64A60C2885E2004451B2 /* ircmessage.rb */,
				78BF64A70C2885E2004451B2 /* unit.rb */,
				78BF64A80C2885E2004451B2 /* user.rb */,
				78BF64A90C2885E2004451B2 /* usermode.rb */,
				78BF64AA0C2885E2004451B2 /* world.rb */,
			);
			path = irc;
			sourceTree = "<group>";
		};
/* End PBXGroup section */

/* Begin PBXNativeTarget section */
		78E570CF0C1C306500BDF7EC /* LimeChat */ = {
			isa = PBXNativeTarget;
			buildConfigurationList = 78E570D30C1C306500BDF7EC /* Build configuration list for PBXNativeTarget "LimeChat" */;
			buildPhases = (
				78E570CC0C1C306500BDF7EC /* Resources */,
				78E570CD0C1C306500BDF7EC /* Sources */,
				78E570CE0C1C306500BDF7EC /* Frameworks */,
			);
			buildRules = (
			);
			dependencies = (
			);
			name = LimeChat;
			productName = LimeChat;
			productReference = 78E570D00C1C306500BDF7EC /* LimeChat.app */;
			productType = "com.apple.product-type.application";
		};
/* End PBXNativeTarget section */

/* Begin PBXProject section */
		29B97313FDCFA39411CA2CEA /* Project object */ = {
			isa = PBXProject;
			buildConfigurationList = C01FCF4E08A954540054247B /* Build configuration list for PBXProject "LimeChat" */;
			hasScannedForEncodings = 1;
			mainGroup = 29B97314FDCFA39411CA2CEA /* LimeChat */;
			projectDirPath = "";
			targets = (
				78E570CF0C1C306500BDF7EC /* LimeChat */,
				78DB8A8E0C1C3216000C27D9 /* dmg */,
			);
		};
/* End PBXProject section */

/* Begin PBXResourcesBuildPhase section */
		78E570CC0C1C306500BDF7EC /* Resources */ = {
			isa = PBXResourcesBuildPhase;
			buildActionMask = 2147483647;
			files = (
				78E572430C1C30CE00BDF7EC /* MainMenu.nib in Resources */,
				78E572440C1C30CE00BDF7EC /* InfoPlist.strings in Resources */,
				78E572450C1C30CE00BDF7EC /* rb_main.rb in Resources */,
				78E572460C1C30CE00BDF7EC /* CommentSheet.nib in Resources */,
				78E572470C1C30CE00BDF7EC /* ModeSheet.nib in Resources */,
				78E572480C1C30CE00BDF7EC /* ServerDialog.nib in Resources */,
				78E572490C1C30CE00BDF7EC /* ChannelDialog.nib in Resources */,
				78E572660C1C30CE00BDF7EC /* DccDialog.nib in Resources */,
				78E572690C1C30CE00BDF7EC /* WhoisDialog.nib in Resources */,
				7867EA4B0C227AD40017B510 /* NickSheet.nib in Resources */,
				78229BC20C288188001DD4C3 /* asynctcpclient.rb in Resources */,
				78229BC30C288188001DD4C3 /* asynctcpserver.rb in Resources */,
				78229BC40C288188001DD4C3 /* ircsocket.rb in Resources */,
				78229BC50C288188001DD4C3 /* oldtcpserver.rb in Resources */,
				78229BC60C288188001DD4C3 /* resolver.rb in Resources */,
				78229BC70C288188001DD4C3 /* tcpclient.rb in Resources */,
				78229BC80C288188001DD4C3 /* tcpserver.rb in Resources */,
				78229BC90C288188001DD4C3 /* timer.rb in Resources */,
				78229BCA0C288188001DD4C3 /* appcontroller.rb in Resources */,
				78229BCB0C288188001DD4C3 /* menucontroller.rb in Resources */,
				78229BCC0C288188001DD4C3 /* preferences.rb in Resources */,
				78229BCD0C288188001DD4C3 /* dccmanager.rb in Resources */,
				78229BCE0C288188001DD4C3 /* dccreceiver.rb in Resources */,
				78229BCF0C288188001DD4C3 /* dccsender.rb in Resources */,
				78229BD00C288188001DD4C3 /* channeldialog.rb in Resources */,
				78229BD10C288188001DD4C3 /* commentsheet.rb in Resources */,
				78229BD20C288188001DD4C3 /* modesheet.rb in Resources */,
				78229BD30C288188001DD4C3 /* nicksheet.rb in Resources */,
				78229BD40C288188001DD4C3 /* serverdialog.rb in Resources */,
				78229BD50C288188001DD4C3 /* whoisdialog.rb in Resources */,
				78229BD60C288188001DD4C3 /* dialoghelper.rb in Resources */,
				78229BD70C288188001DD4C3 /* numberformat.rb in Resources */,
				78229BD80C288188001DD4C3 /* persistencehelper.rb in Resources */,
				78229BD90C288188001DD4C3 /* stringvalidator.rb in Resources */,
				78229BDA0C288188001DD4C3 /* urlopener.rb in Resources */,
				78229BDB0C288188001DD4C3 /* userdefaultsaccess.rb in Resources */,
				78229BDC0C288188001DD4C3 /* utility.rb in Resources */,
				78229BE50C288188001DD4C3 /* chatbox.rb in Resources */,
				78229BE60C288188001DD4C3 /* dialogwindow.rb in Resources */,
				78229BE70C288188001DD4C3 /* listview.rb in Resources */,
				78229BE80C288188001DD4C3 /* log.rb in Resources */,
				78229BE90C288188001DD4C3 /* logview.rb in Resources */,
				78229BEA0C288188001DD4C3 /* mainwindow.rb in Resources */,
				78229BEB0C288188001DD4C3 /* tableprogressindicator.rb in Resources */,
				78229BEC0C288188001DD4C3 /* treeview.rb in Resources */,
				78229BED0C288188001DD4C3 /* unitnamecell.rb in Resources */,
				78BF64AB0C2885E2004451B2 /* channel.rb in Resources */,
				78BF64AC0C2885E2004451B2 /* channelmode.rb in Resources */,
				78BF64AD0C2885E2004451B2 /* config.rb in Resources */,
				78BF64AE0C2885E2004451B2 /* ircmessage.rb in Resources */,
				78BF64AF0C2885E2004451B2 /* unit.rb in Resources */,
				78BF64B00C2885E2004451B2 /* user.rb in Resources */,
				78BF64B10C2885E2004451B2 /* usermode.rb in Resources */,
				78BF64B20C2885E2004451B2 /* world.rb in Resources */,
				78496EFA0C288B070084A836 /* PreferenceDialog.nib in Resources */,
				78496EFD0C2890200084A836 /* preferencedialog.rb in Resources */,
				78755D730C2AC0B30073FF42 /* logrenderer.rb in Resources */,
				78B063530C2BD19D00CDD242 /* singlelineformatter.rb in Resources */,
				78AF96580C2C219A006D9E4D /* inputhistory.rb in Resources */,
				7821DBDE0C2C84EA00B3EF42 /* PasteSheet.nib in Resources */,
				7821DBE40C2C875700B3EF42 /* pastesheet.rb in Resources */,
			);
			runOnlyForDeploymentPostprocessing = 0;
		};
/* End PBXResourcesBuildPhase section */

/* Begin PBXShellScriptBuildPhase section */
		78DB8A8D0C1C3216000C27D9 /* ShellScript */ = {
			isa = PBXShellScriptBuildPhase;
			buildActionMask = 2147483647;
			files = (
			);
			inputPaths = (
			);
			outputPaths = (
			);
			runOnlyForDeploymentPostprocessing = 0;
			shellPath = /bin/sh;
			shellScript = "imagename=\"build/$PROJECT_NAME.dmg\"\nif [ -e \"$imagename\" ]\nthen\nrm \"$imagename\"\nfi\n#hdiutil create -srcfolder $CONFIGURATION_BUILD_DIR -volname \"$PROJECT_NAME\" \"$imagename\"\nln -s /Applications build/Release\ncp doc/* build/Release/LimeChat.app/Contents/Resources/\nhdiutil create -srcfolder build/Release -volname \"$PROJECT_NAME\" \"$imagename\"\n";
		};
/* End PBXShellScriptBuildPhase section */

/* Begin PBXSourcesBuildPhase section */
		78E570CD0C1C306500BDF7EC /* Sources */ = {
			isa = PBXSourcesBuildPhase;
			buildActionMask = 2147483647;
			files = (
				78E5723E0C1C30C300BDF7EC /* AsyncSocket.m in Sources */,
				78E5723F0C1C30C300BDF7EC /* main.m in Sources */,
				78E572400C1C30C300BDF7EC /* LogEventSinkBase.m in Sources */,
				78E572410C1C30C300BDF7EC /* Splitter.m in Sources */,
				78E572420C1C30C300BDF7EC /* GradientFill.m in Sources */,
			);
			runOnlyForDeploymentPostprocessing = 0;
		};
/* End PBXSourcesBuildPhase section */

/* Begin PBXVariantGroup section */
		089C165CFE840E0CC02AAC07 /* InfoPlist.strings */ = {
			isa = PBXVariantGroup;
			children = (
				089C165DFE840E0CC02AAC07 /* English */,
			);
			name = InfoPlist.strings;
			sourceTree = "<group>";
		};
		29B97318FDCFA39411CA2CEA /* MainMenu.nib */ = {
			isa = PBXVariantGroup;
			children = (
				29B97319FDCFA39411CA2CEA /* English */,
			);
			name = MainMenu.nib;
			sourceTree = "<group>";
		};
		7817A0380BF6FFCD005C7737 /* DccDialog.nib */ = {
			isa = PBXVariantGroup;
			children = (
				7817A0390BF6FFCD005C7737 /* English */,
			);
			name = DccDialog.nib;
			sourceTree = "<group>";
		};
		781E254B0BE9E8E20040F56E /* ModeSheet.nib */ = {
			isa = PBXVariantGroup;
			children = (
				781E254C0BE9E8E20040F56E /* English */,
			);
			name = ModeSheet.nib;
			sourceTree = "<group>";
		};
		7821DBDC0C2C84EA00B3EF42 /* PasteSheet.nib */ = {
			isa = PBXVariantGroup;
			children = (
				7821DBDD0C2C84EA00B3EF42 /* English */,
			);
			name = PasteSheet.nib;
			sourceTree = "<group>";
		};
		78496EF80C288B070084A836 /* PreferenceDialog.nib */ = {
			isa = PBXVariantGroup;
			children = (
				78496EF90C288B070084A836 /* English */,
			);
			name = PreferenceDialog.nib;
			sourceTree = "<group>";
		};
		7867EA490C227AD40017B510 /* NickSheet.nib */ = {
			isa = PBXVariantGroup;
			children = (
				7867EA4A0C227AD40017B510 /* English */,
			);
			name = NickSheet.nib;
			sourceTree = "<group>";
		};
		78785B570BEDCF6800456645 /* ServerDialog.nib */ = {
			isa = PBXVariantGroup;
			children = (
				78785B580BEDCF6800456645 /* English */,
			);
			name = ServerDialog.nib;
			sourceTree = "<group>";
		};
		78A86AD90BFFD87500E28592 /* WhoisDialog.nib */ = {
			isa = PBXVariantGroup;
			children = (
				78A86ADA0BFFD87500E28592 /* English */,
			);
			name = WhoisDialog.nib;
			sourceTree = "<group>";
		};
		78B869B90BF2D613007315AA /* ChannelDialog.nib */ = {
			isa = PBXVariantGroup;
			children = (
				78B869BA0BF2D613007315AA /* English */,
			);
			name = ChannelDialog.nib;
			sourceTree = "<group>";
		};
		78C5BAD30BE7B95100C4497A /* CommentSheet.nib */ = {
			isa = PBXVariantGroup;
			children = (
				78C5BAD40BE7B95100C4497A /* English */,
			);
			name = CommentSheet.nib;
			sourceTree = "<group>";
		};
/* End PBXVariantGroup section */

/* Begin XCBuildConfiguration section */
		78DB8A900C1C3234000C27D9 /* Debug */ = {
			isa = XCBuildConfiguration;
			buildSettings = {
				COPY_PHASE_STRIP = NO;
				GCC_DYNAMIC_NO_PIC = NO;
				GCC_GENERATE_DEBUGGING_SYMBOLS = YES;
				GCC_OPTIMIZATION_LEVEL = 0;
				PRODUCT_NAME = dmg;
			};
			name = Debug;
		};
		78DB8A910C1C3234000C27D9 /* Release */ = {
			isa = XCBuildConfiguration;
			buildSettings = {
				COPY_PHASE_STRIP = YES;
				GCC_ENABLE_FIX_AND_CONTINUE = NO;
				GCC_GENERATE_DEBUGGING_SYMBOLS = NO;
				PRODUCT_NAME = dmg;
				ZERO_LINK = NO;
			};
			name = Release;
		};
		78E570D40C1C306500BDF7EC /* Debug */ = {
			isa = XCBuildConfiguration;
			buildSettings = {
				COPY_PHASE_STRIP = NO;
				GCC_DYNAMIC_NO_PIC = NO;
				GCC_ENABLE_FIX_AND_CONTINUE = YES;
				GCC_GENERATE_DEBUGGING_SYMBOLS = YES;
				GCC_MODEL_TUNING = G5;
				GCC_OPTIMIZATION_LEVEL = 0;
				GCC_PRECOMPILE_PREFIX_HEADER = YES;
				GCC_PREFIX_HEADER = "$(SYSTEM_LIBRARY_DIR)/Frameworks/AppKit.framework/Headers/AppKit.h";
				INFOPLIST_FILE = Info.plist;
				INSTALL_PATH = "$(HOME)/Applications";
				OTHER_LDFLAGS = (
					"-framework",
					Foundation,
					"-framework",
					AppKit,
				);
				PREBINDING = NO;
				PRODUCT_NAME = LimeChat;
				WRAPPER_EXTENSION = app;
				ZERO_LINK = YES;
			};
			name = Debug;
		};
		78E570D50C1C306500BDF7EC /* Release */ = {
			isa = XCBuildConfiguration;
			buildSettings = {
				COPY_PHASE_STRIP = YES;
				GCC_ENABLE_FIX_AND_CONTINUE = NO;
				GCC_GENERATE_DEBUGGING_SYMBOLS = NO;
				GCC_MODEL_TUNING = G5;
				GCC_PRECOMPILE_PREFIX_HEADER = YES;
				GCC_PREFIX_HEADER = "$(SYSTEM_LIBRARY_DIR)/Frameworks/AppKit.framework/Headers/AppKit.h";
				INFOPLIST_FILE = Info.plist;
				INSTALL_PATH = "$(HOME)/Applications";
				OTHER_LDFLAGS = (
					"-framework",
					Foundation,
					"-framework",
					AppKit,
				);
				PREBINDING = NO;
				PRODUCT_NAME = LimeChat;
				WRAPPER_EXTENSION = app;
				ZERO_LINK = NO;
			};
			name = Release;
		};
		C01FCF4F08A954540054247B /* Debug */ = {
			isa = XCBuildConfiguration;
			buildSettings = {
				ARCHS = "$(NATIVE_ARCH)";
				GCC_ENABLE_OBJC_EXCEPTIONS = YES;
				GCC_WARN_ABOUT_RETURN_TYPE = YES;
				GCC_WARN_UNUSED_VARIABLE = YES;
				PREBINDING = NO;
			};
			name = Debug;
		};
		C01FCF5008A954540054247B /* Release */ = {
			isa = XCBuildConfiguration;
			buildSettings = {
				ARCHS = (
					"$(NATIVE_ARCH)",
					ppc,
				);
				GCC_ENABLE_OBJC_EXCEPTIONS = YES;
				GCC_WARN_ABOUT_RETURN_TYPE = YES;
				GCC_WARN_UNUSED_VARIABLE = YES;
				PREBINDING = NO;
			};
			name = Release;
		};
/* End XCBuildConfiguration section */

/* Begin XCConfigurationList section */
		78DB8A8F0C1C3234000C27D9 /* Build configuration list for PBXAggregateTarget "dmg" */ = {
			isa = XCConfigurationList;
			buildConfigurations = (
				78DB8A900C1C3234000C27D9 /* Debug */,
				78DB8A910C1C3234000C27D9 /* Release */,
			);
			defaultConfigurationIsVisible = 0;
			defaultConfigurationName = Release;
		};
		78E570D30C1C306500BDF7EC /* Build configuration list for PBXNativeTarget "LimeChat" */ = {
			isa = XCConfigurationList;
			buildConfigurations = (
				78E570D40C1C306500BDF7EC /* Debug */,
				78E570D50C1C306500BDF7EC /* Release */,
			);
			defaultConfigurationIsVisible = 0;
			defaultConfigurationName = Release;
		};
		C01FCF4E08A954540054247B /* Build configuration list for PBXProject "LimeChat" */ = {
			isa = XCConfigurationList;
			buildConfigurations = (
				C01FCF4F08A954540054247B /* Debug */,
				C01FCF5008A954540054247B /* Release */,
			);
			defaultConfigurationIsVisible = 0;
			defaultConfigurationName = Release;
		};
/* End XCConfigurationList section */
	};
	rootObject = 29B97313FDCFA39411CA2CEA /* Project object */;
}
