// !$*UTF8*$!
{
	archiveVersion = 1;
	classes = {
	};
	objectVersion = 42;
	objects = {

/* Begin PBXAggregateTarget section */
		78DB8A8E0C1C3216000C27D9 /* dmg&srczip */ = {
			isa = PBXAggregateTarget;
			buildConfigurationList = 78DB8A8F0C1C3234000C27D9 /* Build configuration list for PBXAggregateTarget "dmg&srczip" */;
			buildPhases = (
				78DB8A8D0C1C3216000C27D9 /* ShellScript */,
			);
			dependencies = (
			);
			name = "dmg&srczip";
			productName = dmg;
		};
/* End PBXAggregateTarget section */

/* Begin PBXBuildFile section */
		780D09F00C2F2C20007C0F4F /* splitter.rb in Resources */ = {isa = PBXBuildFile; fileRef = 780D09EF0C2F2C20007C0F4F /* splitter.rb */; };
		78208C1A0C9D97CD004472E9 /* cocoasheet.rb in Resources */ = {isa = PBXBuildFile; fileRef = 78208C190C9D97CD004472E9 /* cocoasheet.rb */; };
		78211B530C5F3560004B47DA /* soundplayer.rb in Resources */ = {isa = PBXBuildFile; fileRef = 78211B520C5F3560004B47DA /* soundplayer.rb */; };
		7821DBDE0C2C84EA00B3EF42 /* PasteSheet.nib in Resources */ = {isa = PBXBuildFile; fileRef = 7821DBDC0C2C84EA00B3EF42 /* PasteSheet.nib */; };
		7821DBE40C2C875700B3EF42 /* pastesheet.rb in Resources */ = {isa = PBXBuildFile; fileRef = 7821DBE30C2C875700B3EF42 /* pastesheet.rb */; };
		78229BC20C288188001DD4C3 /* asynctcpclient.rb in Resources */ = {isa = PBXBuildFile; fileRef = 78229B900C288188001DD4C3 /* asynctcpclient.rb */; };
		78229BC30C288188001DD4C3 /* asynctcpserver.rb in Resources */ = {isa = PBXBuildFile; fileRef = 78229B910C288188001DD4C3 /* asynctcpserver.rb */; };
		78229BC40C288188001DD4C3 /* ircsocket.rb in Resources */ = {isa = PBXBuildFile; fileRef = 78229B920C288188001DD4C3 /* ircsocket.rb */; };
		78229BC60C288188001DD4C3 /* resolver.rb in Resources */ = {isa = PBXBuildFile; fileRef = 78229B940C288188001DD4C3 /* resolver.rb */; };
		78229BC70C288188001DD4C3 /* tcpclient.rb in Resources */ = {isa = PBXBuildFile; fileRef = 78229B950C288188001DD4C3 /* tcpclient.rb */; };
		78229BC80C288188001DD4C3 /* tcpserver.rb in Resources */ = {isa = PBXBuildFile; fileRef = 78229B960C288188001DD4C3 /* tcpserver.rb */; };
		78229BC90C288188001DD4C3 /* timer.rb in Resources */ = {isa = PBXBuildFile; fileRef = 78229B970C288188001DD4C3 /* timer.rb */; };
		78229BCA0C288188001DD4C3 /* appcontroller.rb in Resources */ = {isa = PBXBuildFile; fileRef = 78229B990C288188001DD4C3 /* appcontroller.rb */; };
		78229BCB0C288188001DD4C3 /* menucontroller.rb in Resources */ = {isa = PBXBuildFile; fileRef = 78229B9A0C288188001DD4C3 /* menucontroller.rb */; };
		78229BCC0C288188001DD4C3 /* preferences.rb in Resources */ = {isa = PBXBuildFile; fileRef = 78229B9B0C288188001DD4C3 /* preferences.rb */; };
		78229BCD0C288188001DD4C3 /* dccmanager.rb in Resources */ = {isa = PBXBuildFile; fileRef = 78229B9D0C288188001DD4C3 /* dccmanager.rb */; };
		78229BCE0C288188001DD4C3 /* dccreceiver.rb in Resources */ = {isa = PBXBuildFile; fileRef = 78229B9E0C288188001DD4C3 /* dccreceiver.rb */; };
		78229BCF0C288188001DD4C3 /* dccsender.rb in Resources */ = {isa = PBXBuildFile; fileRef = 78229B9F0C288188001DD4C3 /* dccsender.rb */; };
		78229BD00C288188001DD4C3 /* channeldialog.rb in Resources */ = {isa = PBXBuildFile; fileRef = 78229BA10C288188001DD4C3 /* channeldialog.rb */; };
		78229BD10C288188001DD4C3 /* commentsheet.rb in Resources */ = {isa = PBXBuildFile; fileRef = 78229BA20C288188001DD4C3 /* commentsheet.rb */; };
		78229BD20C288188001DD4C3 /* modesheet.rb in Resources */ = {isa = PBXBuildFile; fileRef = 78229BA30C288188001DD4C3 /* modesheet.rb */; };
		78229BD30C288188001DD4C3 /* nicksheet.rb in Resources */ = {isa = PBXBuildFile; fileRef = 78229BA40C288188001DD4C3 /* nicksheet.rb */; };
		78229BD40C288188001DD4C3 /* serverdialog.rb in Resources */ = {isa = PBXBuildFile; fileRef = 78229BA50C288188001DD4C3 /* serverdialog.rb */; };
		78229BD50C288188001DD4C3 /* whoisdialog.rb in Resources */ = {isa = PBXBuildFile; fileRef = 78229BA60C288188001DD4C3 /* whoisdialog.rb */; };
		78229BD60C288188001DD4C3 /* dialoghelper.rb in Resources */ = {isa = PBXBuildFile; fileRef = 78229BA80C288188001DD4C3 /* dialoghelper.rb */; };
		78229BD70C288188001DD4C3 /* numberformat.rb in Resources */ = {isa = PBXBuildFile; fileRef = 78229BA90C288188001DD4C3 /* numberformat.rb */; };
		78229BD80C288188001DD4C3 /* persistencehelper.rb in Resources */ = {isa = PBXBuildFile; fileRef = 78229BAA0C288188001DD4C3 /* persistencehelper.rb */; };
		78229BD90C288188001DD4C3 /* stringvalidator.rb in Resources */ = {isa = PBXBuildFile; fileRef = 78229BAB0C288188001DD4C3 /* stringvalidator.rb */; };
		78229BDA0C288188001DD4C3 /* urlopener.rb in Resources */ = {isa = PBXBuildFile; fileRef = 78229BAC0C288188001DD4C3 /* urlopener.rb */; };
		78229BDB0C288188001DD4C3 /* userdefaultsaccess.rb in Resources */ = {isa = PBXBuildFile; fileRef = 78229BAD0C288188001DD4C3 /* userdefaultsaccess.rb */; };
		78229BDC0C288188001DD4C3 /* utility.rb in Resources */ = {isa = PBXBuildFile; fileRef = 78229BAE0C288188001DD4C3 /* utility.rb */; };
		78229BE50C288188001DD4C3 /* chatbox.rb in Resources */ = {isa = PBXBuildFile; fileRef = 78229BB90C288188001DD4C3 /* chatbox.rb */; };
		78229BE60C288188001DD4C3 /* dialogwindow.rb in Resources */ = {isa = PBXBuildFile; fileRef = 78229BBA0C288188001DD4C3 /* dialogwindow.rb */; };
		78229BE70C288188001DD4C3 /* listview.rb in Resources */ = {isa = PBXBuildFile; fileRef = 78229BBB0C288188001DD4C3 /* listview.rb */; };
		78229BE80C288188001DD4C3 /* log.rb in Resources */ = {isa = PBXBuildFile; fileRef = 78229BBC0C288188001DD4C3 /* log.rb */; };
		78229BE90C288188001DD4C3 /* logview.rb in Resources */ = {isa = PBXBuildFile; fileRef = 78229BBD0C288188001DD4C3 /* logview.rb */; };
		78229BEA0C288188001DD4C3 /* mainwindow.rb in Resources */ = {isa = PBXBuildFile; fileRef = 78229BBE0C288188001DD4C3 /* mainwindow.rb */; };
		78229BEB0C288188001DD4C3 /* tableprogressindicator.rb in Resources */ = {isa = PBXBuildFile; fileRef = 78229BBF0C288188001DD4C3 /* tableprogressindicator.rb */; };
		78229BEC0C288188001DD4C3 /* treeview.rb in Resources */ = {isa = PBXBuildFile; fileRef = 78229BC00C288188001DD4C3 /* treeview.rb */; };
		782647CC0CFE86BB0052E598 /* pastieclient.rb in Resources */ = {isa = PBXBuildFile; fileRef = 782647CB0CFE86BB0052E598 /* pastieclient.rb */; };
		782647CD0CFE86BB0052E598 /* pastieclient.rb in Resources */ = {isa = PBXBuildFile; fileRef = 782647CB0CFE86BB0052E598 /* pastieclient.rb */; };
		7831B94D0C589A7A00E1F931 /* growl.rb in Resources */ = {isa = PBXBuildFile; fileRef = 7831B94C0C589A7A00E1F931 /* growl.rb */; };
		7834E1930C69B5AD003C5D65 /* wildcard.rb in Resources */ = {isa = PBXBuildFile; fileRef = 7834E1920C69B5AD003C5D65 /* wildcard.rb */; };
		7835DF4A0D0415D20064916A /* Theme in CopyFiles */ = {isa = PBXBuildFile; fileRef = 7835DF460D0415D20064916A /* Theme */; };
		7835DF4B0D0415D20064916A /* Theme in CopyFiles */ = {isa = PBXBuildFile; fileRef = 7835DF460D0415D20064916A /* Theme */; };
		783D0B200CF45BC6002CC2FB /* ListDialog.nib in Resources */ = {isa = PBXBuildFile; fileRef = 783D0B1E0CF45BC6002CC2FB /* ListDialog.nib */; };
		783D0B210CF45BDC002CC2FB /* ListDialog.nib in Resources */ = {isa = PBXBuildFile; fileRef = 783D0B1E0CF45BC6002CC2FB /* ListDialog.nib */; };
		783D0B2B0CF45C38002CC2FB /* listdialog.rb in Resources */ = {isa = PBXBuildFile; fileRef = 783D0B2A0CF45C38002CC2FB /* listdialog.rb */; };
		783D0B2C0CF45C38002CC2FB /* listdialog.rb in Resources */ = {isa = PBXBuildFile; fileRef = 783D0B2A0CF45C38002CC2FB /* listdialog.rb */; };
		784660250C3145850064140F /* OldEventManager.m in Sources */ = {isa = PBXBuildFile; fileRef = 784660240C3145850064140F /* OldEventManager.m */; };
		78496EFA0C288B070084A836 /* PreferenceDialog.nib in Resources */ = {isa = PBXBuildFile; fileRef = 78496EF80C288B070084A836 /* PreferenceDialog.nib */; };
		78496EFD0C2890200084A836 /* preferencedialog.rb in Resources */ = {isa = PBXBuildFile; fileRef = 78496EFC0C2890200084A836 /* preferencedialog.rb */; };
		7867EA4B0C227AD40017B510 /* NickSheet.nib in Resources */ = {isa = PBXBuildFile; fileRef = 7867EA490C227AD40017B510 /* NickSheet.nib */; };
		78755D730C2AC0B30073FF42 /* logrenderer.rb in Resources */ = {isa = PBXBuildFile; fileRef = 78755D720C2AC0B30073FF42 /* logrenderer.rb */; };
		7877E0620C65B84E002F13C7 /* textfield.rb in Resources */ = {isa = PBXBuildFile; fileRef = 7877E0610C65B84E002F13C7 /* textfield.rb */; };
		787898250CF38C510045585B /* filelogger.rb in Resources */ = {isa = PBXBuildFile; fileRef = 787898240CF38C510045585B /* filelogger.rb */; };
		787898260CF38C510045585B /* filelogger.rb in Resources */ = {isa = PBXBuildFile; fileRef = 787898240CF38C510045585B /* filelogger.rb */; };
		787A36A20C6A392600DDB70D /* fieldeditortextview.rb in Resources */ = {isa = PBXBuildFile; fileRef = 787A36A10C6A392600DDB70D /* fieldeditortextview.rb */; };
		7884E54E0CDA91F500AF3678 /* SACrashReporter in Resources */ = {isa = PBXBuildFile; fileRef = 7884E5450CDA91F500AF3678 /* SACrashReporter */; };
		7884E54F0CDA91F500AF3678 /* SACrashReporter in Resources */ = {isa = PBXBuildFile; fileRef = 7884E5450CDA91F500AF3678 /* SACrashReporter */; };
		788C5E660C5F4F5A0034C46E /* growlcontroller.rb in Resources */ = {isa = PBXBuildFile; fileRef = 788C5E650C5F4F5A0034C46E /* growlcontroller.rb */; };
		7890B4E90C659E4700DF983F /* autoopdialog.rb in Resources */ = {isa = PBXBuildFile; fileRef = 7890B4E80C659E4700DF983F /* autoopdialog.rb */; };
		7890B4ED0C659E5D00DF983F /* AutoOpDialog.nib in Resources */ = {isa = PBXBuildFile; fileRef = 7890B4EB0C659E5D00DF983F /* AutoOpDialog.nib */; };
		7896BFE50D0C5E850069453A /* viewtheme.rb in Resources */ = {isa = PBXBuildFile; fileRef = 7896BFE40D0C5E850069453A /* viewtheme.rb */; };
		7896BFE60D0C5E850069453A /* viewtheme.rb in Resources */ = {isa = PBXBuildFile; fileRef = 7896BFE40D0C5E850069453A /* viewtheme.rb */; };
		78A808810C3DA6160073FF6B /* newtcpserver.rb in Resources */ = {isa = PBXBuildFile; fileRef = 78A808800C3DA6160073FF6B /* newtcpserver.rb */; };
		78AD78E40C61B8F8001E77F4 /* Localizable.strings in Resources */ = {isa = PBXBuildFile; fileRef = 78AD78E20C61B8F8001E77F4 /* Localizable.strings */; };
		78AF96580C2C219A006D9E4D /* inputhistory.rb in Resources */ = {isa = PBXBuildFile; fileRef = 78AF96570C2C219A006D9E4D /* inputhistory.rb */; };
		78AFBCF50C33E314008A8FCD /* kanasupport.rb in Resources */ = {isa = PBXBuildFile; fileRef = 78AFBCF40C33E314008A8FCD /* kanasupport.rb */; };
		78B063530C2BD19D00CDD242 /* singlelineformatter.rb in Resources */ = {isa = PBXBuildFile; fileRef = 78B063520C2BD19D00CDD242 /* singlelineformatter.rb */; };
		78B2DF200D0417160092EBDA /* application.icns in Resources */ = {isa = PBXBuildFile; fileRef = 78B2DF1F0D0417160092EBDA /* application.icns */; };
		78B2DF210D0417160092EBDA /* application.icns in Resources */ = {isa = PBXBuildFile; fileRef = 78B2DF1F0D0417160092EBDA /* application.icns */; };
		78BF64AB0C2885E2004451B2 /* channel.rb in Resources */ = {isa = PBXBuildFile; fileRef = 78BF64A30C2885E2004451B2 /* channel.rb */; };
		78BF64AC0C2885E2004451B2 /* channelmode.rb in Resources */ = {isa = PBXBuildFile; fileRef = 78BF64A40C2885E2004451B2 /* channelmode.rb */; };
		78BF64AD0C2885E2004451B2 /* config.rb in Resources */ = {isa = PBXBuildFile; fileRef = 78BF64A50C2885E2004451B2 /* config.rb */; };
		78BF64AE0C2885E2004451B2 /* ircmessage.rb in Resources */ = {isa = PBXBuildFile; fileRef = 78BF64A60C2885E2004451B2 /* ircmessage.rb */; };
		78BF64AF0C2885E2004451B2 /* unit.rb in Resources */ = {isa = PBXBuildFile; fileRef = 78BF64A70C2885E2004451B2 /* unit.rb */; };
		78BF64B00C2885E2004451B2 /* user.rb in Resources */ = {isa = PBXBuildFile; fileRef = 78BF64A80C2885E2004451B2 /* user.rb */; };
		78BF64B10C2885E2004451B2 /* usermode.rb in Resources */ = {isa = PBXBuildFile; fileRef = 78BF64A90C2885E2004451B2 /* usermode.rb */; };
		78BF64B20C2885E2004451B2 /* world.rb in Resources */ = {isa = PBXBuildFile; fileRef = 78BF64AA0C2885E2004451B2 /* world.rb */; };
		78DA4E930C460DAC008780C8 /* TreeDialog.nib in Resources */ = {isa = PBXBuildFile; fileRef = 78DA4E910C460DAC008780C8 /* TreeDialog.nib */; };
		78DA4EA50C46180F008780C8 /* treedialog.rb in Resources */ = {isa = PBXBuildFile; fileRef = 78DA4EA40C46180F008780C8 /* treedialog.rb */; };
		78DA4EC10C461D52008780C8 /* memberlistview.rb in Resources */ = {isa = PBXBuildFile; fileRef = 78DA4EBF0C461D52008780C8 /* memberlistview.rb */; };
		78DA4EC20C461D52008780C8 /* servertreeview.rb in Resources */ = {isa = PBXBuildFile; fileRef = 78DA4EC00C461D52008780C8 /* servertreeview.rb */; };
		78E572390C1C30BA00BDF7EC /* Cocoa.framework in Frameworks */ = {isa = PBXBuildFile; fileRef = 1058C7A1FEA54F0111CA2CBB /* Cocoa.framework */; };
		78E5723A0C1C30BA00BDF7EC /* RubyCocoa.framework in Frameworks */ = {isa = PBXBuildFile; fileRef = A5D3C7BF0AEB9FEB00C17985 /* RubyCocoa.framework */; };
		78E5723B0C1C30BA00BDF7EC /* WebKit.framework in Frameworks */ = {isa = PBXBuildFile; fileRef = 788D56F00BB6872B00DDBF69 /* WebKit.framework */; };
		78E5723C0C1C30BA00BDF7EC /* Carbon.framework in Frameworks */ = {isa = PBXBuildFile; fileRef = 787FD46C0BFE960100F2F22D /* Carbon.framework */; };
		78E5723D0C1C30BA00BDF7EC /* CoreServices.framework in Frameworks */ = {isa = PBXBuildFile; fileRef = 780253C20C09525900C170D4 /* CoreServices.framework */; };
		78E5723E0C1C30C300BDF7EC /* AsyncSocket.m in Sources */ = {isa = PBXBuildFile; fileRef = 786926F30BB6EC1B0081019B /* AsyncSocket.m */; };
		78E5723F0C1C30C300BDF7EC /* main.m in Sources */ = {isa = PBXBuildFile; fileRef = 786926F40BB6EC1B0081019B /* main.m */; };
		78E572420C1C30C300BDF7EC /* GradientFill.m in Sources */ = {isa = PBXBuildFile; fileRef = 7804271D0BCA810600C14486 /* GradientFill.m */; };
		78E572430C1C30CE00BDF7EC /* MainMenu.nib in Resources */ = {isa = PBXBuildFile; fileRef = 29B97318FDCFA39411CA2CEA /* MainMenu.nib */; };
		78E572440C1C30CE00BDF7EC /* InfoPlist.strings in Resources */ = {isa = PBXBuildFile; fileRef = 089C165CFE840E0CC02AAC07 /* InfoPlist.strings */; };
		78E572450C1C30CE00BDF7EC /* rb_main.rb in Resources */ = {isa = PBXBuildFile; fileRef = 7869272D0BB6ED9E0081019B /* rb_main.rb */; };
		78E572460C1C30CE00BDF7EC /* CommentSheet.nib in Resources */ = {isa = PBXBuildFile; fileRef = 78C5BAD30BE7B95100C4497A /* CommentSheet.nib */; };
		78E572470C1C30CE00BDF7EC /* ModeSheet.nib in Resources */ = {isa = PBXBuildFile; fileRef = 781E254B0BE9E8E20040F56E /* ModeSheet.nib */; };
		78E572480C1C30CE00BDF7EC /* ServerDialog.nib in Resources */ = {isa = PBXBuildFile; fileRef = 78785B570BEDCF6800456645 /* ServerDialog.nib */; };
		78E572490C1C30CE00BDF7EC /* ChannelDialog.nib in Resources */ = {isa = PBXBuildFile; fileRef = 78B869B90BF2D613007315AA /* ChannelDialog.nib */; };
		78E572660C1C30CE00BDF7EC /* DccDialog.nib in Resources */ = {isa = PBXBuildFile; fileRef = 7817A0380BF6FFCD005C7737 /* DccDialog.nib */; };
		78E572690C1C30CE00BDF7EC /* WhoisDialog.nib in Resources */ = {isa = PBXBuildFile; fileRef = 78A86AD90BFFD87500E28592 /* WhoisDialog.nib */; };
		78E7F2020CB2B9D20069E9ED /* MainMenu.nib in Resources */ = {isa = PBXBuildFile; fileRef = 29B97318FDCFA39411CA2CEA /* MainMenu.nib */; };
		78E7F2030CB2B9D20069E9ED /* InfoPlist.strings in Resources */ = {isa = PBXBuildFile; fileRef = 089C165CFE840E0CC02AAC07 /* InfoPlist.strings */; };
		78E7F2040CB2B9D20069E9ED /* rb_main.rb in Resources */ = {isa = PBXBuildFile; fileRef = 7869272D0BB6ED9E0081019B /* rb_main.rb */; };
		78E7F2050CB2B9D20069E9ED /* CommentSheet.nib in Resources */ = {isa = PBXBuildFile; fileRef = 78C5BAD30BE7B95100C4497A /* CommentSheet.nib */; };
		78E7F2060CB2B9D20069E9ED /* ModeSheet.nib in Resources */ = {isa = PBXBuildFile; fileRef = 781E254B0BE9E8E20040F56E /* ModeSheet.nib */; };
		78E7F2070CB2B9D20069E9ED /* ServerDialog.nib in Resources */ = {isa = PBXBuildFile; fileRef = 78785B570BEDCF6800456645 /* ServerDialog.nib */; };
		78E7F2080CB2B9D20069E9ED /* ChannelDialog.nib in Resources */ = {isa = PBXBuildFile; fileRef = 78B869B90BF2D613007315AA /* ChannelDialog.nib */; };
		78E7F2090CB2B9D20069E9ED /* DccDialog.nib in Resources */ = {isa = PBXBuildFile; fileRef = 7817A0380BF6FFCD005C7737 /* DccDialog.nib */; };
		78E7F20A0CB2B9D20069E9ED /* WhoisDialog.nib in Resources */ = {isa = PBXBuildFile; fileRef = 78A86AD90BFFD87500E28592 /* WhoisDialog.nib */; };
		78E7F20B0CB2B9D20069E9ED /* NickSheet.nib in Resources */ = {isa = PBXBuildFile; fileRef = 7867EA490C227AD40017B510 /* NickSheet.nib */; };
		78E7F20C0CB2B9D20069E9ED /* asynctcpclient.rb in Resources */ = {isa = PBXBuildFile; fileRef = 78229B900C288188001DD4C3 /* asynctcpclient.rb */; };
		78E7F20D0CB2B9D20069E9ED /* asynctcpserver.rb in Resources */ = {isa = PBXBuildFile; fileRef = 78229B910C288188001DD4C3 /* asynctcpserver.rb */; };
		78E7F20E0CB2B9D20069E9ED /* ircsocket.rb in Resources */ = {isa = PBXBuildFile; fileRef = 78229B920C288188001DD4C3 /* ircsocket.rb */; };
		78E7F20F0CB2B9D20069E9ED /* resolver.rb in Resources */ = {isa = PBXBuildFile; fileRef = 78229B940C288188001DD4C3 /* resolver.rb */; };
		78E7F2100CB2B9D20069E9ED /* tcpclient.rb in Resources */ = {isa = PBXBuildFile; fileRef = 78229B950C288188001DD4C3 /* tcpclient.rb */; };
		78E7F2110CB2B9D20069E9ED /* tcpserver.rb in Resources */ = {isa = PBXBuildFile; fileRef = 78229B960C288188001DD4C3 /* tcpserver.rb */; };
		78E7F2120CB2B9D20069E9ED /* timer.rb in Resources */ = {isa = PBXBuildFile; fileRef = 78229B970C288188001DD4C3 /* timer.rb */; };
		78E7F2130CB2B9D20069E9ED /* appcontroller.rb in Resources */ = {isa = PBXBuildFile; fileRef = 78229B990C288188001DD4C3 /* appcontroller.rb */; };
		78E7F2140CB2B9D20069E9ED /* menucontroller.rb in Resources */ = {isa = PBXBuildFile; fileRef = 78229B9A0C288188001DD4C3 /* menucontroller.rb */; };
		78E7F2150CB2B9D20069E9ED /* preferences.rb in Resources */ = {isa = PBXBuildFile; fileRef = 78229B9B0C288188001DD4C3 /* preferences.rb */; };
		78E7F2160CB2B9D20069E9ED /* dccmanager.rb in Resources */ = {isa = PBXBuildFile; fileRef = 78229B9D0C288188001DD4C3 /* dccmanager.rb */; };
		78E7F2170CB2B9D20069E9ED /* dccreceiver.rb in Resources */ = {isa = PBXBuildFile; fileRef = 78229B9E0C288188001DD4C3 /* dccreceiver.rb */; };
		78E7F2180CB2B9D20069E9ED /* dccsender.rb in Resources */ = {isa = PBXBuildFile; fileRef = 78229B9F0C288188001DD4C3 /* dccsender.rb */; };
		78E7F2190CB2B9D20069E9ED /* channeldialog.rb in Resources */ = {isa = PBXBuildFile; fileRef = 78229BA10C288188001DD4C3 /* channeldialog.rb */; };
		78E7F21A0CB2B9D20069E9ED /* commentsheet.rb in Resources */ = {isa = PBXBuildFile; fileRef = 78229BA20C288188001DD4C3 /* commentsheet.rb */; };
		78E7F21B0CB2B9D20069E9ED /* modesheet.rb in Resources */ = {isa = PBXBuildFile; fileRef = 78229BA30C288188001DD4C3 /* modesheet.rb */; };
		78E7F21C0CB2B9D20069E9ED /* nicksheet.rb in Resources */ = {isa = PBXBuildFile; fileRef = 78229BA40C288188001DD4C3 /* nicksheet.rb */; };
		78E7F21D0CB2B9D20069E9ED /* serverdialog.rb in Resources */ = {isa = PBXBuildFile; fileRef = 78229BA50C288188001DD4C3 /* serverdialog.rb */; };
		78E7F21E0CB2B9D20069E9ED /* whoisdialog.rb in Resources */ = {isa = PBXBuildFile; fileRef = 78229BA60C288188001DD4C3 /* whoisdialog.rb */; };
		78E7F21F0CB2B9D20069E9ED /* dialoghelper.rb in Resources */ = {isa = PBXBuildFile; fileRef = 78229BA80C288188001DD4C3 /* dialoghelper.rb */; };
		78E7F2200CB2B9D20069E9ED /* numberformat.rb in Resources */ = {isa = PBXBuildFile; fileRef = 78229BA90C288188001DD4C3 /* numberformat.rb */; };
		78E7F2210CB2B9D20069E9ED /* persistencehelper.rb in Resources */ = {isa = PBXBuildFile; fileRef = 78229BAA0C288188001DD4C3 /* persistencehelper.rb */; };
		78E7F2220CB2B9D20069E9ED /* stringvalidator.rb in Resources */ = {isa = PBXBuildFile; fileRef = 78229BAB0C288188001DD4C3 /* stringvalidator.rb */; };
		78E7F2230CB2B9D20069E9ED /* urlopener.rb in Resources */ = {isa = PBXBuildFile; fileRef = 78229BAC0C288188001DD4C3 /* urlopener.rb */; };
		78E7F2240CB2B9D20069E9ED /* userdefaultsaccess.rb in Resources */ = {isa = PBXBuildFile; fileRef = 78229BAD0C288188001DD4C3 /* userdefaultsaccess.rb */; };
		78E7F2250CB2B9D20069E9ED /* utility.rb in Resources */ = {isa = PBXBuildFile; fileRef = 78229BAE0C288188001DD4C3 /* utility.rb */; };
		78E7F2260CB2B9D20069E9ED /* chatbox.rb in Resources */ = {isa = PBXBuildFile; fileRef = 78229BB90C288188001DD4C3 /* chatbox.rb */; };
		78E7F2270CB2B9D20069E9ED /* dialogwindow.rb in Resources */ = {isa = PBXBuildFile; fileRef = 78229BBA0C288188001DD4C3 /* dialogwindow.rb */; };
		78E7F2280CB2B9D20069E9ED /* listview.rb in Resources */ = {isa = PBXBuildFile; fileRef = 78229BBB0C288188001DD4C3 /* listview.rb */; };
		78E7F2290CB2B9D20069E9ED /* log.rb in Resources */ = {isa = PBXBuildFile; fileRef = 78229BBC0C288188001DD4C3 /* log.rb */; };
		78E7F22A0CB2B9D20069E9ED /* logview.rb in Resources */ = {isa = PBXBuildFile; fileRef = 78229BBD0C288188001DD4C3 /* logview.rb */; };
		78E7F22B0CB2B9D20069E9ED /* mainwindow.rb in Resources */ = {isa = PBXBuildFile; fileRef = 78229BBE0C288188001DD4C3 /* mainwindow.rb */; };
		78E7F22C0CB2B9D20069E9ED /* tableprogressindicator.rb in Resources */ = {isa = PBXBuildFile; fileRef = 78229BBF0C288188001DD4C3 /* tableprogressindicator.rb */; };
		78E7F22D0CB2B9D20069E9ED /* treeview.rb in Resources */ = {isa = PBXBuildFile; fileRef = 78229BC00C288188001DD4C3 /* treeview.rb */; };
		78E7F22F0CB2B9D20069E9ED /* channel.rb in Resources */ = {isa = PBXBuildFile; fileRef = 78BF64A30C2885E2004451B2 /* channel.rb */; };
		78E7F2300CB2B9D20069E9ED /* channelmode.rb in Resources */ = {isa = PBXBuildFile; fileRef = 78BF64A40C2885E2004451B2 /* channelmode.rb */; };
		78E7F2310CB2B9D20069E9ED /* config.rb in Resources */ = {isa = PBXBuildFile; fileRef = 78BF64A50C2885E2004451B2 /* config.rb */; };
		78E7F2320CB2B9D20069E9ED /* ircmessage.rb in Resources */ = {isa = PBXBuildFile; fileRef = 78BF64A60C2885E2004451B2 /* ircmessage.rb */; };
		78E7F2330CB2B9D20069E9ED /* unit.rb in Resources */ = {isa = PBXBuildFile; fileRef = 78BF64A70C2885E2004451B2 /* unit.rb */; };
		78E7F2340CB2B9D20069E9ED /* user.rb in Resources */ = {isa = PBXBuildFile; fileRef = 78BF64A80C2885E2004451B2 /* user.rb */; };
		78E7F2350CB2B9D20069E9ED /* usermode.rb in Resources */ = {isa = PBXBuildFile; fileRef = 78BF64A90C2885E2004451B2 /* usermode.rb */; };
		78E7F2360CB2B9D20069E9ED /* world.rb in Resources */ = {isa = PBXBuildFile; fileRef = 78BF64AA0C2885E2004451B2 /* world.rb */; };
		78E7F2370CB2B9D20069E9ED /* PreferenceDialog.nib in Resources */ = {isa = PBXBuildFile; fileRef = 78496EF80C288B070084A836 /* PreferenceDialog.nib */; };
		78E7F2380CB2B9D20069E9ED /* preferencedialog.rb in Resources */ = {isa = PBXBuildFile; fileRef = 78496EFC0C2890200084A836 /* preferencedialog.rb */; };
		78E7F2390CB2B9D20069E9ED /* logrenderer.rb in Resources */ = {isa = PBXBuildFile; fileRef = 78755D720C2AC0B30073FF42 /* logrenderer.rb */; };
		78E7F23A0CB2B9D20069E9ED /* singlelineformatter.rb in Resources */ = {isa = PBXBuildFile; fileRef = 78B063520C2BD19D00CDD242 /* singlelineformatter.rb */; };
		78E7F23B0CB2B9D20069E9ED /* inputhistory.rb in Resources */ = {isa = PBXBuildFile; fileRef = 78AF96570C2C219A006D9E4D /* inputhistory.rb */; };
		78E7F23C0CB2B9D20069E9ED /* PasteSheet.nib in Resources */ = {isa = PBXBuildFile; fileRef = 7821DBDC0C2C84EA00B3EF42 /* PasteSheet.nib */; };
		78E7F23D0CB2B9D20069E9ED /* pastesheet.rb in Resources */ = {isa = PBXBuildFile; fileRef = 7821DBE30C2C875700B3EF42 /* pastesheet.rb */; };
		78E7F23E0CB2B9D20069E9ED /* splitter.rb in Resources */ = {isa = PBXBuildFile; fileRef = 780D09EF0C2F2C20007C0F4F /* splitter.rb */; };
		78E7F23F0CB2B9D20069E9ED /* kanasupport.rb in Resources */ = {isa = PBXBuildFile; fileRef = 78AFBCF40C33E314008A8FCD /* kanasupport.rb */; };
		78E7F2400CB2B9D20069E9ED /* newtcpserver.rb in Resources */ = {isa = PBXBuildFile; fileRef = 78A808800C3DA6160073FF6B /* newtcpserver.rb */; };
		78E7F2410CB2B9D20069E9ED /* TreeDialog.nib in Resources */ = {isa = PBXBuildFile; fileRef = 78DA4E910C460DAC008780C8 /* TreeDialog.nib */; };
		78E7F2420CB2B9D20069E9ED /* treedialog.rb in Resources */ = {isa = PBXBuildFile; fileRef = 78DA4EA40C46180F008780C8 /* treedialog.rb */; };
		78E7F2430CB2B9D20069E9ED /* memberlistview.rb in Resources */ = {isa = PBXBuildFile; fileRef = 78DA4EBF0C461D52008780C8 /* memberlistview.rb */; };
		78E7F2440CB2B9D20069E9ED /* servertreeview.rb in Resources */ = {isa = PBXBuildFile; fileRef = 78DA4EC00C461D52008780C8 /* servertreeview.rb */; };
		78E7F2450CB2B9D20069E9ED /* growl.rb in Resources */ = {isa = PBXBuildFile; fileRef = 7831B94C0C589A7A00E1F931 /* growl.rb */; };
		78E7F2460CB2B9D20069E9ED /* soundplayer.rb in Resources */ = {isa = PBXBuildFile; fileRef = 78211B520C5F3560004B47DA /* soundplayer.rb */; };
		78E7F2470CB2B9D20069E9ED /* growlcontroller.rb in Resources */ = {isa = PBXBuildFile; fileRef = 788C5E650C5F4F5A0034C46E /* growlcontroller.rb */; };
		78E7F2480CB2B9D20069E9ED /* Localizable.strings in Resources */ = {isa = PBXBuildFile; fileRef = 78AD78E20C61B8F8001E77F4 /* Localizable.strings */; };
		78E7F2490CB2B9D20069E9ED /* autoopdialog.rb in Resources */ = {isa = PBXBuildFile; fileRef = 7890B4E80C659E4700DF983F /* autoopdialog.rb */; };
		78E7F24A0CB2B9D20069E9ED /* AutoOpDialog.nib in Resources */ = {isa = PBXBuildFile; fileRef = 7890B4EB0C659E5D00DF983F /* AutoOpDialog.nib */; };
		78E7F24B0CB2B9D20069E9ED /* textfield.rb in Resources */ = {isa = PBXBuildFile; fileRef = 7877E0610C65B84E002F13C7 /* textfield.rb */; };
		78E7F24C0CB2B9D20069E9ED /* wildcard.rb in Resources */ = {isa = PBXBuildFile; fileRef = 7834E1920C69B5AD003C5D65 /* wildcard.rb */; };
		78E7F24D0CB2B9D20069E9ED /* fieldeditortextview.rb in Resources */ = {isa = PBXBuildFile; fileRef = 787A36A10C6A392600DDB70D /* fieldeditortextview.rb */; };
		78E7F24F0CB2B9D20069E9ED /* cocoasheet.rb in Resources */ = {isa = PBXBuildFile; fileRef = 78208C190C9D97CD004472E9 /* cocoasheet.rb */; };
		78E7F2510CB2B9D20069E9ED /* AsyncSocket.m in Sources */ = {isa = PBXBuildFile; fileRef = 786926F30BB6EC1B0081019B /* AsyncSocket.m */; };
		78E7F2520CB2B9D20069E9ED /* main.m in Sources */ = {isa = PBXBuildFile; fileRef = 786926F40BB6EC1B0081019B /* main.m */; };
		78E7F2530CB2B9D20069E9ED /* GradientFill.m in Sources */ = {isa = PBXBuildFile; fileRef = 7804271D0BCA810600C14486 /* GradientFill.m */; };
		78E7F2540CB2B9D20069E9ED /* OldEventManager.m in Sources */ = {isa = PBXBuildFile; fileRef = 784660240C3145850064140F /* OldEventManager.m */; };
		78E7F2560CB2B9D20069E9ED /* Cocoa.framework in Frameworks */ = {isa = PBXBuildFile; fileRef = 1058C7A1FEA54F0111CA2CBB /* Cocoa.framework */; };
		78E7F2570CB2B9D20069E9ED /* RubyCocoa.framework in Frameworks */ = {isa = PBXBuildFile; fileRef = A5D3C7BF0AEB9FEB00C17985 /* RubyCocoa.framework */; };
		78E7F2580CB2B9D20069E9ED /* WebKit.framework in Frameworks */ = {isa = PBXBuildFile; fileRef = 788D56F00BB6872B00DDBF69 /* WebKit.framework */; };
		78E7F2590CB2B9D20069E9ED /* Carbon.framework in Frameworks */ = {isa = PBXBuildFile; fileRef = 787FD46C0BFE960100F2F22D /* Carbon.framework */; };
		78E7F25A0CB2B9D20069E9ED /* CoreServices.framework in Frameworks */ = {isa = PBXBuildFile; fileRef = 780253C20C09525900C170D4 /* CoreServices.framework */; };
		78E7F25C0CB2B9D20069E9ED /* RubyCocoa.framework in CopyFiles */ = {isa = PBXBuildFile; fileRef = A5D3C7BF0AEB9FEB00C17985 /* RubyCocoa.framework */; };
/* End PBXBuildFile section */

/* Begin PBXCopyFilesBuildPhase section */
		7835DF2C0D0414020064916A /* CopyFiles */ = {
			isa = PBXCopyFilesBuildPhase;
			buildActionMask = 2147483647;
			dstPath = ..;
			dstSubfolderSpec = 7;
			files = (
				7835DF4B0D0415D20064916A /* Theme in CopyFiles */,
			);
			runOnlyForDeploymentPostprocessing = 0;
		};
		7835DF4E0D0416400064916A /* CopyFiles */ = {
			isa = PBXCopyFilesBuildPhase;
			buildActionMask = 2147483647;
			dstPath = ..;
			dstSubfolderSpec = 7;
			files = (
				7835DF4A0D0415D20064916A /* Theme in CopyFiles */,
			);
			runOnlyForDeploymentPostprocessing = 0;
		};
		78E7F25B0CB2B9D20069E9ED /* CopyFiles */ = {
			isa = PBXCopyFilesBuildPhase;
			buildActionMask = 2147483647;
			dstPath = "";
			dstSubfolderSpec = 10;
			files = (
				78E7F25C0CB2B9D20069E9ED /* RubyCocoa.framework in CopyFiles */,
			);
			runOnlyForDeploymentPostprocessing = 0;
		};
/* End PBXCopyFilesBuildPhase section */

/* Begin PBXFileReference section */
		089C165DFE840E0CC02AAC07 /* English */ = {isa = PBXFileReference; fileEncoding = 10; lastKnownFileType = text.plist.strings; name = English; path = English.lproj/InfoPlist.strings; sourceTree = "<group>"; };
		1058C7A1FEA54F0111CA2CBB /* Cocoa.framework */ = {isa = PBXFileReference; lastKnownFileType = wrapper.framework; name = Cocoa.framework; path = /System/Library/Frameworks/Cocoa.framework; sourceTree = "<absolute>"; };
		13E42FB307B3F0F600E4EEF1 /* CoreData.framework */ = {isa = PBXFileReference; lastKnownFileType = wrapper.framework; name = CoreData.framework; path = /System/Library/Frameworks/CoreData.framework; sourceTree = "<absolute>"; };
		29B97319FDCFA39411CA2CEA /* English */ = {isa = PBXFileReference; lastKnownFileType = wrapper.nib; name = English; path = English.lproj/MainMenu.nib; sourceTree = "<group>"; };
		29B97324FDCFA39411CA2CEA /* AppKit.framework */ = {isa = PBXFileReference; lastKnownFileType = wrapper.framework; name = AppKit.framework; path = /System/Library/Frameworks/AppKit.framework; sourceTree = "<absolute>"; };
		29B97325FDCFA39411CA2CEA /* Foundation.framework */ = {isa = PBXFileReference; lastKnownFileType = wrapper.framework; name = Foundation.framework; path = /System/Library/Frameworks/Foundation.framework; sourceTree = "<absolute>"; };
		780253C20C09525900C170D4 /* CoreServices.framework */ = {isa = PBXFileReference; lastKnownFileType = wrapper.framework; name = CoreServices.framework; path = /System/Library/Frameworks/CoreServices.framework; sourceTree = "<absolute>"; };
		7804271C0BCA810600C14486 /* GradientFill.h */ = {isa = PBXFileReference; fileEncoding = 4; lastKnownFileType = sourcecode.c.h; name = GradientFill.h; path = objc/GradientFill.h; sourceTree = "<group>"; };
		7804271D0BCA810600C14486 /* GradientFill.m */ = {isa = PBXFileReference; fileEncoding = 4; lastKnownFileType = sourcecode.c.objc; name = GradientFill.m; path = objc/GradientFill.m; sourceTree = "<group>"; };
		780D09EF0C2F2C20007C0F4F /* splitter.rb */ = {isa = PBXFileReference; fileEncoding = 0; lastKnownFileType = text.script.ruby; path = splitter.rb; sourceTree = "<group>"; };
		7817A0390BF6FFCD005C7737 /* English */ = {isa = PBXFileReference; lastKnownFileType = wrapper.nib; name = English; path = English.lproj/DccDialog.nib; sourceTree = "<group>"; };
		781E254C0BE9E8E20040F56E /* English */ = {isa = PBXFileReference; lastKnownFileType = wrapper.nib; name = English; path = English.lproj/ModeSheet.nib; sourceTree = "<group>"; };
		78208C190C9D97CD004472E9 /* cocoasheet.rb */ = {isa = PBXFileReference; fileEncoding = 0; lastKnownFileType = text.script.ruby; path = cocoasheet.rb; sourceTree = "<group>"; };
		78211B520C5F3560004B47DA /* soundplayer.rb */ = {isa = PBXFileReference; fileEncoding = 0; lastKnownFileType = text.script.ruby; path = soundplayer.rb; sourceTree = "<group>"; };
		7821DBDD0C2C84EA00B3EF42 /* English */ = {isa = PBXFileReference; lastKnownFileType = wrapper.nib; name = English; path = English.lproj/PasteSheet.nib; sourceTree = "<group>"; };
		7821DBE30C2C875700B3EF42 /* pastesheet.rb */ = {isa = PBXFileReference; fileEncoding = 0; lastKnownFileType = text.script.ruby; path = pastesheet.rb; sourceTree = "<group>"; };
		78229B900C288188001DD4C3 /* asynctcpclient.rb */ = {isa = PBXFileReference; fileEncoding = 0; lastKnownFileType = text.script.ruby; path = asynctcpclient.rb; sourceTree = "<group>"; };
		78229B910C288188001DD4C3 /* asynctcpserver.rb */ = {isa = PBXFileReference; fileEncoding = 0; lastKnownFileType = text.script.ruby; path = asynctcpserver.rb; sourceTree = "<group>"; };
		78229B920C288188001DD4C3 /* ircsocket.rb */ = {isa = PBXFileReference; fileEncoding = 0; lastKnownFileType = text.script.ruby; path = ircsocket.rb; sourceTree = "<group>"; };
		78229B940C288188001DD4C3 /* resolver.rb */ = {isa = PBXFileReference; fileEncoding = 0; lastKnownFileType = text.script.ruby; path = resolver.rb; sourceTree = "<group>"; };
		78229B950C288188001DD4C3 /* tcpclient.rb */ = {isa = PBXFileReference; fileEncoding = 0; lastKnownFileType = text.script.ruby; path = tcpclient.rb; sourceTree = "<group>"; };
		78229B960C288188001DD4C3 /* tcpserver.rb */ = {isa = PBXFileReference; fileEncoding = 0; lastKnownFileType = text.script.ruby; path = tcpserver.rb; sourceTree = "<group>"; };
		78229B970C288188001DD4C3 /* timer.rb */ = {isa = PBXFileReference; fileEncoding = 0; lastKnownFileType = text.script.ruby; path = timer.rb; sourceTree = "<group>"; };
		78229B990C288188001DD4C3 /* appcontroller.rb */ = {isa = PBXFileReference; fileEncoding = 0; lastKnownFileType = text.script.ruby; path = appcontroller.rb; sourceTree = "<group>"; };
		78229B9A0C288188001DD4C3 /* menucontroller.rb */ = {isa = PBXFileReference; fileEncoding = 0; lastKnownFileType = text.script.ruby; path = menucontroller.rb; sourceTree = "<group>"; };
		78229B9B0C288188001DD4C3 /* preferences.rb */ = {isa = PBXFileReference; fileEncoding = 0; lastKnownFileType = text.script.ruby; path = preferences.rb; sourceTree = "<group>"; };
		78229B9D0C288188001DD4C3 /* dccmanager.rb */ = {isa = PBXFileReference; fileEncoding = 0; lastKnownFileType = text.script.ruby; path = dccmanager.rb; sourceTree = "<group>"; };
		78229B9E0C288188001DD4C3 /* dccreceiver.rb */ = {isa = PBXFileReference; fileEncoding = 0; lastKnownFileType = text.script.ruby; path = dccreceiver.rb; sourceTree = "<group>"; };
		78229B9F0C288188001DD4C3 /* dccsender.rb */ = {isa = PBXFileReference; fileEncoding = 0; lastKnownFileType = text.script.ruby; path = dccsender.rb; sourceTree = "<group>"; };
		78229BA10C288188001DD4C3 /* channeldialog.rb */ = {isa = PBXFileReference; fileEncoding = 0; lastKnownFileType = text.script.ruby; path = channeldialog.rb; sourceTree = "<group>"; };
		78229BA20C288188001DD4C3 /* commentsheet.rb */ = {isa = PBXFileReference; fileEncoding = 0; lastKnownFileType = text.script.ruby; path = commentsheet.rb; sourceTree = "<group>"; };
		78229BA30C288188001DD4C3 /* modesheet.rb */ = {isa = PBXFileReference; fileEncoding = 0; lastKnownFileType = text.script.ruby; path = modesheet.rb; sourceTree = "<group>"; };
		78229BA40C288188001DD4C3 /* nicksheet.rb */ = {isa = PBXFileReference; fileEncoding = 0; lastKnownFileType = text.script.ruby; path = nicksheet.rb; sourceTree = "<group>"; };
		78229BA50C288188001DD4C3 /* serverdialog.rb */ = {isa = PBXFileReference; fileEncoding = 0; lastKnownFileType = text.script.ruby; path = serverdialog.rb; sourceTree = "<group>"; };
		78229BA60C288188001DD4C3 /* whoisdialog.rb */ = {isa = PBXFileReference; fileEncoding = 0; lastKnownFileType = text.script.ruby; path = whoisdialog.rb; sourceTree = "<group>"; };
		78229BA80C288188001DD4C3 /* dialoghelper.rb */ = {isa = PBXFileReference; fileEncoding = 0; lastKnownFileType = text.script.ruby; path = dialoghelper.rb; sourceTree = "<group>"; };
		78229BA90C288188001DD4C3 /* numberformat.rb */ = {isa = PBXFileReference; fileEncoding = 0; lastKnownFileType = text.script.ruby; path = numberformat.rb; sourceTree = "<group>"; };
		78229BAA0C288188001DD4C3 /* persistencehelper.rb */ = {isa = PBXFileReference; fileEncoding = 0; lastKnownFileType = text.script.ruby; path = persistencehelper.rb; sourceTree = "<group>"; };
		78229BAB0C288188001DD4C3 /* stringvalidator.rb */ = {isa = PBXFileReference; fileEncoding = 0; lastKnownFileType = text.script.ruby; path = stringvalidator.rb; sourceTree = "<group>"; };
		78229BAC0C288188001DD4C3 /* urlopener.rb */ = {isa = PBXFileReference; fileEncoding = 0; lastKnownFileType = text.script.ruby; path = urlopener.rb; sourceTree = "<group>"; };
		78229BAD0C288188001DD4C3 /* userdefaultsaccess.rb */ = {isa = PBXFileReference; fileEncoding = 0; lastKnownFileType = text.script.ruby; path = userdefaultsaccess.rb; sourceTree = "<group>"; };
		78229BAE0C288188001DD4C3 /* utility.rb */ = {isa = PBXFileReference; fileEncoding = 0; lastKnownFileType = text.script.ruby; path = utility.rb; sourceTree = "<group>"; };
		78229BB90C288188001DD4C3 /* chatbox.rb */ = {isa = PBXFileReference; fileEncoding = 0; lastKnownFileType = text.script.ruby; path = chatbox.rb; sourceTree = "<group>"; };
		78229BBA0C288188001DD4C3 /* dialogwindow.rb */ = {isa = PBXFileReference; fileEncoding = 0; lastKnownFileType = text.script.ruby; path = dialogwindow.rb; sourceTree = "<group>"; };
		78229BBB0C288188001DD4C3 /* listview.rb */ = {isa = PBXFileReference; fileEncoding = 0; lastKnownFileType = text.script.ruby; path = listview.rb; sourceTree = "<group>"; };
		78229BBC0C288188001DD4C3 /* log.rb */ = {isa = PBXFileReference; fileEncoding = 0; lastKnownFileType = text.script.ruby; path = log.rb; sourceTree = "<group>"; };
		78229BBD0C288188001DD4C3 /* logview.rb */ = {isa = PBXFileReference; fileEncoding = 0; lastKnownFileType = text.script.ruby; path = logview.rb; sourceTree = "<group>"; };
		78229BBE0C288188001DD4C3 /* mainwindow.rb */ = {isa = PBXFileReference; fileEncoding = 0; lastKnownFileType = text.script.ruby; path = mainwindow.rb; sourceTree = "<group>"; };
		78229BBF0C288188001DD4C3 /* tableprogressindicator.rb */ = {isa = PBXFileReference; fileEncoding = 0; lastKnownFileType = text.script.ruby; path = tableprogressindicator.rb; sourceTree = "<group>"; };
		78229BC00C288188001DD4C3 /* treeview.rb */ = {isa = PBXFileReference; fileEncoding = 0; lastKnownFileType = text.script.ruby; path = treeview.rb; sourceTree = "<group>"; };
		782647CB0CFE86BB0052E598 /* pastieclient.rb */ = {isa = PBXFileReference; fileEncoding = 4; lastKnownFileType = text.script.ruby; path = pastieclient.rb; sourceTree = "<group>"; };
		7831B94C0C589A7A00E1F931 /* growl.rb */ = {isa = PBXFileReference; fileEncoding = 0; lastKnownFileType = text.script.ruby; path = growl.rb; sourceTree = "<group>"; };
		7834E1920C69B5AD003C5D65 /* wildcard.rb */ = {isa = PBXFileReference; fileEncoding = 0; lastKnownFileType = text.script.ruby; path = wildcard.rb; sourceTree = "<group>"; };
		7835DF460D0415D20064916A /* Theme */ = {isa = PBXFileReference; lastKnownFileType = folder; name = Theme; path = resource/Theme; sourceTree = "<group>"; };
		783D0B1F0CF45BC6002CC2FB /* English */ = {isa = PBXFileReference; lastKnownFileType = wrapper.nib; name = English; path = English.lproj/ListDialog.nib; sourceTree = "<group>"; };
		783D0B2A0CF45C38002CC2FB /* listdialog.rb */ = {isa = PBXFileReference; fileEncoding = 4; lastKnownFileType = text.script.ruby; path = listdialog.rb; sourceTree = "<group>"; };
		784660230C3145850064140F /* OldEventManager.h */ = {isa = PBXFileReference; fileEncoding = 0; lastKnownFileType = sourcecode.c.h; name = OldEventManager.h; path = objc/OldEventManager.h; sourceTree = "<group>"; };
		784660240C3145850064140F /* OldEventManager.m */ = {isa = PBXFileReference; fileEncoding = 0; lastKnownFileType = sourcecode.c.objc; name = OldEventManager.m; path = objc/OldEventManager.m; sourceTree = "<group>"; };
		78496EF90C288B070084A836 /* English */ = {isa = PBXFileReference; lastKnownFileType = wrapper.nib; name = English; path = English.lproj/PreferenceDialog.nib; sourceTree = "<group>"; };
		78496EFC0C2890200084A836 /* preferencedialog.rb */ = {isa = PBXFileReference; fileEncoding = 0; lastKnownFileType = text.script.ruby; path = preferencedialog.rb; sourceTree = "<group>"; };
		7867EA4A0C227AD40017B510 /* English */ = {isa = PBXFileReference; lastKnownFileType = wrapper.nib; name = English; path = English.lproj/NickSheet.nib; sourceTree = "<group>"; };
		786926F20BB6EC1B0081019B /* AsyncSocket.h */ = {isa = PBXFileReference; fileEncoding = 0; lastKnownFileType = sourcecode.c.h; name = AsyncSocket.h; path = objc/AsyncSocket.h; sourceTree = "<group>"; };
		786926F30BB6EC1B0081019B /* AsyncSocket.m */ = {isa = PBXFileReference; fileEncoding = 0; lastKnownFileType = sourcecode.c.objc; name = AsyncSocket.m; path = objc/AsyncSocket.m; sourceTree = "<group>"; };
		786926F40BB6EC1B0081019B /* main.m */ = {isa = PBXFileReference; fileEncoding = 0; lastKnownFileType = sourcecode.c.objc; name = main.m; path = objc/main.m; sourceTree = "<group>"; };
		7869272D0BB6ED9E0081019B /* rb_main.rb */ = {isa = PBXFileReference; fileEncoding = 0; lastKnownFileType = text.script.ruby; name = rb_main.rb; path = objc/rb_main.rb; sourceTree = "<group>"; };
		78755D720C2AC0B30073FF42 /* logrenderer.rb */ = {isa = PBXFileReference; fileEncoding = 0; lastKnownFileType = text.script.ruby; path = logrenderer.rb; sourceTree = "<group>"; };
		7877E0610C65B84E002F13C7 /* textfield.rb */ = {isa = PBXFileReference; fileEncoding = 0; lastKnownFileType = text.script.ruby; path = textfield.rb; sourceTree = "<group>"; };
		78785B580BEDCF6800456645 /* English */ = {isa = PBXFileReference; lastKnownFileType = wrapper.nib; name = English; path = English.lproj/ServerDialog.nib; sourceTree = "<group>"; };
		787898240CF38C510045585B /* filelogger.rb */ = {isa = PBXFileReference; fileEncoding = 4; lastKnownFileType = text.script.ruby; path = filelogger.rb; sourceTree = "<group>"; };
		787A36A10C6A392600DDB70D /* fieldeditortextview.rb */ = {isa = PBXFileReference; fileEncoding = 0; lastKnownFileType = text.script.ruby; path = fieldeditortextview.rb; sourceTree = "<group>"; };
		787FD46C0BFE960100F2F22D /* Carbon.framework */ = {isa = PBXFileReference; lastKnownFileType = wrapper.framework; name = Carbon.framework; path = /System/Library/Frameworks/Carbon.framework; sourceTree = "<absolute>"; };
		7884E5450CDA91F500AF3678 /* SACrashReporter */ = {isa = PBXFileReference; lastKnownFileType = folder; name = SACrashReporter; path = vendor/SACrashReporter; sourceTree = "<group>"; };
		788C5E650C5F4F5A0034C46E /* growlcontroller.rb */ = {isa = PBXFileReference; fileEncoding = 0; lastKnownFileType = text.script.ruby; path = growlcontroller.rb; sourceTree = "<group>"; };
		788D56F00BB6872B00DDBF69 /* WebKit.framework */ = {isa = PBXFileReference; lastKnownFileType = wrapper.framework; name = WebKit.framework; path = /System/Library/Frameworks/WebKit.framework; sourceTree = "<absolute>"; };
		7890B4E80C659E4700DF983F /* autoopdialog.rb */ = {isa = PBXFileReference; fileEncoding = 0; lastKnownFileType = text.script.ruby; path = autoopdialog.rb; sourceTree = "<group>"; };
		7890B4EC0C659E5D00DF983F /* English */ = {isa = PBXFileReference; lastKnownFileType = wrapper.nib; name = English; path = English.lproj/AutoOpDialog.nib; sourceTree = "<group>"; };
		7896BFE40D0C5E850069453A /* viewtheme.rb */ = {isa = PBXFileReference; fileEncoding = 4; lastKnownFileType = text.script.ruby; path = viewtheme.rb; sourceTree = "<group>"; };
		78A808800C3DA6160073FF6B /* newtcpserver.rb */ = {isa = PBXFileReference; fileEncoding = 0; lastKnownFileType = text.script.ruby; path = newtcpserver.rb; sourceTree = "<group>"; };
		78A86ADA0BFFD87500E28592 /* English */ = {isa = PBXFileReference; lastKnownFileType = wrapper.nib; name = English; path = English.lproj/WhoisDialog.nib; sourceTree = "<group>"; };
		78AD78E30C61B8F8001E77F4 /* English */ = {isa = PBXFileReference; fileEncoding = 4; lastKnownFileType = text.plist.strings; name = English; path = English.lproj/Localizable.strings; sourceTree = "<group>"; };
		78AF96570C2C219A006D9E4D /* inputhistory.rb */ = {isa = PBXFileReference; fileEncoding = 0; lastKnownFileType = text.script.ruby; path = inputhistory.rb; sourceTree = "<group>"; };
		78AFBCF40C33E314008A8FCD /* kanasupport.rb */ = {isa = PBXFileReference; fileEncoding = 0; lastKnownFileType = text.script.ruby; path = kanasupport.rb; sourceTree = "<group>"; };
		78B063520C2BD19D00CDD242 /* singlelineformatter.rb */ = {isa = PBXFileReference; fileEncoding = 0; lastKnownFileType = text.script.ruby; path = singlelineformatter.rb; sourceTree = "<group>"; };
		78B2DF1F0D0417160092EBDA /* application.icns */ = {isa = PBXFileReference; lastKnownFileType = image.icns; name = application.icns; path = resource/icon/application.icns; sourceTree = "<group>"; };
		78B869BA0BF2D613007315AA /* English */ = {isa = PBXFileReference; lastKnownFileType = wrapper.nib; name = English; path = English.lproj/ChannelDialog.nib; sourceTree = "<group>"; };
		78BF64A30C2885E2004451B2 /* channel.rb */ = {isa = PBXFileReference; fileEncoding = 0; lastKnownFileType = text.script.ruby; path = channel.rb; sourceTree = "<group>"; };
		78BF64A40C2885E2004451B2 /* channelmode.rb */ = {isa = PBXFileReference; fileEncoding = 0; lastKnownFileType = text.script.ruby; path = channelmode.rb; sourceTree = "<group>"; };
		78BF64A50C2885E2004451B2 /* config.rb */ = {isa = PBXFileReference; fileEncoding = 0; lastKnownFileType = text.script.ruby; path = config.rb; sourceTree = "<group>"; };
		78BF64A60C2885E2004451B2 /* ircmessage.rb */ = {isa = PBXFileReference; fileEncoding = 0; lastKnownFileType = text.script.ruby; path = ircmessage.rb; sourceTree = "<group>"; };
		78BF64A70C2885E2004451B2 /* unit.rb */ = {isa = PBXFileReference; fileEncoding = 0; lastKnownFileType = text.script.ruby; path = unit.rb; sourceTree = "<group>"; };
		78BF64A80C2885E2004451B2 /* user.rb */ = {isa = PBXFileReference; fileEncoding = 0; lastKnownFileType = text.script.ruby; path = user.rb; sourceTree = "<group>"; };
		78BF64A90C2885E2004451B2 /* usermode.rb */ = {isa = PBXFileReference; fileEncoding = 0; lastKnownFileType = text.script.ruby; path = usermode.rb; sourceTree = "<group>"; };
		78BF64AA0C2885E2004451B2 /* world.rb */ = {isa = PBXFileReference; fileEncoding = 0; lastKnownFileType = text.script.ruby; path = world.rb; sourceTree = "<group>"; };
		78C5BAD40BE7B95100C4497A /* English */ = {isa = PBXFileReference; lastKnownFileType = wrapper.nib; name = English; path = English.lproj/CommentSheet.nib; sourceTree = "<group>"; };
		78DA4E920C460DAC008780C8 /* English */ = {isa = PBXFileReference; lastKnownFileType = wrapper.nib; name = English; path = English.lproj/TreeDialog.nib; sourceTree = "<group>"; };
		78DA4EA40C46180F008780C8 /* treedialog.rb */ = {isa = PBXFileReference; fileEncoding = 0; lastKnownFileType = text.script.ruby; path = treedialog.rb; sourceTree = "<group>"; };
		78DA4EBF0C461D52008780C8 /* memberlistview.rb */ = {isa = PBXFileReference; fileEncoding = 0; lastKnownFileType = text.script.ruby; path = memberlistview.rb; sourceTree = "<group>"; };
		78DA4EC00C461D52008780C8 /* servertreeview.rb */ = {isa = PBXFileReference; fileEncoding = 0; lastKnownFileType = text.script.ruby; path = servertreeview.rb; sourceTree = "<group>"; };
		78E570D00C1C306500BDF7EC /* LimeChat.app */ = {isa = PBXFileReference; explicitFileType = wrapper.application; includeInIndex = 0; path = LimeChat.app; sourceTree = BUILT_PRODUCTS_DIR; };
		78E7F2600CB2B9D20069E9ED /* LimeChat.app */ = {isa = PBXFileReference; explicitFileType = wrapper.application; includeInIndex = 0; path = LimeChat.app; sourceTree = BUILT_PRODUCTS_DIR; };
		8D1107310486CEB800E47090 /* Info.plist */ = {isa = PBXFileReference; fileEncoding = 4; lastKnownFileType = text.plist; path = Info.plist; sourceTree = "<group>"; };
		A5D3C7BF0AEB9FEB00C17985 /* RubyCocoa.framework */ = {isa = PBXFileReference; lastKnownFileType = wrapper.framework; name = RubyCocoa.framework; path = /Library/Frameworks/RubyCocoa.framework; sourceTree = "<absolute>"; };
/* End PBXFileReference section */

/* Begin PBXFrameworksBuildPhase section */
		78E570CE0C1C306500BDF7EC /* Frameworks */ = {
			isa = PBXFrameworksBuildPhase;
			buildActionMask = 2147483647;
			files = (
				78E572390C1C30BA00BDF7EC /* Cocoa.framework in Frameworks */,
				78E5723A0C1C30BA00BDF7EC /* RubyCocoa.framework in Frameworks */,
				78E5723B0C1C30BA00BDF7EC /* WebKit.framework in Frameworks */,
				78E5723C0C1C30BA00BDF7EC /* Carbon.framework in Frameworks */,
				78E5723D0C1C30BA00BDF7EC /* CoreServices.framework in Frameworks */,
			);
			runOnlyForDeploymentPostprocessing = 0;
		};
		78E7F2550CB2B9D20069E9ED /* Frameworks */ = {
			isa = PBXFrameworksBuildPhase;
			buildActionMask = 2147483647;
			files = (
				78E7F2560CB2B9D20069E9ED /* Cocoa.framework in Frameworks */,
				78E7F2570CB2B9D20069E9ED /* RubyCocoa.framework in Frameworks */,
				78E7F2580CB2B9D20069E9ED /* WebKit.framework in Frameworks */,
				78E7F2590CB2B9D20069E9ED /* Carbon.framework in Frameworks */,
				78E7F25A0CB2B9D20069E9ED /* CoreServices.framework in Frameworks */,
			);
			runOnlyForDeploymentPostprocessing = 0;
		};
/* End PBXFrameworksBuildPhase section */

/* Begin PBXGroup section */
		080E96DDFE201D6D7F000001 /* Classes */ = {
			isa = PBXGroup;
			children = (
				78A47CF40BF6DE6B001C5B15 /* ruby */,
			);
			name = Classes;
			sourceTree = "<group>";
		};
		1058C7A0FEA54F0111CA2CBB /* Linked Frameworks */ = {
			isa = PBXGroup;
			children = (
				787FD46C0BFE960100F2F22D /* Carbon.framework */,
				1058C7A1FEA54F0111CA2CBB /* Cocoa.framework */,
			);
			name = "Linked Frameworks";
			sourceTree = "<group>";
		};
		1058C7A2FEA54F0111CA2CBB /* Other Frameworks */ = {
			isa = PBXGroup;
			children = (
				780253C20C09525900C170D4 /* CoreServices.framework */,
				29B97324FDCFA39411CA2CEA /* AppKit.framework */,
				29B97325FDCFA39411CA2CEA /* Foundation.framework */,
				13E42FB307B3F0F600E4EEF1 /* CoreData.framework */,
				788D56F00BB6872B00DDBF69 /* WebKit.framework */,
				A5D3C7BF0AEB9FEB00C17985 /* RubyCocoa.framework */,
			);
			name = "Other Frameworks";
			sourceTree = "<group>";
		};
		19C28FACFE9D520D11CA2CBB /* Products */ = {
			isa = PBXGroup;
			children = (
				78E570D00C1C306500BDF7EC /* LimeChat.app */,
				78E7F2600CB2B9D20069E9ED /* LimeChat.app */,
			);
			name = Products;
			sourceTree = "<group>";
		};
		29B97314FDCFA39411CA2CEA /* LimeChat */ = {
			isa = PBXGroup;
			children = (
				080E96DDFE201D6D7F000001 /* Classes */,
				29B97315FDCFA39411CA2CEA /* Other Sources */,
				29B97317FDCFA39411CA2CEA /* Resources */,
				29B97323FDCFA39411CA2CEA /* Frameworks */,
				19C28FACFE9D520D11CA2CBB /* Products */,
			);
			name = LimeChat;
			sourceTree = "<group>";
		};
		29B97315FDCFA39411CA2CEA /* Other Sources */ = {
			isa = PBXGroup;
			children = (
				786927470BB6EE130081019B /* objc */,
			);
			name = "Other Sources";
			sourceTree = "<group>";
		};
		29B97317FDCFA39411CA2CEA /* Resources */ = {
			isa = PBXGroup;
			children = (
				78B2DF1F0D0417160092EBDA /* application.icns */,
				7835DF460D0415D20064916A /* Theme */,
				7884E5450CDA91F500AF3678 /* SACrashReporter */,
				8D1107310486CEB800E47090 /* Info.plist */,
				78AD78E20C61B8F8001E77F4 /* Localizable.strings */,
				089C165CFE840E0CC02AAC07 /* InfoPlist.strings */,
				783D0B1E0CF45BC6002CC2FB /* ListDialog.nib */,
				29B97318FDCFA39411CA2CEA /* MainMenu.nib */,
				78C5BAD30BE7B95100C4497A /* CommentSheet.nib */,
				781E254B0BE9E8E20040F56E /* ModeSheet.nib */,
				78785B570BEDCF6800456645 /* ServerDialog.nib */,
				78B869B90BF2D613007315AA /* ChannelDialog.nib */,
				7817A0380BF6FFCD005C7737 /* DccDialog.nib */,
				78A86AD90BFFD87500E28592 /* WhoisDialog.nib */,
				7867EA490C227AD40017B510 /* NickSheet.nib */,
				78496EF80C288B070084A836 /* PreferenceDialog.nib */,
				7821DBDC0C2C84EA00B3EF42 /* PasteSheet.nib */,
				78DA4E910C460DAC008780C8 /* TreeDialog.nib */,
				7890B4EB0C659E5D00DF983F /* AutoOpDialog.nib */,
			);
			name = Resources;
			sourceTree = "<group>";
		};
		29B97323FDCFA39411CA2CEA /* Frameworks */ = {
			isa = PBXGroup;
			children = (
				1058C7A0FEA54F0111CA2CBB /* Linked Frameworks */,
				1058C7A2FEA54F0111CA2CBB /* Other Frameworks */,
			);
			name = Frameworks;
			sourceTree = "<group>";
		};
		78229B8F0C288188001DD4C3 /* component */ = {
			isa = PBXGroup;
			children = (
				78A808800C3DA6160073FF6B /* newtcpserver.rb */,
				78AF96570C2C219A006D9E4D /* inputhistory.rb */,
				78229B900C288188001DD4C3 /* asynctcpclient.rb */,
				78229B910C288188001DD4C3 /* asynctcpserver.rb */,
				78229B920C288188001DD4C3 /* ircsocket.rb */,
				78229B940C288188001DD4C3 /* resolver.rb */,
				78229B950C288188001DD4C3 /* tcpclient.rb */,
				78229B960C288188001DD4C3 /* tcpserver.rb */,
				78229B970C288188001DD4C3 /* timer.rb */,
			);
			path = component;
			sourceTree = "<group>";
		};
		78229B980C288188001DD4C3 /* controller */ = {
			isa = PBXGroup;
			children = (
				788C5E650C5F4F5A0034C46E /* growlcontroller.rb */,
				78229B990C288188001DD4C3 /* appcontroller.rb */,
				78229B9A0C288188001DD4C3 /* menucontroller.rb */,
				78229B9B0C288188001DD4C3 /* preferences.rb */,
			);
			path = controller;
			sourceTree = "<group>";
		};
		78229B9C0C288188001DD4C3 /* dcc */ = {
			isa = PBXGroup;
			children = (
				78229B9D0C288188001DD4C3 /* dccmanager.rb */,
				78229B9E0C288188001DD4C3 /* dccreceiver.rb */,
				78229B9F0C288188001DD4C3 /* dccsender.rb */,
			);
			path = dcc;
			sourceTree = "<group>";
		};
		78229BA00C288188001DD4C3 /* dialog */ = {
			isa = PBXGroup;
			children = (
				7890B4E80C659E4700DF983F /* autoopdialog.rb */,
				78DA4EA40C46180F008780C8 /* treedialog.rb */,
				7821DBE30C2C875700B3EF42 /* pastesheet.rb */,
				78496EFC0C2890200084A836 /* preferencedialog.rb */,
				78229BA10C288188001DD4C3 /* channeldialog.rb */,
				78229BA20C288188001DD4C3 /* commentsheet.rb */,
				78229BA30C288188001DD4C3 /* modesheet.rb */,
				78229BA40C288188001DD4C3 /* nicksheet.rb */,
				78229BA50C288188001DD4C3 /* serverdialog.rb */,
				78229BA60C288188001DD4C3 /* whoisdialog.rb */,
				783D0B2A0CF45C38002CC2FB /* listdialog.rb */,
			);
			path = dialog;
			sourceTree = "<group>";
		};
		78229BA70C288188001DD4C3 /* lib */ = {
			isa = PBXGroup;
			children = (
				782647CB0CFE86BB0052E598 /* pastieclient.rb */,
				78208C190C9D97CD004472E9 /* cocoasheet.rb */,
				7834E1920C69B5AD003C5D65 /* wildcard.rb */,
				78211B520C5F3560004B47DA /* soundplayer.rb */,
				7831B94C0C589A7A00E1F931 /* growl.rb */,
				78AFBCF40C33E314008A8FCD /* kanasupport.rb */,
				78229BA80C288188001DD4C3 /* dialoghelper.rb */,
				78229BA90C288188001DD4C3 /* numberformat.rb */,
				78229BAA0C288188001DD4C3 /* persistencehelper.rb */,
				78229BAB0C288188001DD4C3 /* stringvalidator.rb */,
				78229BAC0C288188001DD4C3 /* urlopener.rb */,
				78229BAD0C288188001DD4C3 /* userdefaultsaccess.rb */,
				78229BAE0C288188001DD4C3 /* utility.rb */,
				787898240CF38C510045585B /* filelogger.rb */,
			);
			path = lib;
			sourceTree = "<group>";
		};
		78229BB80C288188001DD4C3 /* view */ = {
			isa = PBXGroup;
			children = (
				7896BFE40D0C5E850069453A /* viewtheme.rb */,
				787A36A10C6A392600DDB70D /* fieldeditortextview.rb */,
				7877E0610C65B84E002F13C7 /* textfield.rb */,
				78DA4EBF0C461D52008780C8 /* memberlistview.rb */,
				78DA4EC00C461D52008780C8 /* servertreeview.rb */,
				780D09EF0C2F2C20007C0F4F /* splitter.rb */,
				78B063520C2BD19D00CDD242 /* singlelineformatter.rb */,
				78755D720C2AC0B30073FF42 /* logrenderer.rb */,
				78229BB90C288188001DD4C3 /* chatbox.rb */,
				78229BBA0C288188001DD4C3 /* dialogwindow.rb */,
				78229BBB0C288188001DD4C3 /* listview.rb */,
				78229BBC0C288188001DD4C3 /* log.rb */,
				78229BBD0C288188001DD4C3 /* logview.rb */,
				78229BBE0C288188001DD4C3 /* mainwindow.rb */,
				78229BBF0C288188001DD4C3 /* tableprogressindicator.rb */,
				78229BC00C288188001DD4C3 /* treeview.rb */,
			);
			path = view;
			sourceTree = "<group>";
		};
		786927470BB6EE130081019B /* objc */ = {
			isa = PBXGroup;
			children = (
				784660230C3145850064140F /* OldEventManager.h */,
				784660240C3145850064140F /* OldEventManager.m */,
				786926F20BB6EC1B0081019B /* AsyncSocket.h */,
				786926F30BB6EC1B0081019B /* AsyncSocket.m */,
				7869272D0BB6ED9E0081019B /* rb_main.rb */,
				786926F40BB6EC1B0081019B /* main.m */,
				7804271C0BCA810600C14486 /* GradientFill.h */,
				7804271D0BCA810600C14486 /* GradientFill.m */,
			);
			name = objc;
			sourceTree = "<group>";
		};
		78A47CF40BF6DE6B001C5B15 /* ruby */ = {
			isa = PBXGroup;
			children = (
				78BF64A20C2885E2004451B2 /* irc */,
				78229B8F0C288188001DD4C3 /* component */,
				78229B980C288188001DD4C3 /* controller */,
				78229B9C0C288188001DD4C3 /* dcc */,
				78229BA00C288188001DD4C3 /* dialog */,
				78229BA70C288188001DD4C3 /* lib */,
				78229BB80C288188001DD4C3 /* view */,
			);
			path = ruby;
			sourceTree = "<group>";
		};
		78BF64A20C2885E2004451B2 /* irc */ = {
			isa = PBXGroup;
			children = (
				78BF64A30C2885E2004451B2 /* channel.rb */,
				78BF64A40C2885E2004451B2 /* channelmode.rb */,
				78BF64A50C2885E2004451B2 /* config.rb */,
				78BF64A60C2885E2004451B2 /* ircmessage.rb */,
				78BF64A70C2885E2004451B2 /* unit.rb */,
				78BF64A80C2885E2004451B2 /* user.rb */,
				78BF64A90C2885E2004451B2 /* usermode.rb */,
				78BF64AA0C2885E2004451B2 /* world.rb */,
			);
			path = irc;
			sourceTree = "<group>";
		};
/* End PBXGroup section */

/* Begin PBXNativeTarget section */
		78E570CF0C1C306500BDF7EC /* LimeChat */ = {
			isa = PBXNativeTarget;
			buildConfigurationList = 78E570D30C1C306500BDF7EC /* Build configuration list for PBXNativeTarget "LimeChat" */;
			buildPhases = (
				78E570CC0C1C306500BDF7EC /* Resources */,
				78E570CD0C1C306500BDF7EC /* Sources */,
				78E570CE0C1C306500BDF7EC /* Frameworks */,
				7835DF2C0D0414020064916A /* CopyFiles */,
			);
			buildRules = (
			);
			dependencies = (
			);
			name = LimeChat;
			productName = LimeChat;
			productReference = 78E570D00C1C306500BDF7EC /* LimeChat.app */;
			productType = "com.apple.product-type.application";
		};
		78E7F2000CB2B9D20069E9ED /* LimeChat with RubyCocoa */ = {
			isa = PBXNativeTarget;
			buildConfigurationList = 78E7F25D0CB2B9D20069E9ED /* Build configuration list for PBXNativeTarget "LimeChat with RubyCocoa" */;
			buildPhases = (
				78E7F2010CB2B9D20069E9ED /* Resources */,
				78E7F2500CB2B9D20069E9ED /* Sources */,
				78E7F2550CB2B9D20069E9ED /* Frameworks */,
				78E7F25B0CB2B9D20069E9ED /* CopyFiles */,
				7835DF4E0D0416400064916A /* CopyFiles */,
			);
			buildRules = (
			);
			dependencies = (
			);
			name = "LimeChat with RubyCocoa";
			productName = LimeChat;
			productReference = 78E7F2600CB2B9D20069E9ED /* LimeChat.app */;
			productType = "com.apple.product-type.application";
		};
/* End PBXNativeTarget section */

/* Begin PBXProject section */
		29B97313FDCFA39411CA2CEA /* Project object */ = {
			isa = PBXProject;
			buildConfigurationList = C01FCF4E08A954540054247B /* Build configuration list for PBXProject "LimeChat" */;
			compatibilityVersion = "Xcode 2.4";
			hasScannedForEncodings = 1;
			mainGroup = 29B97314FDCFA39411CA2CEA /* LimeChat */;
			projectDirPath = "";
			projectRoot = "";
			targets = (
				78E570CF0C1C306500BDF7EC /* LimeChat */,
				78E7F2000CB2B9D20069E9ED /* LimeChat with RubyCocoa */,
				78DB8A8E0C1C3216000C27D9 /* dmg&srczip */,
			);
		};
/* End PBXProject section */

/* Begin PBXResourcesBuildPhase section */
		78E570CC0C1C306500BDF7EC /* Resources */ = {
			isa = PBXResourcesBuildPhase;
			buildActionMask = 2147483647;
			files = (
				78E572430C1C30CE00BDF7EC /* MainMenu.nib in Resources */,
				78E572440C1C30CE00BDF7EC /* InfoPlist.strings in Resources */,
				78E572450C1C30CE00BDF7EC /* rb_main.rb in Resources */,
				78E572460C1C30CE00BDF7EC /* CommentSheet.nib in Resources */,
				78E572470C1C30CE00BDF7EC /* ModeSheet.nib in Resources */,
				78E572480C1C30CE00BDF7EC /* ServerDialog.nib in Resources */,
				78E572490C1C30CE00BDF7EC /* ChannelDialog.nib in Resources */,
				78E572660C1C30CE00BDF7EC /* DccDialog.nib in Resources */,
				78E572690C1C30CE00BDF7EC /* WhoisDialog.nib in Resources */,
				7867EA4B0C227AD40017B510 /* NickSheet.nib in Resources */,
				78229BC20C288188001DD4C3 /* asynctcpclient.rb in Resources */,
				78229BC30C288188001DD4C3 /* asynctcpserver.rb in Resources */,
				78229BC40C288188001DD4C3 /* ircsocket.rb in Resources */,
				78229BC60C288188001DD4C3 /* resolver.rb in Resources */,
				78229BC70C288188001DD4C3 /* tcpclient.rb in Resources */,
				78229BC80C288188001DD4C3 /* tcpserver.rb in Resources */,
				78229BC90C288188001DD4C3 /* timer.rb in Resources */,
				78229BCA0C288188001DD4C3 /* appcontroller.rb in Resources */,
				78229BCB0C288188001DD4C3 /* menucontroller.rb in Resources */,
				78229BCC0C288188001DD4C3 /* preferences.rb in Resources */,
				78229BCD0C288188001DD4C3 /* dccmanager.rb in Resources */,
				78229BCE0C288188001DD4C3 /* dccreceiver.rb in Resources */,
				78229BCF0C288188001DD4C3 /* dccsender.rb in Resources */,
				78229BD00C288188001DD4C3 /* channeldialog.rb in Resources */,
				78229BD10C288188001DD4C3 /* commentsheet.rb in Resources */,
				78229BD20C288188001DD4C3 /* modesheet.rb in Resources */,
				78229BD30C288188001DD4C3 /* nicksheet.rb in Resources */,
				78229BD40C288188001DD4C3 /* serverdialog.rb in Resources */,
				78229BD50C288188001DD4C3 /* whoisdialog.rb in Resources */,
				78229BD60C288188001DD4C3 /* dialoghelper.rb in Resources */,
				78229BD70C288188001DD4C3 /* numberformat.rb in Resources */,
				78229BD80C288188001DD4C3 /* persistencehelper.rb in Resources */,
				78229BD90C288188001DD4C3 /* stringvalidator.rb in Resources */,
				78229BDA0C288188001DD4C3 /* urlopener.rb in Resources */,
				78229BDB0C288188001DD4C3 /* userdefaultsaccess.rb in Resources */,
				78229BDC0C288188001DD4C3 /* utility.rb in Resources */,
				78229BE50C288188001DD4C3 /* chatbox.rb in Resources */,
				78229BE60C288188001DD4C3 /* dialogwindow.rb in Resources */,
				78229BE70C288188001DD4C3 /* listview.rb in Resources */,
				78229BE80C288188001DD4C3 /* log.rb in Resources */,
				78229BE90C288188001DD4C3 /* logview.rb in Resources */,
				78229BEA0C288188001DD4C3 /* mainwindow.rb in Resources */,
				78229BEB0C288188001DD4C3 /* tableprogressindicator.rb in Resources */,
				78229BEC0C288188001DD4C3 /* treeview.rb in Resources */,
				78BF64AB0C2885E2004451B2 /* channel.rb in Resources */,
				78BF64AC0C2885E2004451B2 /* channelmode.rb in Resources */,
				78BF64AD0C2885E2004451B2 /* config.rb in Resources */,
				78BF64AE0C2885E2004451B2 /* ircmessage.rb in Resources */,
				78BF64AF0C2885E2004451B2 /* unit.rb in Resources */,
				78BF64B00C2885E2004451B2 /* user.rb in Resources */,
				78BF64B10C2885E2004451B2 /* usermode.rb in Resources */,
				78BF64B20C2885E2004451B2 /* world.rb in Resources */,
				78496EFA0C288B070084A836 /* PreferenceDialog.nib in Resources */,
				78496EFD0C2890200084A836 /* preferencedialog.rb in Resources */,
				78755D730C2AC0B30073FF42 /* logrenderer.rb in Resources */,
				78B063530C2BD19D00CDD242 /* singlelineformatter.rb in Resources */,
				78AF96580C2C219A006D9E4D /* inputhistory.rb in Resources */,
				7821DBDE0C2C84EA00B3EF42 /* PasteSheet.nib in Resources */,
				7821DBE40C2C875700B3EF42 /* pastesheet.rb in Resources */,
				780D09F00C2F2C20007C0F4F /* splitter.rb in Resources */,
				78AFBCF50C33E314008A8FCD /* kanasupport.rb in Resources */,
				78A808810C3DA6160073FF6B /* newtcpserver.rb in Resources */,
				78DA4E930C460DAC008780C8 /* TreeDialog.nib in Resources */,
				78DA4EA50C46180F008780C8 /* treedialog.rb in Resources */,
				78DA4EC10C461D52008780C8 /* memberlistview.rb in Resources */,
				78DA4EC20C461D52008780C8 /* servertreeview.rb in Resources */,
				7831B94D0C589A7A00E1F931 /* growl.rb in Resources */,
				78211B530C5F3560004B47DA /* soundplayer.rb in Resources */,
				788C5E660C5F4F5A0034C46E /* growlcontroller.rb in Resources */,
				78AD78E40C61B8F8001E77F4 /* Localizable.strings in Resources */,
				7890B4E90C659E4700DF983F /* autoopdialog.rb in Resources */,
				7890B4ED0C659E5D00DF983F /* AutoOpDialog.nib in Resources */,
				7877E0620C65B84E002F13C7 /* textfield.rb in Resources */,
				7834E1930C69B5AD003C5D65 /* wildcard.rb in Resources */,
				787A36A20C6A392600DDB70D /* fieldeditortextview.rb in Resources */,
				78208C1A0C9D97CD004472E9 /* cocoasheet.rb in Resources */,
				7884E54E0CDA91F500AF3678 /* SACrashReporter in Resources */,
				787898250CF38C510045585B /* filelogger.rb in Resources */,
				783D0B200CF45BC6002CC2FB /* ListDialog.nib in Resources */,
				783D0B2B0CF45C38002CC2FB /* listdialog.rb in Resources */,
				782647CC0CFE86BB0052E598 /* pastieclient.rb in Resources */,
				78B2DF210D0417160092EBDA /* application.icns in Resources */,
				7896BFE50D0C5E850069453A /* viewtheme.rb in Resources */,
			);
			runOnlyForDeploymentPostprocessing = 0;
		};
		78E7F2010CB2B9D20069E9ED /* Resources */ = {
			isa = PBXResourcesBuildPhase;
			buildActionMask = 2147483647;
			files = (
				783D0B210CF45BDC002CC2FB /* ListDialog.nib in Resources */,
				78E7F2020CB2B9D20069E9ED /* MainMenu.nib in Resources */,
				78E7F2030CB2B9D20069E9ED /* InfoPlist.strings in Resources */,
				78E7F2040CB2B9D20069E9ED /* rb_main.rb in Resources */,
				78E7F2050CB2B9D20069E9ED /* CommentSheet.nib in Resources */,
				78E7F2060CB2B9D20069E9ED /* ModeSheet.nib in Resources */,
				78E7F2070CB2B9D20069E9ED /* ServerDialog.nib in Resources */,
				78E7F2080CB2B9D20069E9ED /* ChannelDialog.nib in Resources */,
				78E7F2090CB2B9D20069E9ED /* DccDialog.nib in Resources */,
				78E7F20A0CB2B9D20069E9ED /* WhoisDialog.nib in Resources */,
				78E7F20B0CB2B9D20069E9ED /* NickSheet.nib in Resources */,
				78E7F20C0CB2B9D20069E9ED /* asynctcpclient.rb in Resources */,
				78E7F20D0CB2B9D20069E9ED /* asynctcpserver.rb in Resources */,
				78E7F20E0CB2B9D20069E9ED /* ircsocket.rb in Resources */,
				78E7F20F0CB2B9D20069E9ED /* resolver.rb in Resources */,
				78E7F2100CB2B9D20069E9ED /* tcpclient.rb in Resources */,
				78E7F2110CB2B9D20069E9ED /* tcpserver.rb in Resources */,
				78E7F2120CB2B9D20069E9ED /* timer.rb in Resources */,
				78E7F2130CB2B9D20069E9ED /* appcontroller.rb in Resources */,
				78E7F2140CB2B9D20069E9ED /* menucontroller.rb in Resources */,
				78E7F2150CB2B9D20069E9ED /* preferences.rb in Resources */,
				78E7F2160CB2B9D20069E9ED /* dccmanager.rb in Resources */,
				78E7F2170CB2B9D20069E9ED /* dccreceiver.rb in Resources */,
				78E7F2180CB2B9D20069E9ED /* dccsender.rb in Resources */,
				78E7F2190CB2B9D20069E9ED /* channeldialog.rb in Resources */,
				78E7F21A0CB2B9D20069E9ED /* commentsheet.rb in Resources */,
				78E7F21B0CB2B9D20069E9ED /* modesheet.rb in Resources */,
				78E7F21C0CB2B9D20069E9ED /* nicksheet.rb in Resources */,
				78E7F21D0CB2B9D20069E9ED /* serverdialog.rb in Resources */,
				78E7F21E0CB2B9D20069E9ED /* whoisdialog.rb in Resources */,
				78E7F21F0CB2B9D20069E9ED /* dialoghelper.rb in Resources */,
				78E7F2200CB2B9D20069E9ED /* numberformat.rb in Resources */,
				78E7F2210CB2B9D20069E9ED /* persistencehelper.rb in Resources */,
				78E7F2220CB2B9D20069E9ED /* stringvalidator.rb in Resources */,
				78E7F2230CB2B9D20069E9ED /* urlopener.rb in Resources */,
				78E7F2240CB2B9D20069E9ED /* userdefaultsaccess.rb in Resources */,
				78E7F2250CB2B9D20069E9ED /* utility.rb in Resources */,
				78E7F2260CB2B9D20069E9ED /* chatbox.rb in Resources */,
				78E7F2270CB2B9D20069E9ED /* dialogwindow.rb in Resources */,
				78E7F2280CB2B9D20069E9ED /* listview.rb in Resources */,
				78E7F2290CB2B9D20069E9ED /* log.rb in Resources */,
				78E7F22A0CB2B9D20069E9ED /* logview.rb in Resources */,
				78E7F22B0CB2B9D20069E9ED /* mainwindow.rb in Resources */,
				78E7F22C0CB2B9D20069E9ED /* tableprogressindicator.rb in Resources */,
				78E7F22D0CB2B9D20069E9ED /* treeview.rb in Resources */,
				78E7F22F0CB2B9D20069E9ED /* channel.rb in Resources */,
				78E7F2300CB2B9D20069E9ED /* channelmode.rb in Resources */,
				78E7F2310CB2B9D20069E9ED /* config.rb in Resources */,
				78E7F2320CB2B9D20069E9ED /* ircmessage.rb in Resources */,
				78E7F2330CB2B9D20069E9ED /* unit.rb in Resources */,
				78E7F2340CB2B9D20069E9ED /* user.rb in Resources */,
				78E7F2350CB2B9D20069E9ED /* usermode.rb in Resources */,
				78E7F2360CB2B9D20069E9ED /* world.rb in Resources */,
				78E7F2370CB2B9D20069E9ED /* PreferenceDialog.nib in Resources */,
				78E7F2380CB2B9D20069E9ED /* preferencedialog.rb in Resources */,
				78E7F2390CB2B9D20069E9ED /* logrenderer.rb in Resources */,
				78E7F23A0CB2B9D20069E9ED /* singlelineformatter.rb in Resources */,
				78E7F23B0CB2B9D20069E9ED /* inputhistory.rb in Resources */,
				78E7F23C0CB2B9D20069E9ED /* PasteSheet.nib in Resources */,
				78E7F23D0CB2B9D20069E9ED /* pastesheet.rb in Resources */,
				78E7F23E0CB2B9D20069E9ED /* splitter.rb in Resources */,
				78E7F23F0CB2B9D20069E9ED /* kanasupport.rb in Resources */,
				78E7F2400CB2B9D20069E9ED /* newtcpserver.rb in Resources */,
				78E7F2410CB2B9D20069E9ED /* TreeDialog.nib in Resources */,
				78E7F2420CB2B9D20069E9ED /* treedialog.rb in Resources */,
				78E7F2430CB2B9D20069E9ED /* memberlistview.rb in Resources */,
				78E7F2440CB2B9D20069E9ED /* servertreeview.rb in Resources */,
				78E7F2450CB2B9D20069E9ED /* growl.rb in Resources */,
				78E7F2460CB2B9D20069E9ED /* soundplayer.rb in Resources */,
				78E7F2470CB2B9D20069E9ED /* growlcontroller.rb in Resources */,
				78E7F2480CB2B9D20069E9ED /* Localizable.strings in Resources */,
				78E7F2490CB2B9D20069E9ED /* autoopdialog.rb in Resources */,
				78E7F24A0CB2B9D20069E9ED /* AutoOpDialog.nib in Resources */,
				78E7F24B0CB2B9D20069E9ED /* textfield.rb in Resources */,
				78E7F24C0CB2B9D20069E9ED /* wildcard.rb in Resources */,
				78E7F24D0CB2B9D20069E9ED /* fieldeditortextview.rb in Resources */,
				78E7F24F0CB2B9D20069E9ED /* cocoasheet.rb in Resources */,
				7884E54F0CDA91F500AF3678 /* SACrashReporter in Resources */,
				787898260CF38C510045585B /* filelogger.rb in Resources */,
				783D0B2C0CF45C38002CC2FB /* listdialog.rb in Resources */,
				782647CD0CFE86BB0052E598 /* pastieclient.rb in Resources */,
				78B2DF200D0417160092EBDA /* application.icns in Resources */,
				7896BFE60D0C5E850069453A /* viewtheme.rb in Resources */,
			);
			runOnlyForDeploymentPostprocessing = 0;
		};
/* End PBXResourcesBuildPhase section */

/* Begin PBXShellScriptBuildPhase section */
		78DB8A8D0C1C3216000C27D9 /* ShellScript */ = {
			isa = PBXShellScriptBuildPhase;
			buildActionMask = 2147483647;
			files = (
			);
			inputPaths = (
			);
			outputPaths = (
			);
			runOnlyForDeploymentPostprocessing = 0;
			shellPath = /bin/sh;
			shellScript = "if [ -e build/Release/\"$PROJECT_NAME\".app ]; then\n  ruby script/package.rb\n  ruby script/packagesource.rb\nfi\n";
		};
/* End PBXShellScriptBuildPhase section */

/* Begin PBXSourcesBuildPhase section */
		78E570CD0C1C306500BDF7EC /* Sources */ = {
			isa = PBXSourcesBuildPhase;
			buildActionMask = 2147483647;
			files = (
				78E5723E0C1C30C300BDF7EC /* AsyncSocket.m in Sources */,
				78E5723F0C1C30C300BDF7EC /* main.m in Sources */,
				78E572420C1C30C300BDF7EC /* GradientFill.m in Sources */,
				784660250C3145850064140F /* OldEventManager.m in Sources */,
			);
			runOnlyForDeploymentPostprocessing = 0;
		};
		78E7F2500CB2B9D20069E9ED /* Sources */ = {
			isa = PBXSourcesBuildPhase;
			buildActionMask = 2147483647;
			files = (
				78E7F2510CB2B9D20069E9ED /* AsyncSocket.m in Sources */,
				78E7F2520CB2B9D20069E9ED /* main.m in Sources */,
				78E7F2530CB2B9D20069E9ED /* GradientFill.m in Sources */,
				78E7F2540CB2B9D20069E9ED /* OldEventManager.m in Sources */,
			);
			runOnlyForDeploymentPostprocessing = 0;
		};
/* End PBXSourcesBuildPhase section */

/* Begin PBXVariantGroup section */
		089C165CFE840E0CC02AAC07 /* InfoPlist.strings */ = {
			isa = PBXVariantGroup;
			children = (
				089C165DFE840E0CC02AAC07 /* English */,
			);
			name = InfoPlist.strings;
			sourceTree = "<group>";
		};
		29B97318FDCFA39411CA2CEA /* MainMenu.nib */ = {
			isa = PBXVariantGroup;
			children = (
				29B97319FDCFA39411CA2CEA /* English */,
			);
			name = MainMenu.nib;
			sourceTree = "<group>";
		};
		7817A0380BF6FFCD005C7737 /* DccDialog.nib */ = {
			isa = PBXVariantGroup;
			children = (
				7817A0390BF6FFCD005C7737 /* English */,
			);
			name = DccDialog.nib;
			sourceTree = "<group>";
		};
		781E254B0BE9E8E20040F56E /* ModeSheet.nib */ = {
			isa = PBXVariantGroup;
			children = (
				781E254C0BE9E8E20040F56E /* English */,
			);
			name = ModeSheet.nib;
			sourceTree = "<group>";
		};
		7821DBDC0C2C84EA00B3EF42 /* PasteSheet.nib */ = {
			isa = PBXVariantGroup;
			children = (
				7821DBDD0C2C84EA00B3EF42 /* English */,
			);
			name = PasteSheet.nib;
			sourceTree = "<group>";
		};
		783D0B1E0CF45BC6002CC2FB /* ListDialog.nib */ = {
			isa = PBXVariantGroup;
			children = (
				783D0B1F0CF45BC6002CC2FB /* English */,
			);
			name = ListDialog.nib;
			sourceTree = "<group>";
		};
		78496EF80C288B070084A836 /* PreferenceDialog.nib */ = {
			isa = PBXVariantGroup;
			children = (
				78496EF90C288B070084A836 /* English */,
			);
			name = PreferenceDialog.nib;
			sourceTree = "<group>";
		};
		7867EA490C227AD40017B510 /* NickSheet.nib */ = {
			isa = PBXVariantGroup;
			children = (
				7867EA4A0C227AD40017B510 /* English */,
			);
			name = NickSheet.nib;
			sourceTree = "<group>";
		};
		78785B570BEDCF6800456645 /* ServerDialog.nib */ = {
			isa = PBXVariantGroup;
			children = (
				78785B580BEDCF6800456645 /* English */,
			);
			name = ServerDialog.nib;
			sourceTree = "<group>";
		};
		7890B4EB0C659E5D00DF983F /* AutoOpDialog.nib */ = {
			isa = PBXVariantGroup;
			children = (
				7890B4EC0C659E5D00DF983F /* English */,
			);
			name = AutoOpDialog.nib;
			sourceTree = "<group>";
		};
		78A86AD90BFFD87500E28592 /* WhoisDialog.nib */ = {
			isa = PBXVariantGroup;
			children = (
				78A86ADA0BFFD87500E28592 /* English */,
			);
			name = WhoisDialog.nib;
			sourceTree = "<group>";
		};
		78AD78E20C61B8F8001E77F4 /* Localizable.strings */ = {
			isa = PBXVariantGroup;
			children = (
				78AD78E30C61B8F8001E77F4 /* English */,
			);
			name = Localizable.strings;
			sourceTree = "<group>";
		};
		78B869B90BF2D613007315AA /* ChannelDialog.nib */ = {
			isa = PBXVariantGroup;
			children = (
				78B869BA0BF2D613007315AA /* English */,
			);
			name = ChannelDialog.nib;
			sourceTree = "<group>";
		};
		78C5BAD30BE7B95100C4497A /* CommentSheet.nib */ = {
			isa = PBXVariantGroup;
			children = (
				78C5BAD40BE7B95100C4497A /* English */,
			);
			name = CommentSheet.nib;
			sourceTree = "<group>";
		};
		78DA4E910C460DAC008780C8 /* TreeDialog.nib */ = {
			isa = PBXVariantGroup;
			children = (
				78DA4E920C460DAC008780C8 /* English */,
			);
			name = TreeDialog.nib;
			sourceTree = "<group>";
		};
/* End PBXVariantGroup section */

/* Begin XCBuildConfiguration section */
		78DB8A900C1C3234000C27D9 /* Debug */ = {
			isa = XCBuildConfiguration;
			buildSettings = {
				COPY_PHASE_STRIP = NO;
				GCC_DYNAMIC_NO_PIC = NO;
				GCC_GENERATE_DEBUGGING_SYMBOLS = YES;
				GCC_OPTIMIZATION_LEVEL = 0;
				PRODUCT_NAME = dmg;
			};
			name = Debug;
		};
		78DB8A910C1C3234000C27D9 /* Release */ = {
			isa = XCBuildConfiguration;
			buildSettings = {
				COPY_PHASE_STRIP = YES;
				GCC_ENABLE_FIX_AND_CONTINUE = NO;
				GCC_GENERATE_DEBUGGING_SYMBOLS = NO;
				PRODUCT_NAME = dmg;
				ZERO_LINK = NO;
			};
			name = Release;
		};
		78E570D40C1C306500BDF7EC /* Debug */ = {
			isa = XCBuildConfiguration;
			buildSettings = {
				COPY_PHASE_STRIP = NO;
				GCC_DYNAMIC_NO_PIC = NO;
				GCC_ENABLE_FIX_AND_CONTINUE = YES;
				GCC_GENERATE_DEBUGGING_SYMBOLS = YES;
				GCC_MODEL_TUNING = G5;
				GCC_OPTIMIZATION_LEVEL = 0;
				GCC_PRECOMPILE_PREFIX_HEADER = YES;
				GCC_PREFIX_HEADER = "$(SYSTEM_LIBRARY_DIR)/Frameworks/AppKit.framework/Headers/AppKit.h";
				INFOPLIST_FILE = Info.plist;
				INSTALL_PATH = "$(HOME)/Applications";
				OTHER_LDFLAGS = (
					"-framework",
					Foundation,
					"-framework",
					AppKit,
				);
				PREBINDING = NO;
				PRODUCT_NAME = LimeChat;
				WRAPPER_EXTENSION = app;
				ZERO_LINK = YES;
			};
			name = Debug;
		};
		78E570D50C1C306500BDF7EC /* Release */ = {
			isa = XCBuildConfiguration;
			buildSettings = {
				COPY_PHASE_STRIP = YES;
				GCC_ENABLE_FIX_AND_CONTINUE = NO;
				GCC_GENERATE_DEBUGGING_SYMBOLS = NO;
				GCC_MODEL_TUNING = G5;
				GCC_PRECOMPILE_PREFIX_HEADER = YES;
				GCC_PREFIX_HEADER = "$(SYSTEM_LIBRARY_DIR)/Frameworks/AppKit.framework/Headers/AppKit.h";
				INFOPLIST_FILE = Info.plist;
				INSTALL_PATH = "$(HOME)/Applications";
				OTHER_LDFLAGS = (
					"-framework",
					Foundation,
					"-framework",
					AppKit,
				);
				PREBINDING = NO;
				PRODUCT_NAME = LimeChat;
				WRAPPER_EXTENSION = app;
				ZERO_LINK = NO;
			};
			name = Release;
		};
		78E7F25E0CB2B9D20069E9ED /* Debug */ = {
			isa = XCBuildConfiguration;
			buildSettings = {
				COPY_PHASE_STRIP = NO;
				GCC_DYNAMIC_NO_PIC = NO;
				GCC_ENABLE_FIX_AND_CONTINUE = YES;
				GCC_GENERATE_DEBUGGING_SYMBOLS = YES;
				GCC_MODEL_TUNING = G5;
				GCC_OPTIMIZATION_LEVEL = 0;
				GCC_PRECOMPILE_PREFIX_HEADER = YES;
				GCC_PREFIX_HEADER = "$(SYSTEM_LIBRARY_DIR)/Frameworks/AppKit.framework/Headers/AppKit.h";
				INFOPLIST_FILE = /Users/psychs/svn/limechat/trunk/Info.plist;
				INSTALL_PATH = "$(HOME)/Applications";
				OTHER_LDFLAGS = (
					"-framework",
					Foundation,
					"-framework",
					AppKit,
				);
				PREBINDING = NO;
				PRODUCT_NAME = LimeChat;
				WRAPPER_EXTENSION = app;
				ZERO_LINK = YES;
			};
			name = Debug;
		};
		78E7F25F0CB2B9D20069E9ED /* Release */ = {
			isa = XCBuildConfiguration;
			buildSettings = {
				COPY_PHASE_STRIP = YES;
				GCC_ENABLE_FIX_AND_CONTINUE = NO;
				GCC_GENERATE_DEBUGGING_SYMBOLS = NO;
				GCC_MODEL_TUNING = G5;
				GCC_PRECOMPILE_PREFIX_HEADER = YES;
				GCC_PREFIX_HEADER = "$(SYSTEM_LIBRARY_DIR)/Frameworks/AppKit.framework/Headers/AppKit.h";
				INFOPLIST_FILE = /Users/psychs/svn/limechat/trunk/Info.plist;
				INSTALL_PATH = "$(HOME)/Applications";
				OTHER_LDFLAGS = (
					"-framework",
					Foundation,
					"-framework",
					AppKit,
				);
				PREBINDING = NO;
				PRODUCT_NAME = LimeChat;
				WRAPPER_EXTENSION = app;
				ZERO_LINK = NO;
			};
			name = Release;
		};
		C01FCF4F08A954540054247B /* Debug */ = {
			isa = XCBuildConfiguration;
			buildSettings = {
				ARCHS = "$(NATIVE_ARCH)";
				GCC_ENABLE_OBJC_EXCEPTIONS = YES;
				GCC_WARN_ABOUT_RETURN_TYPE = YES;
				GCC_WARN_UNUSED_VARIABLE = YES;
				MACOSX_DEPLOYMENT_TARGET = "";
				PREBINDING = NO;
			};
			name = Debug;
		};
		C01FCF5008A954540054247B /* Release */ = {
			isa = XCBuildConfiguration;
			buildSettings = {
				ARCHS = (
					ppc,
					i386,
				);
				GCC_ENABLE_OBJC_EXCEPTIONS = YES;
				GCC_WARN_ABOUT_RETURN_TYPE = YES;
				GCC_WARN_UNUSED_VARIABLE = YES;
				MACOSX_DEPLOYMENT_TARGET = 10.4;
				PREBINDING = NO;
			};
			name = Release;
		};
/* End XCBuildConfiguration section */

/* Begin XCConfigurationList section */
		78DB8A8F0C1C3234000C27D9 /* Build configuration list for PBXAggregateTarget "dmg&srczip" */ = {
			isa = XCConfigurationList;
			buildConfigurations = (
				78DB8A900C1C3234000C27D9 /* Debug */,
				78DB8A910C1C3234000C27D9 /* Release */,
			);
			defaultConfigurationIsVisible = 0;
			defaultConfigurationName = Release;
		};
		78E570D30C1C306500BDF7EC /* Build configuration list for PBXNativeTarget "LimeChat" */ = {
			isa = XCConfigurationList;
			buildConfigurations = (
				78E570D40C1C306500BDF7EC /* Debug */,
				78E570D50C1C306500BDF7EC /* Release */,
			);
			defaultConfigurationIsVisible = 0;
			defaultConfigurationName = Release;
		};
		78E7F25D0CB2B9D20069E9ED /* Build configuration list for PBXNativeTarget "LimeChat with RubyCocoa" */ = {
			isa = XCConfigurationList;
			buildConfigurations = (
				78E7F25E0CB2B9D20069E9ED /* Debug */,
				78E7F25F0CB2B9D20069E9ED /* Release */,
			);
			defaultConfigurationIsVisible = 0;
			defaultConfigurationName = Release;
		};
		C01FCF4E08A954540054247B /* Build configuration list for PBXProject "LimeChat" */ = {
			isa = XCConfigurationList;
			buildConfigurations = (
				C01FCF4F08A954540054247B /* Debug */,
				C01FCF5008A954540054247B /* Release */,
			);
			defaultConfigurationIsVisible = 0;
			defaultConfigurationName = Release;
		};
/* End XCConfigurationList section */
	};
	rootObject = 29B97313FDCFA39411CA2CEA /* Project object */;
}
